
Microsoft Visual Studio Solution File, Format Version 12.00
# Visual Studio 14
VisualStudioVersion = 14.0.23107.0
MinimumVisualStudioVersion = 10.0.40219.1
Project("{D954291E-2A0B-460D-934E-DC6B0785DB48}") = "LinqToTwitter.Shared", "LinqToTwitter.Shared\LinqToTwitter.Shared.shproj", "{7B25A4F0-18EA-4819-B67C-EFEA0E14F919}"
EndProject
Project("{D954291E-2A0B-460D-934E-DC6B0785DB48}") = "LinqToTwitter.Shared.uap", "LinqToTwitter.Shared.uap\LinqToTwitter.Shared.uap.shproj", "{0936A109-C6B5-4527-89A9-966E8E6C9E26}"
EndProject
Project("{FAE04EC0-301F-11D3-BF4B-00C04F79EFBC}") = "LinqToTwitter.net", "LinqToTwitter.net\LinqToTwitter.net.csproj", "{6CBF35E2-B50D-46CE-B63C-49C844B5FAED}"
EndProject
Project("{D954291E-2A0B-460D-934E-DC6B0785DB48}") = "LinqToTwitter.Shared.net", "LinqToTwitter.Shared.net\LinqToTwitter.Shared.net.shproj", "{37396599-8A5A-4AC5-B583-C49EC4E40781}"
EndProject
Project("{FAE04EC0-301F-11D3-BF4B-00C04F79EFBC}") = "ConsoleSamples", "..\..\Samples\net46\CSharp\ConsoleSamples\ConsoleSamples.csproj", "{2BDA2F45-B62C-476D-9F8B-8E81C644B72A}"
EndProject
Project("{D954291E-2A0B-460D-934E-DC6B0785DB48}") = "LinqToTwitter.Shared.xamarin", "LinqToTwitter.Shared.xamarin\LinqToTwitter.Shared.xamarin.shproj", "{4AA86B5F-FBBB-473C-A9F2-FCA5DD7C6C71}"
EndProject
Project("{FAE04EC0-301F-11D3-BF4B-00C04F79EFBC}") = "LinqToTwitter.xamarin", "LinqToTwitter.xamarin\LinqToTwitter.xamarin.csproj", "{67F9D3A8-F71E-4428-913F-C37AE82CDB24}"
EndProject
Project("{FAE04EC0-301F-11D3-BF4B-00C04F79EFBC}") = "UwpSamples", "..\..\Samples\uap10.0\CSharp\UwpSamples\UwpSamples.csproj", "{D25C4CC4-83B7-462A-A51E-C57763FE81C9}"
EndProject
Project("{FAE04EC0-301F-11D3-BF4B-00C04F79EFBC}") = "LinqToTwitter.Tests", "LinqToTwitter.Tests\LinqToTwitter.Tests.csproj", "{C909EBD0-9CA3-49FB-8B78-F4EE4426D4F6}"
EndProject
Project("{FAE04EC0-301F-11D3-BF4B-00C04F79EFBC}") = "LinqToTwitter.uap10", "LinqToTwitter.uap10\LinqToTwitter.uap10.csproj", "{0CDBCFCA-4404-4F6E-976F-1165F1072604}"
EndProject
Project("{FAE04EC0-301F-11D3-BF4B-00C04F79EFBC}") = "XamarinFormsSamples", "..\..\Samples\xamarin3.1\XamarinFormsSamples\XamarinFormsSamples\XamarinFormsSamples.csproj", "{1CD305D9-3D7D-444D-BC9A-00F3F71B3048}"
EndProject
Project("{FAE04EC0-301F-11D3-BF4B-00C04F79EFBC}") = "XamarinFormsSamples.iOS", "..\..\Samples\xamarin3.1\XamarinFormsSamples\XamarinFormsSamples.iOS\XamarinFormsSamples.iOS.csproj", "{55C47193-4FB9-48E6-8DB3-1A9C5E492259}"
EndProject
Project("{FAE04EC0-301F-11D3-BF4B-00C04F79EFBC}") = "XamarinFormsSamples.Droid", "..\..\Samples\xamarin3.1\XamarinFormsSamples\XamarinFormsSamples.Droid\XamarinFormsSamples.Droid.csproj", "{F65A9A55-AF2C-4018-B6A3-4CCCE501E822}"
EndProject
Project("{FAE04EC0-301F-11D3-BF4B-00C04F79EFBC}") = "XamarinFormsSamples.WinPhone", "..\..\Samples\xamarin3.1\XamarinFormsSamples\XamarinFormsSamples.WinPhone\XamarinFormsSamples.WinPhone.csproj", "{BB98680F-BA23-40AE-9353-C48E656A5893}"
EndProject
Global
	GlobalSection(SharedMSBuildProjectFiles) = preSolution
		LinqToTwitter.Shared\LinqToTwitter.Shared.projitems*{7b25a4f0-18ea-4819-b67c-efea0e14f919}*SharedItemsImports = 13
		LinqToTwitter.Shared.net\LinqToTwitter.Shared.net.projitems*{6cbf35e2-b50d-46ce-b63c-49c844b5faed}*SharedItemsImports = 4
		LinqToTwitter.Shared\LinqToTwitter.Shared.projitems*{6cbf35e2-b50d-46ce-b63c-49c844b5faed}*SharedItemsImports = 4
		LinqToTwitter.Shared.xamarin\LinqToTwitter.Shared.xamarin.projitems*{4aa86b5f-fbbb-473c-a9f2-fca5dd7c6c71}*SharedItemsImports = 13
		LinqToTwitter.Shared\LinqToTwitter.Shared.projitems*{67f9d3a8-f71e-4428-913f-c37ae82cdb24}*SharedItemsImports = 4
		LinqToTwitter.Shared.xamarin\LinqToTwitter.Shared.xamarin.projitems*{67f9d3a8-f71e-4428-913f-c37ae82cdb24}*SharedItemsImports = 4
		LinqToTwitter.Shared.uap\LinqToTwitter.Shared.uap.projitems*{0936a109-c6b5-4527-89a9-966e8e6c9e26}*SharedItemsImports = 13
		LinqToTwitter.Shared.uap\LinqToTwitter.Shared.uap.projitems*{0cdbcfca-4404-4f6e-976f-1165f1072604}*SharedItemsImports = 4
		LinqToTwitter.Shared\LinqToTwitter.Shared.projitems*{0cdbcfca-4404-4f6e-976f-1165f1072604}*SharedItemsImports = 4
		LinqToTwitter.Shared.net\LinqToTwitter.Shared.net.projitems*{37396599-8a5a-4ac5-b583-c49ec4e40781}*SharedItemsImports = 13
	EndGlobalSection
	GlobalSection(SolutionConfigurationPlatforms) = preSolution
		Ad-Hoc|Any CPU = Ad-Hoc|Any CPU
		Ad-Hoc|ARM = Ad-Hoc|ARM
		Ad-Hoc|iPhone = Ad-Hoc|iPhone
		Ad-Hoc|iPhoneSimulator = Ad-Hoc|iPhoneSimulator
		Ad-Hoc|x64 = Ad-Hoc|x64
		Ad-Hoc|x86 = Ad-Hoc|x86
		AppStore|Any CPU = AppStore|Any CPU
		AppStore|ARM = AppStore|ARM
		AppStore|iPhone = AppStore|iPhone
		AppStore|iPhoneSimulator = AppStore|iPhoneSimulator
		AppStore|x64 = AppStore|x64
		AppStore|x86 = AppStore|x86
		Debug|Any CPU = Debug|Any CPU
		Debug|ARM = Debug|ARM
		Debug|iPhone = Debug|iPhone
		Debug|iPhoneSimulator = Debug|iPhoneSimulator
		Debug|x64 = Debug|x64
		Debug|x86 = Debug|x86
		Release|Any CPU = Release|Any CPU
		Release|ARM = Release|ARM
		Release|iPhone = Release|iPhone
		Release|iPhoneSimulator = Release|iPhoneSimulator
		Release|x64 = Release|x64
		Release|x86 = Release|x86
	EndGlobalSection
	GlobalSection(ProjectConfigurationPlatforms) = postSolution
		{6CBF35E2-B50D-46CE-B63C-49C844B5FAED}.Ad-Hoc|Any CPU.ActiveCfg = Release|Any CPU
		{6CBF35E2-B50D-46CE-B63C-49C844B5FAED}.Ad-Hoc|Any CPU.Build.0 = Release|Any CPU
		{6CBF35E2-B50D-46CE-B63C-49C844B5FAED}.Ad-Hoc|ARM.ActiveCfg = Release|Any CPU
		{6CBF35E2-B50D-46CE-B63C-49C844B5FAED}.Ad-Hoc|ARM.Build.0 = Release|Any CPU
		{6CBF35E2-B50D-46CE-B63C-49C844B5FAED}.Ad-Hoc|iPhone.ActiveCfg = Release|Any CPU
		{6CBF35E2-B50D-46CE-B63C-49C844B5FAED}.Ad-Hoc|iPhone.Build.0 = Release|Any CPU
		{6CBF35E2-B50D-46CE-B63C-49C844B5FAED}.Ad-Hoc|iPhoneSimulator.ActiveCfg = Release|Any CPU
		{6CBF35E2-B50D-46CE-B63C-49C844B5FAED}.Ad-Hoc|iPhoneSimulator.Build.0 = Release|Any CPU
		{6CBF35E2-B50D-46CE-B63C-49C844B5FAED}.Ad-Hoc|x64.ActiveCfg = Release|Any CPU
		{6CBF35E2-B50D-46CE-B63C-49C844B5FAED}.Ad-Hoc|x64.Build.0 = Release|Any CPU
		{6CBF35E2-B50D-46CE-B63C-49C844B5FAED}.Ad-Hoc|x86.ActiveCfg = Release|Any CPU
		{6CBF35E2-B50D-46CE-B63C-49C844B5FAED}.Ad-Hoc|x86.Build.0 = Release|Any CPU
		{6CBF35E2-B50D-46CE-B63C-49C844B5FAED}.AppStore|Any CPU.ActiveCfg = Release|Any CPU
		{6CBF35E2-B50D-46CE-B63C-49C844B5FAED}.AppStore|Any CPU.Build.0 = Release|Any CPU
		{6CBF35E2-B50D-46CE-B63C-49C844B5FAED}.AppStore|ARM.ActiveCfg = Release|Any CPU
		{6CBF35E2-B50D-46CE-B63C-49C844B5FAED}.AppStore|ARM.Build.0 = Release|Any CPU
		{6CBF35E2-B50D-46CE-B63C-49C844B5FAED}.AppStore|iPhone.ActiveCfg = Release|Any CPU
		{6CBF35E2-B50D-46CE-B63C-49C844B5FAED}.AppStore|iPhone.Build.0 = Release|Any CPU
		{6CBF35E2-B50D-46CE-B63C-49C844B5FAED}.AppStore|iPhoneSimulator.ActiveCfg = Release|Any CPU
		{6CBF35E2-B50D-46CE-B63C-49C844B5FAED}.AppStore|iPhoneSimulator.Build.0 = Release|Any CPU
		{6CBF35E2-B50D-46CE-B63C-49C844B5FAED}.AppStore|x64.ActiveCfg = Release|Any CPU
		{6CBF35E2-B50D-46CE-B63C-49C844B5FAED}.AppStore|x64.Build.0 = Release|Any CPU
		{6CBF35E2-B50D-46CE-B63C-49C844B5FAED}.AppStore|x86.ActiveCfg = Release|Any CPU
		{6CBF35E2-B50D-46CE-B63C-49C844B5FAED}.AppStore|x86.Build.0 = Release|Any CPU
		{6CBF35E2-B50D-46CE-B63C-49C844B5FAED}.Debug|Any CPU.ActiveCfg = Debug|Any CPU
		{6CBF35E2-B50D-46CE-B63C-49C844B5FAED}.Debug|Any CPU.Build.0 = Debug|Any CPU
		{6CBF35E2-B50D-46CE-B63C-49C844B5FAED}.Debug|ARM.ActiveCfg = Debug|Any CPU
		{6CBF35E2-B50D-46CE-B63C-49C844B5FAED}.Debug|ARM.Build.0 = Debug|Any CPU
		{6CBF35E2-B50D-46CE-B63C-49C844B5FAED}.Debug|iPhone.ActiveCfg = Debug|Any CPU
		{6CBF35E2-B50D-46CE-B63C-49C844B5FAED}.Debug|iPhone.Build.0 = Debug|Any CPU
		{6CBF35E2-B50D-46CE-B63C-49C844B5FAED}.Debug|iPhoneSimulator.ActiveCfg = Debug|Any CPU
		{6CBF35E2-B50D-46CE-B63C-49C844B5FAED}.Debug|iPhoneSimulator.Build.0 = Debug|Any CPU
		{6CBF35E2-B50D-46CE-B63C-49C844B5FAED}.Debug|x64.ActiveCfg = Debug|Any CPU
		{6CBF35E2-B50D-46CE-B63C-49C844B5FAED}.Debug|x64.Build.0 = Debug|Any CPU
		{6CBF35E2-B50D-46CE-B63C-49C844B5FAED}.Debug|x86.ActiveCfg = Debug|Any CPU
		{6CBF35E2-B50D-46CE-B63C-49C844B5FAED}.Debug|x86.Build.0 = Debug|Any CPU
		{6CBF35E2-B50D-46CE-B63C-49C844B5FAED}.Release|Any CPU.ActiveCfg = Release|Any CPU
		{6CBF35E2-B50D-46CE-B63C-49C844B5FAED}.Release|Any CPU.Build.0 = Release|Any CPU
		{6CBF35E2-B50D-46CE-B63C-49C844B5FAED}.Release|ARM.ActiveCfg = Release|Any CPU
		{6CBF35E2-B50D-46CE-B63C-49C844B5FAED}.Release|ARM.Build.0 = Release|Any CPU
		{6CBF35E2-B50D-46CE-B63C-49C844B5FAED}.Release|iPhone.ActiveCfg = Release|Any CPU
		{6CBF35E2-B50D-46CE-B63C-49C844B5FAED}.Release|iPhone.Build.0 = Release|Any CPU
		{6CBF35E2-B50D-46CE-B63C-49C844B5FAED}.Release|iPhoneSimulator.ActiveCfg = Release|Any CPU
		{6CBF35E2-B50D-46CE-B63C-49C844B5FAED}.Release|iPhoneSimulator.Build.0 = Release|Any CPU
		{6CBF35E2-B50D-46CE-B63C-49C844B5FAED}.Release|x64.ActiveCfg = Release|Any CPU
		{6CBF35E2-B50D-46CE-B63C-49C844B5FAED}.Release|x64.Build.0 = Release|Any CPU
		{6CBF35E2-B50D-46CE-B63C-49C844B5FAED}.Release|x86.ActiveCfg = Release|Any CPU
		{6CBF35E2-B50D-46CE-B63C-49C844B5FAED}.Release|x86.Build.0 = Release|Any CPU
		{2BDA2F45-B62C-476D-9F8B-8E81C644B72A}.Ad-Hoc|Any CPU.ActiveCfg = Release|Any CPU
		{2BDA2F45-B62C-476D-9F8B-8E81C644B72A}.Ad-Hoc|Any CPU.Build.0 = Release|Any CPU
		{2BDA2F45-B62C-476D-9F8B-8E81C644B72A}.Ad-Hoc|ARM.ActiveCfg = Release|Any CPU
		{2BDA2F45-B62C-476D-9F8B-8E81C644B72A}.Ad-Hoc|ARM.Build.0 = Release|Any CPU
		{2BDA2F45-B62C-476D-9F8B-8E81C644B72A}.Ad-Hoc|iPhone.ActiveCfg = Release|Any CPU
		{2BDA2F45-B62C-476D-9F8B-8E81C644B72A}.Ad-Hoc|iPhone.Build.0 = Release|Any CPU
		{2BDA2F45-B62C-476D-9F8B-8E81C644B72A}.Ad-Hoc|iPhoneSimulator.ActiveCfg = Release|Any CPU
		{2BDA2F45-B62C-476D-9F8B-8E81C644B72A}.Ad-Hoc|iPhoneSimulator.Build.0 = Release|Any CPU
		{2BDA2F45-B62C-476D-9F8B-8E81C644B72A}.Ad-Hoc|x64.ActiveCfg = Release|Any CPU
		{2BDA2F45-B62C-476D-9F8B-8E81C644B72A}.Ad-Hoc|x64.Build.0 = Release|Any CPU
		{2BDA2F45-B62C-476D-9F8B-8E81C644B72A}.Ad-Hoc|x86.ActiveCfg = Release|Any CPU
		{2BDA2F45-B62C-476D-9F8B-8E81C644B72A}.Ad-Hoc|x86.Build.0 = Release|Any CPU
		{2BDA2F45-B62C-476D-9F8B-8E81C644B72A}.AppStore|Any CPU.ActiveCfg = Release|Any CPU
		{2BDA2F45-B62C-476D-9F8B-8E81C644B72A}.AppStore|Any CPU.Build.0 = Release|Any CPU
		{2BDA2F45-B62C-476D-9F8B-8E81C644B72A}.AppStore|ARM.ActiveCfg = Release|Any CPU
		{2BDA2F45-B62C-476D-9F8B-8E81C644B72A}.AppStore|ARM.Build.0 = Release|Any CPU
		{2BDA2F45-B62C-476D-9F8B-8E81C644B72A}.AppStore|iPhone.ActiveCfg = Release|Any CPU
		{2BDA2F45-B62C-476D-9F8B-8E81C644B72A}.AppStore|iPhone.Build.0 = Release|Any CPU
		{2BDA2F45-B62C-476D-9F8B-8E81C644B72A}.AppStore|iPhoneSimulator.ActiveCfg = Release|Any CPU
		{2BDA2F45-B62C-476D-9F8B-8E81C644B72A}.AppStore|iPhoneSimulator.Build.0 = Release|Any CPU
		{2BDA2F45-B62C-476D-9F8B-8E81C644B72A}.AppStore|x64.ActiveCfg = Release|Any CPU
		{2BDA2F45-B62C-476D-9F8B-8E81C644B72A}.AppStore|x64.Build.0 = Release|Any CPU
		{2BDA2F45-B62C-476D-9F8B-8E81C644B72A}.AppStore|x86.ActiveCfg = Release|Any CPU
		{2BDA2F45-B62C-476D-9F8B-8E81C644B72A}.AppStore|x86.Build.0 = Release|Any CPU
		{2BDA2F45-B62C-476D-9F8B-8E81C644B72A}.Debug|Any CPU.ActiveCfg = Debug|Any CPU
		{2BDA2F45-B62C-476D-9F8B-8E81C644B72A}.Debug|Any CPU.Build.0 = Debug|Any CPU
		{2BDA2F45-B62C-476D-9F8B-8E81C644B72A}.Debug|ARM.ActiveCfg = Debug|Any CPU
		{2BDA2F45-B62C-476D-9F8B-8E81C644B72A}.Debug|ARM.Build.0 = Debug|Any CPU
		{2BDA2F45-B62C-476D-9F8B-8E81C644B72A}.Debug|iPhone.ActiveCfg = Debug|Any CPU
		{2BDA2F45-B62C-476D-9F8B-8E81C644B72A}.Debug|iPhone.Build.0 = Debug|Any CPU
		{2BDA2F45-B62C-476D-9F8B-8E81C644B72A}.Debug|iPhoneSimulator.ActiveCfg = Debug|Any CPU
		{2BDA2F45-B62C-476D-9F8B-8E81C644B72A}.Debug|iPhoneSimulator.Build.0 = Debug|Any CPU
		{2BDA2F45-B62C-476D-9F8B-8E81C644B72A}.Debug|x64.ActiveCfg = Debug|Any CPU
		{2BDA2F45-B62C-476D-9F8B-8E81C644B72A}.Debug|x64.Build.0 = Debug|Any CPU
		{2BDA2F45-B62C-476D-9F8B-8E81C644B72A}.Debug|x86.ActiveCfg = Debug|Any CPU
		{2BDA2F45-B62C-476D-9F8B-8E81C644B72A}.Debug|x86.Build.0 = Debug|Any CPU
		{2BDA2F45-B62C-476D-9F8B-8E81C644B72A}.Release|Any CPU.ActiveCfg = Release|Any CPU
		{2BDA2F45-B62C-476D-9F8B-8E81C644B72A}.Release|Any CPU.Build.0 = Release|Any CPU
		{2BDA2F45-B62C-476D-9F8B-8E81C644B72A}.Release|ARM.ActiveCfg = Release|Any CPU
		{2BDA2F45-B62C-476D-9F8B-8E81C644B72A}.Release|ARM.Build.0 = Release|Any CPU
		{2BDA2F45-B62C-476D-9F8B-8E81C644B72A}.Release|iPhone.ActiveCfg = Release|Any CPU
		{2BDA2F45-B62C-476D-9F8B-8E81C644B72A}.Release|iPhone.Build.0 = Release|Any CPU
		{2BDA2F45-B62C-476D-9F8B-8E81C644B72A}.Release|iPhoneSimulator.ActiveCfg = Release|Any CPU
		{2BDA2F45-B62C-476D-9F8B-8E81C644B72A}.Release|iPhoneSimulator.Build.0 = Release|Any CPU
		{2BDA2F45-B62C-476D-9F8B-8E81C644B72A}.Release|x64.ActiveCfg = Release|Any CPU
		{2BDA2F45-B62C-476D-9F8B-8E81C644B72A}.Release|x64.Build.0 = Release|Any CPU
		{2BDA2F45-B62C-476D-9F8B-8E81C644B72A}.Release|x86.ActiveCfg = Release|Any CPU
		{2BDA2F45-B62C-476D-9F8B-8E81C644B72A}.Release|x86.Build.0 = Release|Any CPU
		{67F9D3A8-F71E-4428-913F-C37AE82CDB24}.Ad-Hoc|Any CPU.ActiveCfg = Release|Any CPU
		{67F9D3A8-F71E-4428-913F-C37AE82CDB24}.Ad-Hoc|Any CPU.Build.0 = Release|Any CPU
		{67F9D3A8-F71E-4428-913F-C37AE82CDB24}.Ad-Hoc|ARM.ActiveCfg = Release|Any CPU
		{67F9D3A8-F71E-4428-913F-C37AE82CDB24}.Ad-Hoc|ARM.Build.0 = Release|Any CPU
		{67F9D3A8-F71E-4428-913F-C37AE82CDB24}.Ad-Hoc|iPhone.ActiveCfg = Release|Any CPU
		{67F9D3A8-F71E-4428-913F-C37AE82CDB24}.Ad-Hoc|iPhone.Build.0 = Release|Any CPU
		{67F9D3A8-F71E-4428-913F-C37AE82CDB24}.Ad-Hoc|iPhoneSimulator.ActiveCfg = Release|Any CPU
		{67F9D3A8-F71E-4428-913F-C37AE82CDB24}.Ad-Hoc|iPhoneSimulator.Build.0 = Release|Any CPU
		{67F9D3A8-F71E-4428-913F-C37AE82CDB24}.Ad-Hoc|x64.ActiveCfg = Release|Any CPU
		{67F9D3A8-F71E-4428-913F-C37AE82CDB24}.Ad-Hoc|x64.Build.0 = Release|Any CPU
		{67F9D3A8-F71E-4428-913F-C37AE82CDB24}.Ad-Hoc|x86.ActiveCfg = Release|Any CPU
		{67F9D3A8-F71E-4428-913F-C37AE82CDB24}.Ad-Hoc|x86.Build.0 = Release|Any CPU
		{67F9D3A8-F71E-4428-913F-C37AE82CDB24}.AppStore|Any CPU.ActiveCfg = Release|Any CPU
		{67F9D3A8-F71E-4428-913F-C37AE82CDB24}.AppStore|Any CPU.Build.0 = Release|Any CPU
		{67F9D3A8-F71E-4428-913F-C37AE82CDB24}.AppStore|ARM.ActiveCfg = Release|Any CPU
		{67F9D3A8-F71E-4428-913F-C37AE82CDB24}.AppStore|ARM.Build.0 = Release|Any CPU
		{67F9D3A8-F71E-4428-913F-C37AE82CDB24}.AppStore|iPhone.ActiveCfg = Release|Any CPU
		{67F9D3A8-F71E-4428-913F-C37AE82CDB24}.AppStore|iPhone.Build.0 = Release|Any CPU
		{67F9D3A8-F71E-4428-913F-C37AE82CDB24}.AppStore|iPhoneSimulator.ActiveCfg = Release|Any CPU
		{67F9D3A8-F71E-4428-913F-C37AE82CDB24}.AppStore|iPhoneSimulator.Build.0 = Release|Any CPU
		{67F9D3A8-F71E-4428-913F-C37AE82CDB24}.AppStore|x64.ActiveCfg = Release|Any CPU
		{67F9D3A8-F71E-4428-913F-C37AE82CDB24}.AppStore|x64.Build.0 = Release|Any CPU
		{67F9D3A8-F71E-4428-913F-C37AE82CDB24}.AppStore|x86.ActiveCfg = Release|Any CPU
		{67F9D3A8-F71E-4428-913F-C37AE82CDB24}.AppStore|x86.Build.0 = Release|Any CPU
		{67F9D3A8-F71E-4428-913F-C37AE82CDB24}.Debug|Any CPU.ActiveCfg = Debug|Any CPU
		{67F9D3A8-F71E-4428-913F-C37AE82CDB24}.Debug|Any CPU.Build.0 = Debug|Any CPU
		{67F9D3A8-F71E-4428-913F-C37AE82CDB24}.Debug|ARM.ActiveCfg = Debug|Any CPU
		{67F9D3A8-F71E-4428-913F-C37AE82CDB24}.Debug|ARM.Build.0 = Debug|Any CPU
		{67F9D3A8-F71E-4428-913F-C37AE82CDB24}.Debug|iPhone.ActiveCfg = Debug|Any CPU
		{67F9D3A8-F71E-4428-913F-C37AE82CDB24}.Debug|iPhone.Build.0 = Debug|Any CPU
		{67F9D3A8-F71E-4428-913F-C37AE82CDB24}.Debug|iPhoneSimulator.ActiveCfg = Debug|Any CPU
		{67F9D3A8-F71E-4428-913F-C37AE82CDB24}.Debug|iPhoneSimulator.Build.0 = Debug|Any CPU
		{67F9D3A8-F71E-4428-913F-C37AE82CDB24}.Debug|x64.ActiveCfg = Debug|Any CPU
		{67F9D3A8-F71E-4428-913F-C37AE82CDB24}.Debug|x64.Build.0 = Debug|Any CPU
		{67F9D3A8-F71E-4428-913F-C37AE82CDB24}.Debug|x86.ActiveCfg = Debug|Any CPU
		{67F9D3A8-F71E-4428-913F-C37AE82CDB24}.Debug|x86.Build.0 = Debug|Any CPU
		{67F9D3A8-F71E-4428-913F-C37AE82CDB24}.Release|Any CPU.ActiveCfg = Release|Any CPU
		{67F9D3A8-F71E-4428-913F-C37AE82CDB24}.Release|Any CPU.Build.0 = Release|Any CPU
		{67F9D3A8-F71E-4428-913F-C37AE82CDB24}.Release|ARM.ActiveCfg = Release|Any CPU
		{67F9D3A8-F71E-4428-913F-C37AE82CDB24}.Release|ARM.Build.0 = Release|Any CPU
		{67F9D3A8-F71E-4428-913F-C37AE82CDB24}.Release|iPhone.ActiveCfg = Release|Any CPU
		{67F9D3A8-F71E-4428-913F-C37AE82CDB24}.Release|iPhone.Build.0 = Release|Any CPU
		{67F9D3A8-F71E-4428-913F-C37AE82CDB24}.Release|iPhoneSimulator.ActiveCfg = Release|Any CPU
		{67F9D3A8-F71E-4428-913F-C37AE82CDB24}.Release|iPhoneSimulator.Build.0 = Release|Any CPU
		{67F9D3A8-F71E-4428-913F-C37AE82CDB24}.Release|x64.ActiveCfg = Release|Any CPU
		{67F9D3A8-F71E-4428-913F-C37AE82CDB24}.Release|x64.Build.0 = Release|Any CPU
		{67F9D3A8-F71E-4428-913F-C37AE82CDB24}.Release|x86.ActiveCfg = Release|Any CPU
		{67F9D3A8-F71E-4428-913F-C37AE82CDB24}.Release|x86.Build.0 = Release|Any CPU
		{D25C4CC4-83B7-462A-A51E-C57763FE81C9}.Ad-Hoc|Any CPU.ActiveCfg = Release|x86
		{D25C4CC4-83B7-462A-A51E-C57763FE81C9}.Ad-Hoc|Any CPU.Build.0 = Release|x86
		{D25C4CC4-83B7-462A-A51E-C57763FE81C9}.Ad-Hoc|Any CPU.Deploy.0 = Release|x86
		{D25C4CC4-83B7-462A-A51E-C57763FE81C9}.Ad-Hoc|ARM.ActiveCfg = Release|ARM
		{D25C4CC4-83B7-462A-A51E-C57763FE81C9}.Ad-Hoc|ARM.Build.0 = Release|ARM
		{D25C4CC4-83B7-462A-A51E-C57763FE81C9}.Ad-Hoc|ARM.Deploy.0 = Release|ARM
		{D25C4CC4-83B7-462A-A51E-C57763FE81C9}.Ad-Hoc|iPhone.ActiveCfg = Release|x86
		{D25C4CC4-83B7-462A-A51E-C57763FE81C9}.Ad-Hoc|iPhone.Build.0 = Release|x86
		{D25C4CC4-83B7-462A-A51E-C57763FE81C9}.Ad-Hoc|iPhone.Deploy.0 = Release|x86
		{D25C4CC4-83B7-462A-A51E-C57763FE81C9}.Ad-Hoc|iPhoneSimulator.ActiveCfg = Release|x86
		{D25C4CC4-83B7-462A-A51E-C57763FE81C9}.Ad-Hoc|iPhoneSimulator.Build.0 = Release|x86
		{D25C4CC4-83B7-462A-A51E-C57763FE81C9}.Ad-Hoc|iPhoneSimulator.Deploy.0 = Release|x86
		{D25C4CC4-83B7-462A-A51E-C57763FE81C9}.Ad-Hoc|x64.ActiveCfg = Release|x64
		{D25C4CC4-83B7-462A-A51E-C57763FE81C9}.Ad-Hoc|x64.Build.0 = Release|x64
		{D25C4CC4-83B7-462A-A51E-C57763FE81C9}.Ad-Hoc|x64.Deploy.0 = Release|x64
		{D25C4CC4-83B7-462A-A51E-C57763FE81C9}.Ad-Hoc|x86.ActiveCfg = Release|x86
		{D25C4CC4-83B7-462A-A51E-C57763FE81C9}.Ad-Hoc|x86.Build.0 = Release|x86
		{D25C4CC4-83B7-462A-A51E-C57763FE81C9}.Ad-Hoc|x86.Deploy.0 = Release|x86
		{D25C4CC4-83B7-462A-A51E-C57763FE81C9}.AppStore|Any CPU.ActiveCfg = Release|x86
		{D25C4CC4-83B7-462A-A51E-C57763FE81C9}.AppStore|Any CPU.Build.0 = Release|x86
		{D25C4CC4-83B7-462A-A51E-C57763FE81C9}.AppStore|Any CPU.Deploy.0 = Release|x86
		{D25C4CC4-83B7-462A-A51E-C57763FE81C9}.AppStore|ARM.ActiveCfg = Release|ARM
		{D25C4CC4-83B7-462A-A51E-C57763FE81C9}.AppStore|ARM.Build.0 = Release|ARM
		{D25C4CC4-83B7-462A-A51E-C57763FE81C9}.AppStore|ARM.Deploy.0 = Release|ARM
		{D25C4CC4-83B7-462A-A51E-C57763FE81C9}.AppStore|iPhone.ActiveCfg = Release|x86
		{D25C4CC4-83B7-462A-A51E-C57763FE81C9}.AppStore|iPhone.Build.0 = Release|x86
		{D25C4CC4-83B7-462A-A51E-C57763FE81C9}.AppStore|iPhone.Deploy.0 = Release|x86
		{D25C4CC4-83B7-462A-A51E-C57763FE81C9}.AppStore|iPhoneSimulator.ActiveCfg = Release|x86
		{D25C4CC4-83B7-462A-A51E-C57763FE81C9}.AppStore|iPhoneSimulator.Build.0 = Release|x86
		{D25C4CC4-83B7-462A-A51E-C57763FE81C9}.AppStore|iPhoneSimulator.Deploy.0 = Release|x86
		{D25C4CC4-83B7-462A-A51E-C57763FE81C9}.AppStore|x64.ActiveCfg = Release|x64
		{D25C4CC4-83B7-462A-A51E-C57763FE81C9}.AppStore|x64.Build.0 = Release|x64
		{D25C4CC4-83B7-462A-A51E-C57763FE81C9}.AppStore|x64.Deploy.0 = Release|x64
		{D25C4CC4-83B7-462A-A51E-C57763FE81C9}.AppStore|x86.ActiveCfg = Release|x86
		{D25C4CC4-83B7-462A-A51E-C57763FE81C9}.AppStore|x86.Build.0 = Release|x86
		{D25C4CC4-83B7-462A-A51E-C57763FE81C9}.AppStore|x86.Deploy.0 = Release|x86
		{D25C4CC4-83B7-462A-A51E-C57763FE81C9}.Debug|Any CPU.ActiveCfg = Debug|x86
		{D25C4CC4-83B7-462A-A51E-C57763FE81C9}.Debug|ARM.ActiveCfg = Debug|ARM
		{D25C4CC4-83B7-462A-A51E-C57763FE81C9}.Debug|ARM.Build.0 = Debug|ARM
		{D25C4CC4-83B7-462A-A51E-C57763FE81C9}.Debug|ARM.Deploy.0 = Debug|ARM
		{D25C4CC4-83B7-462A-A51E-C57763FE81C9}.Debug|iPhone.ActiveCfg = Debug|x86
		{D25C4CC4-83B7-462A-A51E-C57763FE81C9}.Debug|iPhoneSimulator.ActiveCfg = Debug|x86
		{D25C4CC4-83B7-462A-A51E-C57763FE81C9}.Debug|x64.ActiveCfg = Debug|x64
		{D25C4CC4-83B7-462A-A51E-C57763FE81C9}.Debug|x64.Build.0 = Debug|x64
		{D25C4CC4-83B7-462A-A51E-C57763FE81C9}.Debug|x64.Deploy.0 = Debug|x64
		{D25C4CC4-83B7-462A-A51E-C57763FE81C9}.Debug|x86.ActiveCfg = Debug|x86
		{D25C4CC4-83B7-462A-A51E-C57763FE81C9}.Debug|x86.Build.0 = Debug|x86
		{D25C4CC4-83B7-462A-A51E-C57763FE81C9}.Debug|x86.Deploy.0 = Debug|x86
		{D25C4CC4-83B7-462A-A51E-C57763FE81C9}.Release|Any CPU.ActiveCfg = Release|x86
		{D25C4CC4-83B7-462A-A51E-C57763FE81C9}.Release|ARM.ActiveCfg = Release|ARM
		{D25C4CC4-83B7-462A-A51E-C57763FE81C9}.Release|ARM.Build.0 = Release|ARM
		{D25C4CC4-83B7-462A-A51E-C57763FE81C9}.Release|ARM.Deploy.0 = Release|ARM
		{D25C4CC4-83B7-462A-A51E-C57763FE81C9}.Release|iPhone.ActiveCfg = Release|x86
		{D25C4CC4-83B7-462A-A51E-C57763FE81C9}.Release|iPhoneSimulator.ActiveCfg = Release|x86
		{D25C4CC4-83B7-462A-A51E-C57763FE81C9}.Release|x64.ActiveCfg = Release|x64
		{D25C4CC4-83B7-462A-A51E-C57763FE81C9}.Release|x64.Build.0 = Release|x64
		{D25C4CC4-83B7-462A-A51E-C57763FE81C9}.Release|x64.Deploy.0 = Release|x64
		{D25C4CC4-83B7-462A-A51E-C57763FE81C9}.Release|x86.ActiveCfg = Release|x86
		{D25C4CC4-83B7-462A-A51E-C57763FE81C9}.Release|x86.Build.0 = Release|x86
		{D25C4CC4-83B7-462A-A51E-C57763FE81C9}.Release|x86.Deploy.0 = Release|x86
		{C909EBD0-9CA3-49FB-8B78-F4EE4426D4F6}.Ad-Hoc|Any CPU.ActiveCfg = Release|Any CPU
		{C909EBD0-9CA3-49FB-8B78-F4EE4426D4F6}.Ad-Hoc|Any CPU.Build.0 = Release|Any CPU
		{C909EBD0-9CA3-49FB-8B78-F4EE4426D4F6}.Ad-Hoc|ARM.ActiveCfg = Release|Any CPU
		{C909EBD0-9CA3-49FB-8B78-F4EE4426D4F6}.Ad-Hoc|ARM.Build.0 = Release|Any CPU
		{C909EBD0-9CA3-49FB-8B78-F4EE4426D4F6}.Ad-Hoc|iPhone.ActiveCfg = Release|Any CPU
		{C909EBD0-9CA3-49FB-8B78-F4EE4426D4F6}.Ad-Hoc|iPhone.Build.0 = Release|Any CPU
		{C909EBD0-9CA3-49FB-8B78-F4EE4426D4F6}.Ad-Hoc|iPhoneSimulator.ActiveCfg = Release|Any CPU
		{C909EBD0-9CA3-49FB-8B78-F4EE4426D4F6}.Ad-Hoc|iPhoneSimulator.Build.0 = Release|Any CPU
		{C909EBD0-9CA3-49FB-8B78-F4EE4426D4F6}.Ad-Hoc|x64.ActiveCfg = Release|Any CPU
		{C909EBD0-9CA3-49FB-8B78-F4EE4426D4F6}.Ad-Hoc|x64.Build.0 = Release|Any CPU
		{C909EBD0-9CA3-49FB-8B78-F4EE4426D4F6}.Ad-Hoc|x86.ActiveCfg = Release|Any CPU
		{C909EBD0-9CA3-49FB-8B78-F4EE4426D4F6}.Ad-Hoc|x86.Build.0 = Release|Any CPU
		{C909EBD0-9CA3-49FB-8B78-F4EE4426D4F6}.AppStore|Any CPU.ActiveCfg = Release|Any CPU
		{C909EBD0-9CA3-49FB-8B78-F4EE4426D4F6}.AppStore|Any CPU.Build.0 = Release|Any CPU
		{C909EBD0-9CA3-49FB-8B78-F4EE4426D4F6}.AppStore|ARM.ActiveCfg = Release|Any CPU
		{C909EBD0-9CA3-49FB-8B78-F4EE4426D4F6}.AppStore|ARM.Build.0 = Release|Any CPU
		{C909EBD0-9CA3-49FB-8B78-F4EE4426D4F6}.AppStore|iPhone.ActiveCfg = Release|Any CPU
		{C909EBD0-9CA3-49FB-8B78-F4EE4426D4F6}.AppStore|iPhone.Build.0 = Release|Any CPU
		{C909EBD0-9CA3-49FB-8B78-F4EE4426D4F6}.AppStore|iPhoneSimulator.ActiveCfg = Release|Any CPU
		{C909EBD0-9CA3-49FB-8B78-F4EE4426D4F6}.AppStore|iPhoneSimulator.Build.0 = Release|Any CPU
		{C909EBD0-9CA3-49FB-8B78-F4EE4426D4F6}.AppStore|x64.ActiveCfg = Release|Any CPU
		{C909EBD0-9CA3-49FB-8B78-F4EE4426D4F6}.AppStore|x64.Build.0 = Release|Any CPU
		{C909EBD0-9CA3-49FB-8B78-F4EE4426D4F6}.AppStore|x86.ActiveCfg = Release|Any CPU
		{C909EBD0-9CA3-49FB-8B78-F4EE4426D4F6}.AppStore|x86.Build.0 = Release|Any CPU
		{C909EBD0-9CA3-49FB-8B78-F4EE4426D4F6}.Debug|Any CPU.ActiveCfg = Debug|Any CPU
		{C909EBD0-9CA3-49FB-8B78-F4EE4426D4F6}.Debug|Any CPU.Build.0 = Debug|Any CPU
		{C909EBD0-9CA3-49FB-8B78-F4EE4426D4F6}.Debug|ARM.ActiveCfg = Debug|Any CPU
		{C909EBD0-9CA3-49FB-8B78-F4EE4426D4F6}.Debug|ARM.Build.0 = Debug|Any CPU
		{C909EBD0-9CA3-49FB-8B78-F4EE4426D4F6}.Debug|iPhone.ActiveCfg = Debug|Any CPU
		{C909EBD0-9CA3-49FB-8B78-F4EE4426D4F6}.Debug|iPhone.Build.0 = Debug|Any CPU
		{C909EBD0-9CA3-49FB-8B78-F4EE4426D4F6}.Debug|iPhoneSimulator.ActiveCfg = Debug|Any CPU
		{C909EBD0-9CA3-49FB-8B78-F4EE4426D4F6}.Debug|iPhoneSimulator.Build.0 = Debug|Any CPU
		{C909EBD0-9CA3-49FB-8B78-F4EE4426D4F6}.Debug|x64.ActiveCfg = Debug|Any CPU
		{C909EBD0-9CA3-49FB-8B78-F4EE4426D4F6}.Debug|x64.Build.0 = Debug|Any CPU
		{C909EBD0-9CA3-49FB-8B78-F4EE4426D4F6}.Debug|x86.ActiveCfg = Debug|Any CPU
		{C909EBD0-9CA3-49FB-8B78-F4EE4426D4F6}.Debug|x86.Build.0 = Debug|Any CPU
		{C909EBD0-9CA3-49FB-8B78-F4EE4426D4F6}.Release|Any CPU.ActiveCfg = Release|Any CPU
		{C909EBD0-9CA3-49FB-8B78-F4EE4426D4F6}.Release|Any CPU.Build.0 = Release|Any CPU
		{C909EBD0-9CA3-49FB-8B78-F4EE4426D4F6}.Release|ARM.ActiveCfg = Release|Any CPU
		{C909EBD0-9CA3-49FB-8B78-F4EE4426D4F6}.Release|ARM.Build.0 = Release|Any CPU
		{C909EBD0-9CA3-49FB-8B78-F4EE4426D4F6}.Release|iPhone.ActiveCfg = Release|Any CPU
		{C909EBD0-9CA3-49FB-8B78-F4EE4426D4F6}.Release|iPhone.Build.0 = Release|Any CPU
		{C909EBD0-9CA3-49FB-8B78-F4EE4426D4F6}.Release|iPhoneSimulator.ActiveCfg = Release|Any CPU
		{C909EBD0-9CA3-49FB-8B78-F4EE4426D4F6}.Release|iPhoneSimulator.Build.0 = Release|Any CPU
		{C909EBD0-9CA3-49FB-8B78-F4EE4426D4F6}.Release|x64.ActiveCfg = Release|Any CPU
		{C909EBD0-9CA3-49FB-8B78-F4EE4426D4F6}.Release|x64.Build.0 = Release|Any CPU
		{C909EBD0-9CA3-49FB-8B78-F4EE4426D4F6}.Release|x86.ActiveCfg = Release|Any CPU
		{C909EBD0-9CA3-49FB-8B78-F4EE4426D4F6}.Release|x86.Build.0 = Release|Any CPU
		{0CDBCFCA-4404-4F6E-976F-1165F1072604}.Ad-Hoc|Any CPU.ActiveCfg = Release|Any CPU
		{0CDBCFCA-4404-4F6E-976F-1165F1072604}.Ad-Hoc|Any CPU.Build.0 = Release|Any CPU
		{0CDBCFCA-4404-4F6E-976F-1165F1072604}.Ad-Hoc|ARM.ActiveCfg = Release|ARM
		{0CDBCFCA-4404-4F6E-976F-1165F1072604}.Ad-Hoc|ARM.Build.0 = Release|ARM
		{0CDBCFCA-4404-4F6E-976F-1165F1072604}.Ad-Hoc|iPhone.ActiveCfg = Release|Any CPU
		{0CDBCFCA-4404-4F6E-976F-1165F1072604}.Ad-Hoc|iPhone.Build.0 = Release|Any CPU
		{0CDBCFCA-4404-4F6E-976F-1165F1072604}.Ad-Hoc|iPhoneSimulator.ActiveCfg = Release|Any CPU
		{0CDBCFCA-4404-4F6E-976F-1165F1072604}.Ad-Hoc|iPhoneSimulator.Build.0 = Release|Any CPU
		{0CDBCFCA-4404-4F6E-976F-1165F1072604}.Ad-Hoc|x64.ActiveCfg = Release|x64
		{0CDBCFCA-4404-4F6E-976F-1165F1072604}.Ad-Hoc|x64.Build.0 = Release|x64
		{0CDBCFCA-4404-4F6E-976F-1165F1072604}.Ad-Hoc|x86.ActiveCfg = Release|x86
		{0CDBCFCA-4404-4F6E-976F-1165F1072604}.Ad-Hoc|x86.Build.0 = Release|x86
		{0CDBCFCA-4404-4F6E-976F-1165F1072604}.AppStore|Any CPU.ActiveCfg = Release|Any CPU
		{0CDBCFCA-4404-4F6E-976F-1165F1072604}.AppStore|Any CPU.Build.0 = Release|Any CPU
		{0CDBCFCA-4404-4F6E-976F-1165F1072604}.AppStore|ARM.ActiveCfg = Release|ARM
		{0CDBCFCA-4404-4F6E-976F-1165F1072604}.AppStore|ARM.Build.0 = Release|ARM
		{0CDBCFCA-4404-4F6E-976F-1165F1072604}.AppStore|iPhone.ActiveCfg = Release|Any CPU
		{0CDBCFCA-4404-4F6E-976F-1165F1072604}.AppStore|iPhone.Build.0 = Release|Any CPU
		{0CDBCFCA-4404-4F6E-976F-1165F1072604}.AppStore|iPhoneSimulator.ActiveCfg = Release|Any CPU
		{0CDBCFCA-4404-4F6E-976F-1165F1072604}.AppStore|iPhoneSimulator.Build.0 = Release|Any CPU
		{0CDBCFCA-4404-4F6E-976F-1165F1072604}.AppStore|x64.ActiveCfg = Release|x64
		{0CDBCFCA-4404-4F6E-976F-1165F1072604}.AppStore|x64.Build.0 = Release|x64
		{0CDBCFCA-4404-4F6E-976F-1165F1072604}.AppStore|x86.ActiveCfg = Release|x86
		{0CDBCFCA-4404-4F6E-976F-1165F1072604}.AppStore|x86.Build.0 = Release|x86
		{0CDBCFCA-4404-4F6E-976F-1165F1072604}.Debug|Any CPU.ActiveCfg = Debug|Any CPU
		{0CDBCFCA-4404-4F6E-976F-1165F1072604}.Debug|Any CPU.Build.0 = Debug|Any CPU
		{0CDBCFCA-4404-4F6E-976F-1165F1072604}.Debug|ARM.ActiveCfg = Debug|ARM
		{0CDBCFCA-4404-4F6E-976F-1165F1072604}.Debug|ARM.Build.0 = Debug|ARM
		{0CDBCFCA-4404-4F6E-976F-1165F1072604}.Debug|iPhone.ActiveCfg = Debug|Any CPU
		{0CDBCFCA-4404-4F6E-976F-1165F1072604}.Debug|iPhone.Build.0 = Debug|Any CPU
		{0CDBCFCA-4404-4F6E-976F-1165F1072604}.Debug|iPhoneSimulator.ActiveCfg = Debug|Any CPU
		{0CDBCFCA-4404-4F6E-976F-1165F1072604}.Debug|iPhoneSimulator.Build.0 = Debug|Any CPU
		{0CDBCFCA-4404-4F6E-976F-1165F1072604}.Debug|x64.ActiveCfg = Debug|x64
		{0CDBCFCA-4404-4F6E-976F-1165F1072604}.Debug|x64.Build.0 = Debug|x64
		{0CDBCFCA-4404-4F6E-976F-1165F1072604}.Debug|x86.ActiveCfg = Debug|x86
		{0CDBCFCA-4404-4F6E-976F-1165F1072604}.Debug|x86.Build.0 = Debug|x86
		{0CDBCFCA-4404-4F6E-976F-1165F1072604}.Release|Any CPU.ActiveCfg = Release|Any CPU
		{0CDBCFCA-4404-4F6E-976F-1165F1072604}.Release|Any CPU.Build.0 = Release|Any CPU
		{0CDBCFCA-4404-4F6E-976F-1165F1072604}.Release|ARM.ActiveCfg = Release|ARM
		{0CDBCFCA-4404-4F6E-976F-1165F1072604}.Release|ARM.Build.0 = Release|ARM
		{0CDBCFCA-4404-4F6E-976F-1165F1072604}.Release|iPhone.ActiveCfg = Release|Any CPU
		{0CDBCFCA-4404-4F6E-976F-1165F1072604}.Release|iPhone.Build.0 = Release|Any CPU
		{0CDBCFCA-4404-4F6E-976F-1165F1072604}.Release|iPhoneSimulator.ActiveCfg = Release|Any CPU
		{0CDBCFCA-4404-4F6E-976F-1165F1072604}.Release|iPhoneSimulator.Build.0 = Release|Any CPU
		{0CDBCFCA-4404-4F6E-976F-1165F1072604}.Release|x64.ActiveCfg = Release|x64
		{0CDBCFCA-4404-4F6E-976F-1165F1072604}.Release|x64.Build.0 = Release|x64
		{0CDBCFCA-4404-4F6E-976F-1165F1072604}.Release|x86.ActiveCfg = Release|x86
		{0CDBCFCA-4404-4F6E-976F-1165F1072604}.Release|x86.Build.0 = Release|x86
		{1CD305D9-3D7D-444D-BC9A-00F3F71B3048}.Ad-Hoc|Any CPU.ActiveCfg = Release|Any CPU
		{1CD305D9-3D7D-444D-BC9A-00F3F71B3048}.Ad-Hoc|Any CPU.Build.0 = Release|Any CPU
		{1CD305D9-3D7D-444D-BC9A-00F3F71B3048}.Ad-Hoc|ARM.ActiveCfg = Release|Any CPU
		{1CD305D9-3D7D-444D-BC9A-00F3F71B3048}.Ad-Hoc|ARM.Build.0 = Release|Any CPU
		{1CD305D9-3D7D-444D-BC9A-00F3F71B3048}.Ad-Hoc|iPhone.ActiveCfg = Release|Any CPU
		{1CD305D9-3D7D-444D-BC9A-00F3F71B3048}.Ad-Hoc|iPhone.Build.0 = Release|Any CPU
		{1CD305D9-3D7D-444D-BC9A-00F3F71B3048}.Ad-Hoc|iPhoneSimulator.ActiveCfg = Release|Any CPU
		{1CD305D9-3D7D-444D-BC9A-00F3F71B3048}.Ad-Hoc|iPhoneSimulator.Build.0 = Release|Any CPU
		{1CD305D9-3D7D-444D-BC9A-00F3F71B3048}.Ad-Hoc|x64.ActiveCfg = Release|Any CPU
		{1CD305D9-3D7D-444D-BC9A-00F3F71B3048}.Ad-Hoc|x64.Build.0 = Release|Any CPU
		{1CD305D9-3D7D-444D-BC9A-00F3F71B3048}.Ad-Hoc|x86.ActiveCfg = Release|Any CPU
		{1CD305D9-3D7D-444D-BC9A-00F3F71B3048}.Ad-Hoc|x86.Build.0 = Release|Any CPU
		{1CD305D9-3D7D-444D-BC9A-00F3F71B3048}.AppStore|Any CPU.ActiveCfg = Release|Any CPU
		{1CD305D9-3D7D-444D-BC9A-00F3F71B3048}.AppStore|Any CPU.Build.0 = Release|Any CPU
		{1CD305D9-3D7D-444D-BC9A-00F3F71B3048}.AppStore|ARM.ActiveCfg = Release|Any CPU
		{1CD305D9-3D7D-444D-BC9A-00F3F71B3048}.AppStore|ARM.Build.0 = Release|Any CPU
		{1CD305D9-3D7D-444D-BC9A-00F3F71B3048}.AppStore|iPhone.ActiveCfg = Release|Any CPU
		{1CD305D9-3D7D-444D-BC9A-00F3F71B3048}.AppStore|iPhone.Build.0 = Release|Any CPU
		{1CD305D9-3D7D-444D-BC9A-00F3F71B3048}.AppStore|iPhoneSimulator.ActiveCfg = Release|Any CPU
		{1CD305D9-3D7D-444D-BC9A-00F3F71B3048}.AppStore|iPhoneSimulator.Build.0 = Release|Any CPU
		{1CD305D9-3D7D-444D-BC9A-00F3F71B3048}.AppStore|x64.ActiveCfg = Release|Any CPU
		{1CD305D9-3D7D-444D-BC9A-00F3F71B3048}.AppStore|x64.Build.0 = Release|Any CPU
		{1CD305D9-3D7D-444D-BC9A-00F3F71B3048}.AppStore|x86.ActiveCfg = Release|Any CPU
		{1CD305D9-3D7D-444D-BC9A-00F3F71B3048}.AppStore|x86.Build.0 = Release|Any CPU
		{1CD305D9-3D7D-444D-BC9A-00F3F71B3048}.Debug|Any CPU.ActiveCfg = Debug|Any CPU
		{1CD305D9-3D7D-444D-BC9A-00F3F71B3048}.Debug|Any CPU.Build.0 = Debug|Any CPU
		{1CD305D9-3D7D-444D-BC9A-00F3F71B3048}.Debug|ARM.ActiveCfg = Debug|Any CPU
		{1CD305D9-3D7D-444D-BC9A-00F3F71B3048}.Debug|ARM.Build.0 = Debug|Any CPU
		{1CD305D9-3D7D-444D-BC9A-00F3F71B3048}.Debug|iPhone.ActiveCfg = Debug|Any CPU
		{1CD305D9-3D7D-444D-BC9A-00F3F71B3048}.Debug|iPhone.Build.0 = Debug|Any CPU
		{1CD305D9-3D7D-444D-BC9A-00F3F71B3048}.Debug|iPhoneSimulator.ActiveCfg = Debug|Any CPU
		{1CD305D9-3D7D-444D-BC9A-00F3F71B3048}.Debug|iPhoneSimulator.Build.0 = Debug|Any CPU
		{1CD305D9-3D7D-444D-BC9A-00F3F71B3048}.Debug|x64.ActiveCfg = Debug|Any CPU
		{1CD305D9-3D7D-444D-BC9A-00F3F71B3048}.Debug|x64.Build.0 = Debug|Any CPU
		{1CD305D9-3D7D-444D-BC9A-00F3F71B3048}.Debug|x86.ActiveCfg = Debug|Any CPU
		{1CD305D9-3D7D-444D-BC9A-00F3F71B3048}.Debug|x86.Build.0 = Debug|Any CPU
		{1CD305D9-3D7D-444D-BC9A-00F3F71B3048}.Release|Any CPU.ActiveCfg = Release|Any CPU
		{1CD305D9-3D7D-444D-BC9A-00F3F71B3048}.Release|Any CPU.Build.0 = Release|Any CPU
		{1CD305D9-3D7D-444D-BC9A-00F3F71B3048}.Release|ARM.ActiveCfg = Release|Any CPU
		{1CD305D9-3D7D-444D-BC9A-00F3F71B3048}.Release|ARM.Build.0 = Release|Any CPU
		{1CD305D9-3D7D-444D-BC9A-00F3F71B3048}.Release|iPhone.ActiveCfg = Release|Any CPU
		{1CD305D9-3D7D-444D-BC9A-00F3F71B3048}.Release|iPhone.Build.0 = Release|Any CPU
		{1CD305D9-3D7D-444D-BC9A-00F3F71B3048}.Release|iPhoneSimulator.ActiveCfg = Release|Any CPU
		{1CD305D9-3D7D-444D-BC9A-00F3F71B3048}.Release|iPhoneSimulator.Build.0 = Release|Any CPU
		{1CD305D9-3D7D-444D-BC9A-00F3F71B3048}.Release|x64.ActiveCfg = Release|Any CPU
		{1CD305D9-3D7D-444D-BC9A-00F3F71B3048}.Release|x64.Build.0 = Release|Any CPU
		{1CD305D9-3D7D-444D-BC9A-00F3F71B3048}.Release|x86.ActiveCfg = Release|Any CPU
		{1CD305D9-3D7D-444D-BC9A-00F3F71B3048}.Release|x86.Build.0 = Release|Any CPU
		{55C47193-4FB9-48E6-8DB3-1A9C5E492259}.Ad-Hoc|Any CPU.ActiveCfg = Ad-Hoc|iPhone
		{55C47193-4FB9-48E6-8DB3-1A9C5E492259}.Ad-Hoc|ARM.ActiveCfg = Ad-Hoc|iPhone
		{55C47193-4FB9-48E6-8DB3-1A9C5E492259}.Ad-Hoc|iPhone.ActiveCfg = Ad-Hoc|iPhone
		{55C47193-4FB9-48E6-8DB3-1A9C5E492259}.Ad-Hoc|iPhone.Build.0 = Ad-Hoc|iPhone
		{55C47193-4FB9-48E6-8DB3-1A9C5E492259}.Ad-Hoc|iPhoneSimulator.ActiveCfg = Ad-Hoc|iPhoneSimulator
		{55C47193-4FB9-48E6-8DB3-1A9C5E492259}.Ad-Hoc|iPhoneSimulator.Build.0 = Ad-Hoc|iPhoneSimulator
		{55C47193-4FB9-48E6-8DB3-1A9C5E492259}.Ad-Hoc|x64.ActiveCfg = Ad-Hoc|iPhone
		{55C47193-4FB9-48E6-8DB3-1A9C5E492259}.Ad-Hoc|x86.ActiveCfg = Ad-Hoc|iPhone
		{55C47193-4FB9-48E6-8DB3-1A9C5E492259}.AppStore|Any CPU.ActiveCfg = AppStore|iPhone
		{55C47193-4FB9-48E6-8DB3-1A9C5E492259}.AppStore|ARM.ActiveCfg = AppStore|iPhone
		{55C47193-4FB9-48E6-8DB3-1A9C5E492259}.AppStore|iPhone.ActiveCfg = AppStore|iPhone
		{55C47193-4FB9-48E6-8DB3-1A9C5E492259}.AppStore|iPhone.Build.0 = AppStore|iPhone
		{55C47193-4FB9-48E6-8DB3-1A9C5E492259}.AppStore|iPhoneSimulator.ActiveCfg = AppStore|iPhoneSimulator
		{55C47193-4FB9-48E6-8DB3-1A9C5E492259}.AppStore|iPhoneSimulator.Build.0 = AppStore|iPhoneSimulator
		{55C47193-4FB9-48E6-8DB3-1A9C5E492259}.AppStore|x64.ActiveCfg = AppStore|iPhone
		{55C47193-4FB9-48E6-8DB3-1A9C5E492259}.AppStore|x86.ActiveCfg = AppStore|iPhone
		{55C47193-4FB9-48E6-8DB3-1A9C5E492259}.Debug|Any CPU.ActiveCfg = Debug|iPhone
		{55C47193-4FB9-48E6-8DB3-1A9C5E492259}.Debug|ARM.ActiveCfg = Debug|iPhone
		{55C47193-4FB9-48E6-8DB3-1A9C5E492259}.Debug|iPhone.ActiveCfg = Debug|iPhone
		{55C47193-4FB9-48E6-8DB3-1A9C5E492259}.Debug|iPhone.Build.0 = Debug|iPhone
		{55C47193-4FB9-48E6-8DB3-1A9C5E492259}.Debug|iPhoneSimulator.ActiveCfg = Debug|iPhoneSimulator
		{55C47193-4FB9-48E6-8DB3-1A9C5E492259}.Debug|iPhoneSimulator.Build.0 = Debug|iPhoneSimulator
		{55C47193-4FB9-48E6-8DB3-1A9C5E492259}.Debug|x64.ActiveCfg = Debug|iPhone
		{55C47193-4FB9-48E6-8DB3-1A9C5E492259}.Debug|x86.ActiveCfg = Debug|iPhone
		{55C47193-4FB9-48E6-8DB3-1A9C5E492259}.Release|Any CPU.ActiveCfg = Release|iPhone
		{55C47193-4FB9-48E6-8DB3-1A9C5E492259}.Release|ARM.ActiveCfg = Release|iPhone
		{55C47193-4FB9-48E6-8DB3-1A9C5E492259}.Release|iPhone.ActiveCfg = Release|iPhone
		{55C47193-4FB9-48E6-8DB3-1A9C5E492259}.Release|iPhone.Build.0 = Release|iPhone
		{55C47193-4FB9-48E6-8DB3-1A9C5E492259}.Release|iPhoneSimulator.ActiveCfg = Release|iPhoneSimulator
		{55C47193-4FB9-48E6-8DB3-1A9C5E492259}.Release|iPhoneSimulator.Build.0 = Release|iPhoneSimulator
		{55C47193-4FB9-48E6-8DB3-1A9C5E492259}.Release|x64.ActiveCfg = Release|iPhone
		{55C47193-4FB9-48E6-8DB3-1A9C5E492259}.Release|x86.ActiveCfg = Release|iPhone
		{F65A9A55-AF2C-4018-B6A3-4CCCE501E822}.Ad-Hoc|Any CPU.ActiveCfg = Release|Any CPU
		{F65A9A55-AF2C-4018-B6A3-4CCCE501E822}.Ad-Hoc|Any CPU.Build.0 = Release|Any CPU
		{F65A9A55-AF2C-4018-B6A3-4CCCE501E822}.Ad-Hoc|Any CPU.Deploy.0 = Release|Any CPU
		{F65A9A55-AF2C-4018-B6A3-4CCCE501E822}.Ad-Hoc|ARM.ActiveCfg = Release|Any CPU
		{F65A9A55-AF2C-4018-B6A3-4CCCE501E822}.Ad-Hoc|ARM.Build.0 = Release|Any CPU
		{F65A9A55-AF2C-4018-B6A3-4CCCE501E822}.Ad-Hoc|ARM.Deploy.0 = Release|Any CPU
		{F65A9A55-AF2C-4018-B6A3-4CCCE501E822}.Ad-Hoc|iPhone.ActiveCfg = Release|Any CPU
		{F65A9A55-AF2C-4018-B6A3-4CCCE501E822}.Ad-Hoc|iPhone.Build.0 = Release|Any CPU
		{F65A9A55-AF2C-4018-B6A3-4CCCE501E822}.Ad-Hoc|iPhone.Deploy.0 = Release|Any CPU
		{F65A9A55-AF2C-4018-B6A3-4CCCE501E822}.Ad-Hoc|iPhoneSimulator.ActiveCfg = Release|Any CPU
		{F65A9A55-AF2C-4018-B6A3-4CCCE501E822}.Ad-Hoc|iPhoneSimulator.Build.0 = Release|Any CPU
		{F65A9A55-AF2C-4018-B6A3-4CCCE501E822}.Ad-Hoc|iPhoneSimulator.Deploy.0 = Release|Any CPU
		{F65A9A55-AF2C-4018-B6A3-4CCCE501E822}.Ad-Hoc|x64.ActiveCfg = Release|Any CPU
		{F65A9A55-AF2C-4018-B6A3-4CCCE501E822}.Ad-Hoc|x64.Build.0 = Release|Any CPU
		{F65A9A55-AF2C-4018-B6A3-4CCCE501E822}.Ad-Hoc|x64.Deploy.0 = Release|Any CPU
		{F65A9A55-AF2C-4018-B6A3-4CCCE501E822}.Ad-Hoc|x86.ActiveCfg = Release|Any CPU
		{F65A9A55-AF2C-4018-B6A3-4CCCE501E822}.Ad-Hoc|x86.Build.0 = Release|Any CPU
		{F65A9A55-AF2C-4018-B6A3-4CCCE501E822}.Ad-Hoc|x86.Deploy.0 = Release|Any CPU
		{F65A9A55-AF2C-4018-B6A3-4CCCE501E822}.AppStore|Any CPU.ActiveCfg = Release|Any CPU
		{F65A9A55-AF2C-4018-B6A3-4CCCE501E822}.AppStore|Any CPU.Build.0 = Release|Any CPU
		{F65A9A55-AF2C-4018-B6A3-4CCCE501E822}.AppStore|Any CPU.Deploy.0 = Release|Any CPU
		{F65A9A55-AF2C-4018-B6A3-4CCCE501E822}.AppStore|ARM.ActiveCfg = Release|Any CPU
		{F65A9A55-AF2C-4018-B6A3-4CCCE501E822}.AppStore|ARM.Build.0 = Release|Any CPU
		{F65A9A55-AF2C-4018-B6A3-4CCCE501E822}.AppStore|ARM.Deploy.0 = Release|Any CPU
		{F65A9A55-AF2C-4018-B6A3-4CCCE501E822}.AppStore|iPhone.ActiveCfg = Release|Any CPU
		{F65A9A55-AF2C-4018-B6A3-4CCCE501E822}.AppStore|iPhone.Build.0 = Release|Any CPU
		{F65A9A55-AF2C-4018-B6A3-4CCCE501E822}.AppStore|iPhone.Deploy.0 = Release|Any CPU
		{F65A9A55-AF2C-4018-B6A3-4CCCE501E822}.AppStore|iPhoneSimulator.ActiveCfg = Release|Any CPU
		{F65A9A55-AF2C-4018-B6A3-4CCCE501E822}.AppStore|iPhoneSimulator.Build.0 = Release|Any CPU
		{F65A9A55-AF2C-4018-B6A3-4CCCE501E822}.AppStore|iPhoneSimulator.Deploy.0 = Release|Any CPU
		{F65A9A55-AF2C-4018-B6A3-4CCCE501E822}.AppStore|x64.ActiveCfg = Release|Any CPU
		{F65A9A55-AF2C-4018-B6A3-4CCCE501E822}.AppStore|x64.Build.0 = Release|Any CPU
		{F65A9A55-AF2C-4018-B6A3-4CCCE501E822}.AppStore|x64.Deploy.0 = Release|Any CPU
		{F65A9A55-AF2C-4018-B6A3-4CCCE501E822}.AppStore|x86.ActiveCfg = Release|Any CPU
		{F65A9A55-AF2C-4018-B6A3-4CCCE501E822}.AppStore|x86.Build.0 = Release|Any CPU
		{F65A9A55-AF2C-4018-B6A3-4CCCE501E822}.AppStore|x86.Deploy.0 = Release|Any CPU
		{F65A9A55-AF2C-4018-B6A3-4CCCE501E822}.Debug|Any CPU.ActiveCfg = Debug|Any CPU
		{F65A9A55-AF2C-4018-B6A3-4CCCE501E822}.Debug|Any CPU.Build.0 = Debug|Any CPU
		{F65A9A55-AF2C-4018-B6A3-4CCCE501E822}.Debug|Any CPU.Deploy.0 = Debug|Any CPU
		{F65A9A55-AF2C-4018-B6A3-4CCCE501E822}.Debug|ARM.ActiveCfg = Debug|Any CPU
		{F65A9A55-AF2C-4018-B6A3-4CCCE501E822}.Debug|ARM.Build.0 = Debug|Any CPU
		{F65A9A55-AF2C-4018-B6A3-4CCCE501E822}.Debug|ARM.Deploy.0 = Debug|Any CPU
		{F65A9A55-AF2C-4018-B6A3-4CCCE501E822}.Debug|iPhone.ActiveCfg = Debug|Any CPU
		{F65A9A55-AF2C-4018-B6A3-4CCCE501E822}.Debug|iPhone.Build.0 = Debug|Any CPU
		{F65A9A55-AF2C-4018-B6A3-4CCCE501E822}.Debug|iPhone.Deploy.0 = Debug|Any CPU
		{F65A9A55-AF2C-4018-B6A3-4CCCE501E822}.Debug|iPhoneSimulator.ActiveCfg = Debug|Any CPU
		{F65A9A55-AF2C-4018-B6A3-4CCCE501E822}.Debug|iPhoneSimulator.Build.0 = Debug|Any CPU
		{F65A9A55-AF2C-4018-B6A3-4CCCE501E822}.Debug|iPhoneSimulator.Deploy.0 = Debug|Any CPU
		{F65A9A55-AF2C-4018-B6A3-4CCCE501E822}.Debug|x64.ActiveCfg = Debug|Any CPU
		{F65A9A55-AF2C-4018-B6A3-4CCCE501E822}.Debug|x64.Build.0 = Debug|Any CPU
		{F65A9A55-AF2C-4018-B6A3-4CCCE501E822}.Debug|x64.Deploy.0 = Debug|Any CPU
		{F65A9A55-AF2C-4018-B6A3-4CCCE501E822}.Debug|x86.ActiveCfg = Debug|Any CPU
		{F65A9A55-AF2C-4018-B6A3-4CCCE501E822}.Debug|x86.Build.0 = Debug|Any CPU
		{F65A9A55-AF2C-4018-B6A3-4CCCE501E822}.Debug|x86.Deploy.0 = Debug|Any CPU
		{F65A9A55-AF2C-4018-B6A3-4CCCE501E822}.Release|Any CPU.ActiveCfg = Release|Any CPU
		{F65A9A55-AF2C-4018-B6A3-4CCCE501E822}.Release|Any CPU.Build.0 = Release|Any CPU
		{F65A9A55-AF2C-4018-B6A3-4CCCE501E822}.Release|Any CPU.Deploy.0 = Release|Any CPU
		{F65A9A55-AF2C-4018-B6A3-4CCCE501E822}.Release|ARM.ActiveCfg = Release|Any CPU
		{F65A9A55-AF2C-4018-B6A3-4CCCE501E822}.Release|ARM.Build.0 = Release|Any CPU
		{F65A9A55-AF2C-4018-B6A3-4CCCE501E822}.Release|ARM.Deploy.0 = Release|Any CPU
		{F65A9A55-AF2C-4018-B6A3-4CCCE501E822}.Release|iPhone.ActiveCfg = Release|Any CPU
		{F65A9A55-AF2C-4018-B6A3-4CCCE501E822}.Release|iPhone.Build.0 = Release|Any CPU
		{F65A9A55-AF2C-4018-B6A3-4CCCE501E822}.Release|iPhone.Deploy.0 = Release|Any CPU
		{F65A9A55-AF2C-4018-B6A3-4CCCE501E822}.Release|iPhoneSimulator.ActiveCfg = Release|Any CPU
		{F65A9A55-AF2C-4018-B6A3-4CCCE501E822}.Release|iPhoneSimulator.Build.0 = Release|Any CPU
		{F65A9A55-AF2C-4018-B6A3-4CCCE501E822}.Release|iPhoneSimulator.Deploy.0 = Release|Any CPU
		{F65A9A55-AF2C-4018-B6A3-4CCCE501E822}.Release|x64.ActiveCfg = Release|Any CPU
		{F65A9A55-AF2C-4018-B6A3-4CCCE501E822}.Release|x64.Build.0 = Release|Any CPU
		{F65A9A55-AF2C-4018-B6A3-4CCCE501E822}.Release|x64.Deploy.0 = Release|Any CPU
		{F65A9A55-AF2C-4018-B6A3-4CCCE501E822}.Release|x86.ActiveCfg = Release|Any CPU
		{F65A9A55-AF2C-4018-B6A3-4CCCE501E822}.Release|x86.Build.0 = Release|Any CPU
		{F65A9A55-AF2C-4018-B6A3-4CCCE501E822}.Release|x86.Deploy.0 = Release|Any CPU
		{BB98680F-BA23-40AE-9353-C48E656A5893}.Ad-Hoc|Any CPU.ActiveCfg = Release|Any CPU
		{BB98680F-BA23-40AE-9353-C48E656A5893}.Ad-Hoc|Any CPU.Build.0 = Release|Any CPU
		{BB98680F-BA23-40AE-9353-C48E656A5893}.Ad-Hoc|Any CPU.Deploy.0 = Release|Any CPU
		{BB98680F-BA23-40AE-9353-C48E656A5893}.Ad-Hoc|ARM.ActiveCfg = Release|ARM
		{BB98680F-BA23-40AE-9353-C48E656A5893}.Ad-Hoc|ARM.Build.0 = Release|ARM
		{BB98680F-BA23-40AE-9353-C48E656A5893}.Ad-Hoc|ARM.Deploy.0 = Release|ARM
		{BB98680F-BA23-40AE-9353-C48E656A5893}.Ad-Hoc|iPhone.ActiveCfg = Release|Any CPU
		{BB98680F-BA23-40AE-9353-C48E656A5893}.Ad-Hoc|iPhone.Build.0 = Release|Any CPU
		{BB98680F-BA23-40AE-9353-C48E656A5893}.Ad-Hoc|iPhone.Deploy.0 = Release|Any CPU
		{BB98680F-BA23-40AE-9353-C48E656A5893}.Ad-Hoc|iPhoneSimulator.ActiveCfg = Release|Any CPU
		{BB98680F-BA23-40AE-9353-C48E656A5893}.Ad-Hoc|iPhoneSimulator.Build.0 = Release|Any CPU
		{BB98680F-BA23-40AE-9353-C48E656A5893}.Ad-Hoc|iPhoneSimulator.Deploy.0 = Release|Any CPU
		{BB98680F-BA23-40AE-9353-C48E656A5893}.Ad-Hoc|x64.ActiveCfg = Release|Any CPU
		{BB98680F-BA23-40AE-9353-C48E656A5893}.Ad-Hoc|x64.Build.0 = Release|Any CPU
		{BB98680F-BA23-40AE-9353-C48E656A5893}.Ad-Hoc|x64.Deploy.0 = Release|Any CPU
		{BB98680F-BA23-40AE-9353-C48E656A5893}.Ad-Hoc|x86.ActiveCfg = Release|x86
		{BB98680F-BA23-40AE-9353-C48E656A5893}.Ad-Hoc|x86.Build.0 = Release|x86
		{BB98680F-BA23-40AE-9353-C48E656A5893}.Ad-Hoc|x86.Deploy.0 = Release|x86
		{BB98680F-BA23-40AE-9353-C48E656A5893}.AppStore|Any CPU.ActiveCfg = Release|Any CPU
		{BB98680F-BA23-40AE-9353-C48E656A5893}.AppStore|Any CPU.Build.0 = Release|Any CPU
		{BB98680F-BA23-40AE-9353-C48E656A5893}.AppStore|Any CPU.Deploy.0 = Release|Any CPU
		{BB98680F-BA23-40AE-9353-C48E656A5893}.AppStore|ARM.ActiveCfg = Release|ARM
		{BB98680F-BA23-40AE-9353-C48E656A5893}.AppStore|ARM.Build.0 = Release|ARM
		{BB98680F-BA23-40AE-9353-C48E656A5893}.AppStore|ARM.Deploy.0 = Release|ARM
		{BB98680F-BA23-40AE-9353-C48E656A5893}.AppStore|iPhone.ActiveCfg = Release|Any CPU
		{BB98680F-BA23-40AE-9353-C48E656A5893}.AppStore|iPhone.Build.0 = Release|Any CPU
		{BB98680F-BA23-40AE-9353-C48E656A5893}.AppStore|iPhone.Deploy.0 = Release|Any CPU
		{BB98680F-BA23-40AE-9353-C48E656A5893}.AppStore|iPhoneSimulator.ActiveCfg = Release|Any CPU
		{BB98680F-BA23-40AE-9353-C48E656A5893}.AppStore|iPhoneSimulator.Build.0 = Release|Any CPU
		{BB98680F-BA23-40AE-9353-C48E656A5893}.AppStore|iPhoneSimulator.Deploy.0 = Release|Any CPU
		{BB98680F-BA23-40AE-9353-C48E656A5893}.AppStore|x64.ActiveCfg = Release|Any CPU
		{BB98680F-BA23-40AE-9353-C48E656A5893}.AppStore|x64.Build.0 = Release|Any CPU
		{BB98680F-BA23-40AE-9353-C48E656A5893}.AppStore|x64.Deploy.0 = Release|Any CPU
		{BB98680F-BA23-40AE-9353-C48E656A5893}.AppStore|x86.ActiveCfg = Release|x86
		{BB98680F-BA23-40AE-9353-C48E656A5893}.AppStore|x86.Build.0 = Release|x86
		{BB98680F-BA23-40AE-9353-C48E656A5893}.AppStore|x86.Deploy.0 = Release|x86
		{BB98680F-BA23-40AE-9353-C48E656A5893}.Debug|Any CPU.ActiveCfg = Debug|Any CPU
		{BB98680F-BA23-40AE-9353-C48E656A5893}.Debug|Any CPU.Build.0 = Debug|Any CPU
		{BB98680F-BA23-40AE-9353-C48E656A5893}.Debug|Any CPU.Deploy.0 = Debug|Any CPU
		{BB98680F-BA23-40AE-9353-C48E656A5893}.Debug|ARM.ActiveCfg = Debug|ARM
		{BB98680F-BA23-40AE-9353-C48E656A5893}.Debug|ARM.Build.0 = Debug|ARM
		{BB98680F-BA23-40AE-9353-C48E656A5893}.Debug|ARM.Deploy.0 = Debug|ARM
		{BB98680F-BA23-40AE-9353-C48E656A5893}.Debug|iPhone.ActiveCfg = Debug|Any CPU
		{BB98680F-BA23-40AE-9353-C48E656A5893}.Debug|iPhone.Build.0 = Debug|Any CPU
		{BB98680F-BA23-40AE-9353-C48E656A5893}.Debug|iPhone.Deploy.0 = Debug|Any CPU
		{BB98680F-BA23-40AE-9353-C48E656A5893}.Debug|iPhoneSimulator.ActiveCfg = Debug|Any CPU
		{BB98680F-BA23-40AE-9353-C48E656A5893}.Debug|iPhoneSimulator.Build.0 = Debug|Any CPU
		{BB98680F-BA23-40AE-9353-C48E656A5893}.Debug|iPhoneSimulator.Deploy.0 = Debug|Any CPU
		{BB98680F-BA23-40AE-9353-C48E656A5893}.Debug|x64.ActiveCfg = Debug|Any CPU
		{BB98680F-BA23-40AE-9353-C48E656A5893}.Debug|x64.Build.0 = Debug|Any CPU
		{BB98680F-BA23-40AE-9353-C48E656A5893}.Debug|x64.Deploy.0 = Debug|Any CPU
		{BB98680F-BA23-40AE-9353-C48E656A5893}.Debug|x86.ActiveCfg = Debug|x86
		{BB98680F-BA23-40AE-9353-C48E656A5893}.Debug|x86.Build.0 = Debug|x86
		{BB98680F-BA23-40AE-9353-C48E656A5893}.Debug|x86.Deploy.0 = Debug|x86
		{BB98680F-BA23-40AE-9353-C48E656A5893}.Release|Any CPU.ActiveCfg = Release|Any CPU
		{BB98680F-BA23-40AE-9353-C48E656A5893}.Release|Any CPU.Build.0 = Release|Any CPU
		{BB98680F-BA23-40AE-9353-C48E656A5893}.Release|Any CPU.Deploy.0 = Release|Any CPU
		{BB98680F-BA23-40AE-9353-C48E656A5893}.Release|ARM.ActiveCfg = Release|ARM
		{BB98680F-BA23-40AE-9353-C48E656A5893}.Release|ARM.Build.0 = Release|ARM
		{BB98680F-BA23-40AE-9353-C48E656A5893}.Release|ARM.Deploy.0 = Release|ARM
		{BB98680F-BA23-40AE-9353-C48E656A5893}.Release|iPhone.ActiveCfg = Release|Any CPU
		{BB98680F-BA23-40AE-9353-C48E656A5893}.Release|iPhone.Build.0 = Release|Any CPU
		{BB98680F-BA23-40AE-9353-C48E656A5893}.Release|iPhone.Deploy.0 = Release|Any CPU
		{BB98680F-BA23-40AE-9353-C48E656A5893}.Release|iPhoneSimulator.ActiveCfg = Release|Any CPU
		{BB98680F-BA23-40AE-9353-C48E656A5893}.Release|iPhoneSimulator.Build.0 = Release|Any CPU
		{BB98680F-BA23-40AE-9353-C48E656A5893}.Release|iPhoneSimulator.Deploy.0 = Release|Any CPU
		{BB98680F-BA23-40AE-9353-C48E656A5893}.Release|x64.ActiveCfg = Release|Any CPU
		{BB98680F-BA23-40AE-9353-C48E656A5893}.Release|x64.Build.0 = Release|Any CPU
		{BB98680F-BA23-40AE-9353-C48E656A5893}.Release|x64.Deploy.0 = Release|Any CPU
		{BB98680F-BA23-40AE-9353-C48E656A5893}.Release|x86.ActiveCfg = Release|x86
		{BB98680F-BA23-40AE-9353-C48E656A5893}.Release|x86.Build.0 = Release|x86
		{BB98680F-BA23-40AE-9353-C48E656A5893}.Release|x86.Deploy.0 = Release|x86
	EndGlobalSection
	GlobalSection(SolutionProperties) = preSolution
		HideSolutionNode = FALSE
	EndGlobalSection
EndGlobal
