
Microsoft Visual Studio Solution File, Format Version 12.00
# Visual Studio 15
VisualStudioVersion = 15.0.26014.0
MinimumVisualStudioVersion = 10.0.40219.1
Project("{D954291E-2A0B-460D-934E-DC6B0785DB48}") = "LinqToTwitter.Shared", "LinqToTwitter.Shared\LinqToTwitter.Shared.shproj", "{7B25A4F0-18EA-4819-B67C-EFEA0E14F919}"
EndProject
Project("{D954291E-2A0B-460D-934E-DC6B0785DB48}") = "LinqToTwitter.Shared.uap", "LinqToTwitter.Shared.uap\LinqToTwitter.Shared.uap.shproj", "{0936A109-C6B5-4527-89A9-966E8E6C9E26}"
EndProject
Project("{D954291E-2A0B-460D-934E-DC6B0785DB48}") = "LinqToTwitter.Shared.net", "LinqToTwitter.Shared.net\LinqToTwitter.Shared.net.shproj", "{37396599-8A5A-4AC5-B583-C49EC4E40781}"
EndProject
Project("{D954291E-2A0B-460D-934E-DC6B0785DB48}") = "LinqToTwitter.Shared.xamarin", "LinqToTwitter.Shared.xamarin\LinqToTwitter.Shared.xamarin.shproj", "{4AA86B5F-FBBB-473C-A9F2-FCA5DD7C6C71}"
EndProject
Project("{FAE04EC0-301F-11D3-BF4B-00C04F79EFBC}") = "LinqToTwitter.xamarin", "LinqToTwitter.xamarin\LinqToTwitter.xamarin.csproj", "{67F9D3A8-F71E-4428-913F-C37AE82CDB24}"
EndProject
Project("{FAE04EC0-301F-11D3-BF4B-00C04F79EFBC}") = "UwpSamples", "..\..\Samples\uap10.0\CSharp\UwpSamples\UwpSamples.csproj", "{D25C4CC4-83B7-462A-A51E-C57763FE81C9}"
EndProject
Project("{FAE04EC0-301F-11D3-BF4B-00C04F79EFBC}") = "LinqToTwitter.Tests", "LinqToTwitter.Tests\LinqToTwitter.Tests.csproj", "{C909EBD0-9CA3-49FB-8B78-F4EE4426D4F6}"
EndProject
Project("{FAE04EC0-301F-11D3-BF4B-00C04F79EFBC}") = "LinqToTwitter.uap10", "LinqToTwitter.uap10\LinqToTwitter.uap10.csproj", "{0CDBCFCA-4404-4F6E-976F-1165F1072604}"
EndProject
Project("{FAE04EC0-301F-11D3-BF4B-00C04F79EFBC}") = "LinqToTwitter.net", "LinqToTwitter.net\LinqToTwitter.net.csproj", "{554F8A8A-9CC0-40C9-B7CA-F3C3CF5190B2}"
EndProject
Project("{FAE04EC0-301F-11D3-BF4B-00C04F79EFBC}") = "LinqToTwitter.AspNet", "LinqToTwitter.AspNet\LinqToTwitter.AspNet.csproj", "{946A0061-58F9-467D-9907-3046CEFB4524}"
EndProject
Project("{FAE04EC0-301F-11D3-BF4B-00C04F79EFBC}") = "LinqToTwitter.Core", "LinqToTwitter.Core\LinqToTwitter.Core.csproj", "{31360B4D-3E3E-4332-BD3D-D3C38FA42419}"
EndProject
Project("{FAE04EC0-301F-11D3-BF4B-00C04F79EFBC}") = "LinqToTwitter.Tests.Core", "LinqToTwitter.Tests.Core\LinqToTwitter.Tests.Core.csproj", "{C3C9850E-C29E-4117-91E5-C8F87BEC9A76}"
EndProject
Project("{FAE04EC0-301F-11D3-BF4B-00C04F79EFBC}") = "ConsoleSamples", "..\..\Samples\net46\CSharp\ConsoleSamples\ConsoleSamples.csproj", "{2BDA2F45-B62C-476D-9F8B-8E81C644B72A}"
EndProject
Project("{FAE04EC0-301F-11D3-BF4B-00C04F79EFBC}") = "LinqToTwitter.AspNetCore", "LinqToTwitter.AspNetCore\LinqToTwitter.AspNetCore.csproj", "{150E4F45-9F92-4B49-ACA4-D8EBFCF39714}"
EndProject
Global
	GlobalSection(SharedMSBuildProjectFiles) = preSolution
		LinqToTwitter.Shared.uap\LinqToTwitter.Shared.uap.projitems*{0936a109-c6b5-4527-89a9-966e8e6c9e26}*SharedItemsImports = 13
		LinqToTwitter.Shared.uap\LinqToTwitter.Shared.uap.projitems*{0cdbcfca-4404-4f6e-976f-1165f1072604}*SharedItemsImports = 4
		LinqToTwitter.Shared\LinqToTwitter.Shared.projitems*{0cdbcfca-4404-4f6e-976f-1165f1072604}*SharedItemsImports = 4
		LinqToTwitter.Shared.net\LinqToTwitter.Shared.net.projitems*{37396599-8a5a-4ac5-b583-c49ec4e40781}*SharedItemsImports = 13
		LinqToTwitter.Shared.xamarin\LinqToTwitter.Shared.xamarin.projitems*{4aa86b5f-fbbb-473c-a9f2-fca5dd7c6c71}*SharedItemsImports = 13
		LinqToTwitter.Shared.net\LinqToTwitter.Shared.net.projitems*{554f8a8a-9cc0-40c9-b7ca-f3c3cf5190b2}*SharedItemsImports = 4
		LinqToTwitter.Shared\LinqToTwitter.Shared.projitems*{554f8a8a-9cc0-40c9-b7ca-f3c3cf5190b2}*SharedItemsImports = 4
		LinqToTwitter.Shared.xamarin\LinqToTwitter.Shared.xamarin.projitems*{67f9d3a8-f71e-4428-913f-c37ae82cdb24}*SharedItemsImports = 4
		LinqToTwitter.Shared\LinqToTwitter.Shared.projitems*{67f9d3a8-f71e-4428-913f-c37ae82cdb24}*SharedItemsImports = 4
		LinqToTwitter.Shared\LinqToTwitter.Shared.projitems*{7b25a4f0-18ea-4819-b67c-efea0e14f919}*SharedItemsImports = 13
	EndGlobalSection
	GlobalSection(SolutionConfigurationPlatforms) = preSolution
		Ad-Hoc|Any CPU = Ad-Hoc|Any CPU
		Ad-Hoc|ARM = Ad-Hoc|ARM
		Ad-Hoc|iPhone = Ad-Hoc|iPhone
		Ad-Hoc|iPhoneSimulator = Ad-Hoc|iPhoneSimulator
		Ad-Hoc|x64 = Ad-Hoc|x64
		Ad-Hoc|x86 = Ad-Hoc|x86
		AppStore|Any CPU = AppStore|Any CPU
		AppStore|ARM = AppStore|ARM
		AppStore|iPhone = AppStore|iPhone
		AppStore|iPhoneSimulator = AppStore|iPhoneSimulator
		AppStore|x64 = AppStore|x64
		AppStore|x86 = AppStore|x86
		Debug|Any CPU = Debug|Any CPU
		Debug|ARM = Debug|ARM
		Debug|iPhone = Debug|iPhone
		Debug|iPhoneSimulator = Debug|iPhoneSimulator
		Debug|x64 = Debug|x64
		Debug|x86 = Debug|x86
		Release|Any CPU = Release|Any CPU
		Release|ARM = Release|ARM
		Release|iPhone = Release|iPhone
		Release|iPhoneSimulator = Release|iPhoneSimulator
		Release|x64 = Release|x64
		Release|x86 = Release|x86
	EndGlobalSection
	GlobalSection(ProjectConfigurationPlatforms) = postSolution
		{67F9D3A8-F71E-4428-913F-C37AE82CDB24}.Ad-Hoc|Any CPU.ActiveCfg = Release|Any CPU
		{67F9D3A8-F71E-4428-913F-C37AE82CDB24}.Ad-Hoc|Any CPU.Build.0 = Release|Any CPU
		{67F9D3A8-F71E-4428-913F-C37AE82CDB24}.Ad-Hoc|ARM.ActiveCfg = Release|Any CPU
		{67F9D3A8-F71E-4428-913F-C37AE82CDB24}.Ad-Hoc|ARM.Build.0 = Release|Any CPU
		{67F9D3A8-F71E-4428-913F-C37AE82CDB24}.Ad-Hoc|iPhone.ActiveCfg = Release|Any CPU
		{67F9D3A8-F71E-4428-913F-C37AE82CDB24}.Ad-Hoc|iPhone.Build.0 = Release|Any CPU
		{67F9D3A8-F71E-4428-913F-C37AE82CDB24}.Ad-Hoc|iPhoneSimulator.ActiveCfg = Release|Any CPU
		{67F9D3A8-F71E-4428-913F-C37AE82CDB24}.Ad-Hoc|iPhoneSimulator.Build.0 = Release|Any CPU
		{67F9D3A8-F71E-4428-913F-C37AE82CDB24}.Ad-Hoc|x64.ActiveCfg = Release|Any CPU
		{67F9D3A8-F71E-4428-913F-C37AE82CDB24}.Ad-Hoc|x64.Build.0 = Release|Any CPU
		{67F9D3A8-F71E-4428-913F-C37AE82CDB24}.Ad-Hoc|x86.ActiveCfg = Release|Any CPU
		{67F9D3A8-F71E-4428-913F-C37AE82CDB24}.Ad-Hoc|x86.Build.0 = Release|Any CPU
		{67F9D3A8-F71E-4428-913F-C37AE82CDB24}.AppStore|Any CPU.ActiveCfg = Release|Any CPU
		{67F9D3A8-F71E-4428-913F-C37AE82CDB24}.AppStore|Any CPU.Build.0 = Release|Any CPU
		{67F9D3A8-F71E-4428-913F-C37AE82CDB24}.AppStore|ARM.ActiveCfg = Release|Any CPU
		{67F9D3A8-F71E-4428-913F-C37AE82CDB24}.AppStore|ARM.Build.0 = Release|Any CPU
		{67F9D3A8-F71E-4428-913F-C37AE82CDB24}.AppStore|iPhone.ActiveCfg = Release|Any CPU
		{67F9D3A8-F71E-4428-913F-C37AE82CDB24}.AppStore|iPhone.Build.0 = Release|Any CPU
		{67F9D3A8-F71E-4428-913F-C37AE82CDB24}.AppStore|iPhoneSimulator.ActiveCfg = Release|Any CPU
		{67F9D3A8-F71E-4428-913F-C37AE82CDB24}.AppStore|iPhoneSimulator.Build.0 = Release|Any CPU
		{67F9D3A8-F71E-4428-913F-C37AE82CDB24}.AppStore|x64.ActiveCfg = Release|Any CPU
		{67F9D3A8-F71E-4428-913F-C37AE82CDB24}.AppStore|x64.Build.0 = Release|Any CPU
		{67F9D3A8-F71E-4428-913F-C37AE82CDB24}.AppStore|x86.ActiveCfg = Release|Any CPU
		{67F9D3A8-F71E-4428-913F-C37AE82CDB24}.AppStore|x86.Build.0 = Release|Any CPU
		{67F9D3A8-F71E-4428-913F-C37AE82CDB24}.Debug|Any CPU.ActiveCfg = Debug|Any CPU
		{67F9D3A8-F71E-4428-913F-C37AE82CDB24}.Debug|Any CPU.Build.0 = Debug|Any CPU
		{67F9D3A8-F71E-4428-913F-C37AE82CDB24}.Debug|ARM.ActiveCfg = Debug|Any CPU
		{67F9D3A8-F71E-4428-913F-C37AE82CDB24}.Debug|ARM.Build.0 = Debug|Any CPU
		{67F9D3A8-F71E-4428-913F-C37AE82CDB24}.Debug|iPhone.ActiveCfg = Debug|Any CPU
		{67F9D3A8-F71E-4428-913F-C37AE82CDB24}.Debug|iPhone.Build.0 = Debug|Any CPU
		{67F9D3A8-F71E-4428-913F-C37AE82CDB24}.Debug|iPhoneSimulator.ActiveCfg = Debug|Any CPU
		{67F9D3A8-F71E-4428-913F-C37AE82CDB24}.Debug|iPhoneSimulator.Build.0 = Debug|Any CPU
		{67F9D3A8-F71E-4428-913F-C37AE82CDB24}.Debug|x64.ActiveCfg = Debug|Any CPU
		{67F9D3A8-F71E-4428-913F-C37AE82CDB24}.Debug|x64.Build.0 = Debug|Any CPU
		{67F9D3A8-F71E-4428-913F-C37AE82CDB24}.Debug|x86.ActiveCfg = Debug|Any CPU
		{67F9D3A8-F71E-4428-913F-C37AE82CDB24}.Debug|x86.Build.0 = Debug|Any CPU
		{67F9D3A8-F71E-4428-913F-C37AE82CDB24}.Release|Any CPU.ActiveCfg = Release|Any CPU
		{67F9D3A8-F71E-4428-913F-C37AE82CDB24}.Release|Any CPU.Build.0 = Release|Any CPU
		{67F9D3A8-F71E-4428-913F-C37AE82CDB24}.Release|ARM.ActiveCfg = Release|Any CPU
		{67F9D3A8-F71E-4428-913F-C37AE82CDB24}.Release|ARM.Build.0 = Release|Any CPU
		{67F9D3A8-F71E-4428-913F-C37AE82CDB24}.Release|iPhone.ActiveCfg = Release|Any CPU
		{67F9D3A8-F71E-4428-913F-C37AE82CDB24}.Release|iPhone.Build.0 = Release|Any CPU
		{67F9D3A8-F71E-4428-913F-C37AE82CDB24}.Release|iPhoneSimulator.ActiveCfg = Release|Any CPU
		{67F9D3A8-F71E-4428-913F-C37AE82CDB24}.Release|iPhoneSimulator.Build.0 = Release|Any CPU
		{67F9D3A8-F71E-4428-913F-C37AE82CDB24}.Release|x64.ActiveCfg = Release|Any CPU
		{67F9D3A8-F71E-4428-913F-C37AE82CDB24}.Release|x64.Build.0 = Release|Any CPU
		{67F9D3A8-F71E-4428-913F-C37AE82CDB24}.Release|x86.ActiveCfg = Release|Any CPU
		{67F9D3A8-F71E-4428-913F-C37AE82CDB24}.Release|x86.Build.0 = Release|Any CPU
		{D25C4CC4-83B7-462A-A51E-C57763FE81C9}.Ad-Hoc|Any CPU.ActiveCfg = Release|x86
		{D25C4CC4-83B7-462A-A51E-C57763FE81C9}.Ad-Hoc|Any CPU.Build.0 = Release|x86
		{D25C4CC4-83B7-462A-A51E-C57763FE81C9}.Ad-Hoc|Any CPU.Deploy.0 = Release|x86
		{D25C4CC4-83B7-462A-A51E-C57763FE81C9}.Ad-Hoc|ARM.ActiveCfg = Release|ARM
		{D25C4CC4-83B7-462A-A51E-C57763FE81C9}.Ad-Hoc|ARM.Build.0 = Release|ARM
		{D25C4CC4-83B7-462A-A51E-C57763FE81C9}.Ad-Hoc|ARM.Deploy.0 = Release|ARM
		{D25C4CC4-83B7-462A-A51E-C57763FE81C9}.Ad-Hoc|iPhone.ActiveCfg = Release|x86
		{D25C4CC4-83B7-462A-A51E-C57763FE81C9}.Ad-Hoc|iPhone.Build.0 = Release|x86
		{D25C4CC4-83B7-462A-A51E-C57763FE81C9}.Ad-Hoc|iPhone.Deploy.0 = Release|x86
		{D25C4CC4-83B7-462A-A51E-C57763FE81C9}.Ad-Hoc|iPhoneSimulator.ActiveCfg = Release|x86
		{D25C4CC4-83B7-462A-A51E-C57763FE81C9}.Ad-Hoc|iPhoneSimulator.Build.0 = Release|x86
		{D25C4CC4-83B7-462A-A51E-C57763FE81C9}.Ad-Hoc|iPhoneSimulator.Deploy.0 = Release|x86
		{D25C4CC4-83B7-462A-A51E-C57763FE81C9}.Ad-Hoc|x64.ActiveCfg = Release|x64
		{D25C4CC4-83B7-462A-A51E-C57763FE81C9}.Ad-Hoc|x64.Build.0 = Release|x64
		{D25C4CC4-83B7-462A-A51E-C57763FE81C9}.Ad-Hoc|x64.Deploy.0 = Release|x64
		{D25C4CC4-83B7-462A-A51E-C57763FE81C9}.Ad-Hoc|x86.ActiveCfg = Release|x86
		{D25C4CC4-83B7-462A-A51E-C57763FE81C9}.Ad-Hoc|x86.Build.0 = Release|x86
		{D25C4CC4-83B7-462A-A51E-C57763FE81C9}.Ad-Hoc|x86.Deploy.0 = Release|x86
		{D25C4CC4-83B7-462A-A51E-C57763FE81C9}.AppStore|Any CPU.ActiveCfg = Release|x86
		{D25C4CC4-83B7-462A-A51E-C57763FE81C9}.AppStore|Any CPU.Build.0 = Release|x86
		{D25C4CC4-83B7-462A-A51E-C57763FE81C9}.AppStore|Any CPU.Deploy.0 = Release|x86
		{D25C4CC4-83B7-462A-A51E-C57763FE81C9}.AppStore|ARM.ActiveCfg = Release|ARM
		{D25C4CC4-83B7-462A-A51E-C57763FE81C9}.AppStore|ARM.Build.0 = Release|ARM
		{D25C4CC4-83B7-462A-A51E-C57763FE81C9}.AppStore|ARM.Deploy.0 = Release|ARM
		{D25C4CC4-83B7-462A-A51E-C57763FE81C9}.AppStore|iPhone.ActiveCfg = Release|x86
		{D25C4CC4-83B7-462A-A51E-C57763FE81C9}.AppStore|iPhone.Build.0 = Release|x86
		{D25C4CC4-83B7-462A-A51E-C57763FE81C9}.AppStore|iPhone.Deploy.0 = Release|x86
		{D25C4CC4-83B7-462A-A51E-C57763FE81C9}.AppStore|iPhoneSimulator.ActiveCfg = Release|x86
		{D25C4CC4-83B7-462A-A51E-C57763FE81C9}.AppStore|iPhoneSimulator.Build.0 = Release|x86
		{D25C4CC4-83B7-462A-A51E-C57763FE81C9}.AppStore|iPhoneSimulator.Deploy.0 = Release|x86
		{D25C4CC4-83B7-462A-A51E-C57763FE81C9}.AppStore|x64.ActiveCfg = Release|x64
		{D25C4CC4-83B7-462A-A51E-C57763FE81C9}.AppStore|x64.Build.0 = Release|x64
		{D25C4CC4-83B7-462A-A51E-C57763FE81C9}.AppStore|x64.Deploy.0 = Release|x64
		{D25C4CC4-83B7-462A-A51E-C57763FE81C9}.AppStore|x86.ActiveCfg = Release|x86
		{D25C4CC4-83B7-462A-A51E-C57763FE81C9}.AppStore|x86.Build.0 = Release|x86
		{D25C4CC4-83B7-462A-A51E-C57763FE81C9}.AppStore|x86.Deploy.0 = Release|x86
		{D25C4CC4-83B7-462A-A51E-C57763FE81C9}.Debug|Any CPU.ActiveCfg = Debug|x86
		{D25C4CC4-83B7-462A-A51E-C57763FE81C9}.Debug|ARM.ActiveCfg = Debug|ARM
		{D25C4CC4-83B7-462A-A51E-C57763FE81C9}.Debug|ARM.Build.0 = Debug|ARM
		{D25C4CC4-83B7-462A-A51E-C57763FE81C9}.Debug|ARM.Deploy.0 = Debug|ARM
		{D25C4CC4-83B7-462A-A51E-C57763FE81C9}.Debug|iPhone.ActiveCfg = Debug|x86
		{D25C4CC4-83B7-462A-A51E-C57763FE81C9}.Debug|iPhoneSimulator.ActiveCfg = Debug|x86
		{D25C4CC4-83B7-462A-A51E-C57763FE81C9}.Debug|x64.ActiveCfg = Debug|x64
		{D25C4CC4-83B7-462A-A51E-C57763FE81C9}.Debug|x64.Build.0 = Debug|x64
		{D25C4CC4-83B7-462A-A51E-C57763FE81C9}.Debug|x64.Deploy.0 = Debug|x64
		{D25C4CC4-83B7-462A-A51E-C57763FE81C9}.Debug|x86.ActiveCfg = Debug|x86
		{D25C4CC4-83B7-462A-A51E-C57763FE81C9}.Debug|x86.Build.0 = Debug|x86
		{D25C4CC4-83B7-462A-A51E-C57763FE81C9}.Debug|x86.Deploy.0 = Debug|x86
		{D25C4CC4-83B7-462A-A51E-C57763FE81C9}.Release|Any CPU.ActiveCfg = Release|x86
		{D25C4CC4-83B7-462A-A51E-C57763FE81C9}.Release|ARM.ActiveCfg = Release|ARM
		{D25C4CC4-83B7-462A-A51E-C57763FE81C9}.Release|ARM.Build.0 = Release|ARM
		{D25C4CC4-83B7-462A-A51E-C57763FE81C9}.Release|ARM.Deploy.0 = Release|ARM
		{D25C4CC4-83B7-462A-A51E-C57763FE81C9}.Release|iPhone.ActiveCfg = Release|x86
		{D25C4CC4-83B7-462A-A51E-C57763FE81C9}.Release|iPhoneSimulator.ActiveCfg = Release|x86
		{D25C4CC4-83B7-462A-A51E-C57763FE81C9}.Release|x64.ActiveCfg = Release|x64
		{D25C4CC4-83B7-462A-A51E-C57763FE81C9}.Release|x64.Build.0 = Release|x64
		{D25C4CC4-83B7-462A-A51E-C57763FE81C9}.Release|x64.Deploy.0 = Release|x64
		{D25C4CC4-83B7-462A-A51E-C57763FE81C9}.Release|x86.ActiveCfg = Release|x86
		{D25C4CC4-83B7-462A-A51E-C57763FE81C9}.Release|x86.Build.0 = Release|x86
		{D25C4CC4-83B7-462A-A51E-C57763FE81C9}.Release|x86.Deploy.0 = Release|x86
		{C909EBD0-9CA3-49FB-8B78-F4EE4426D4F6}.Ad-Hoc|Any CPU.ActiveCfg = Release|Any CPU
		{C909EBD0-9CA3-49FB-8B78-F4EE4426D4F6}.Ad-Hoc|Any CPU.Build.0 = Release|Any CPU
		{C909EBD0-9CA3-49FB-8B78-F4EE4426D4F6}.Ad-Hoc|ARM.ActiveCfg = Release|Any CPU
		{C909EBD0-9CA3-49FB-8B78-F4EE4426D4F6}.Ad-Hoc|ARM.Build.0 = Release|Any CPU
		{C909EBD0-9CA3-49FB-8B78-F4EE4426D4F6}.Ad-Hoc|iPhone.ActiveCfg = Release|Any CPU
		{C909EBD0-9CA3-49FB-8B78-F4EE4426D4F6}.Ad-Hoc|iPhone.Build.0 = Release|Any CPU
		{C909EBD0-9CA3-49FB-8B78-F4EE4426D4F6}.Ad-Hoc|iPhoneSimulator.ActiveCfg = Release|Any CPU
		{C909EBD0-9CA3-49FB-8B78-F4EE4426D4F6}.Ad-Hoc|iPhoneSimulator.Build.0 = Release|Any CPU
		{C909EBD0-9CA3-49FB-8B78-F4EE4426D4F6}.Ad-Hoc|x64.ActiveCfg = Release|Any CPU
		{C909EBD0-9CA3-49FB-8B78-F4EE4426D4F6}.Ad-Hoc|x64.Build.0 = Release|Any CPU
		{C909EBD0-9CA3-49FB-8B78-F4EE4426D4F6}.Ad-Hoc|x86.ActiveCfg = Release|Any CPU
		{C909EBD0-9CA3-49FB-8B78-F4EE4426D4F6}.Ad-Hoc|x86.Build.0 = Release|Any CPU
		{C909EBD0-9CA3-49FB-8B78-F4EE4426D4F6}.AppStore|Any CPU.ActiveCfg = Release|Any CPU
		{C909EBD0-9CA3-49FB-8B78-F4EE4426D4F6}.AppStore|Any CPU.Build.0 = Release|Any CPU
		{C909EBD0-9CA3-49FB-8B78-F4EE4426D4F6}.AppStore|ARM.ActiveCfg = Release|Any CPU
		{C909EBD0-9CA3-49FB-8B78-F4EE4426D4F6}.AppStore|ARM.Build.0 = Release|Any CPU
		{C909EBD0-9CA3-49FB-8B78-F4EE4426D4F6}.AppStore|iPhone.ActiveCfg = Release|Any CPU
		{C909EBD0-9CA3-49FB-8B78-F4EE4426D4F6}.AppStore|iPhone.Build.0 = Release|Any CPU
		{C909EBD0-9CA3-49FB-8B78-F4EE4426D4F6}.AppStore|iPhoneSimulator.ActiveCfg = Release|Any CPU
		{C909EBD0-9CA3-49FB-8B78-F4EE4426D4F6}.AppStore|iPhoneSimulator.Build.0 = Release|Any CPU
		{C909EBD0-9CA3-49FB-8B78-F4EE4426D4F6}.AppStore|x64.ActiveCfg = Release|Any CPU
		{C909EBD0-9CA3-49FB-8B78-F4EE4426D4F6}.AppStore|x64.Build.0 = Release|Any CPU
		{C909EBD0-9CA3-49FB-8B78-F4EE4426D4F6}.AppStore|x86.ActiveCfg = Release|Any CPU
		{C909EBD0-9CA3-49FB-8B78-F4EE4426D4F6}.AppStore|x86.Build.0 = Release|Any CPU
		{C909EBD0-9CA3-49FB-8B78-F4EE4426D4F6}.Debug|Any CPU.ActiveCfg = Debug|Any CPU
		{C909EBD0-9CA3-49FB-8B78-F4EE4426D4F6}.Debug|Any CPU.Build.0 = Debug|Any CPU
		{C909EBD0-9CA3-49FB-8B78-F4EE4426D4F6}.Debug|ARM.ActiveCfg = Debug|Any CPU
		{C909EBD0-9CA3-49FB-8B78-F4EE4426D4F6}.Debug|ARM.Build.0 = Debug|Any CPU
		{C909EBD0-9CA3-49FB-8B78-F4EE4426D4F6}.Debug|iPhone.ActiveCfg = Debug|Any CPU
		{C909EBD0-9CA3-49FB-8B78-F4EE4426D4F6}.Debug|iPhone.Build.0 = Debug|Any CPU
		{C909EBD0-9CA3-49FB-8B78-F4EE4426D4F6}.Debug|iPhoneSimulator.ActiveCfg = Debug|Any CPU
		{C909EBD0-9CA3-49FB-8B78-F4EE4426D4F6}.Debug|iPhoneSimulator.Build.0 = Debug|Any CPU
		{C909EBD0-9CA3-49FB-8B78-F4EE4426D4F6}.Debug|x64.ActiveCfg = Debug|Any CPU
		{C909EBD0-9CA3-49FB-8B78-F4EE4426D4F6}.Debug|x64.Build.0 = Debug|Any CPU
		{C909EBD0-9CA3-49FB-8B78-F4EE4426D4F6}.Debug|x86.ActiveCfg = Debug|Any CPU
		{C909EBD0-9CA3-49FB-8B78-F4EE4426D4F6}.Debug|x86.Build.0 = Debug|Any CPU
		{C909EBD0-9CA3-49FB-8B78-F4EE4426D4F6}.Release|Any CPU.ActiveCfg = Release|Any CPU
		{C909EBD0-9CA3-49FB-8B78-F4EE4426D4F6}.Release|Any CPU.Build.0 = Release|Any CPU
		{C909EBD0-9CA3-49FB-8B78-F4EE4426D4F6}.Release|ARM.ActiveCfg = Release|Any CPU
		{C909EBD0-9CA3-49FB-8B78-F4EE4426D4F6}.Release|ARM.Build.0 = Release|Any CPU
		{C909EBD0-9CA3-49FB-8B78-F4EE4426D4F6}.Release|iPhone.ActiveCfg = Release|Any CPU
		{C909EBD0-9CA3-49FB-8B78-F4EE4426D4F6}.Release|iPhone.Build.0 = Release|Any CPU
		{C909EBD0-9CA3-49FB-8B78-F4EE4426D4F6}.Release|iPhoneSimulator.ActiveCfg = Release|Any CPU
		{C909EBD0-9CA3-49FB-8B78-F4EE4426D4F6}.Release|iPhoneSimulator.Build.0 = Release|Any CPU
		{C909EBD0-9CA3-49FB-8B78-F4EE4426D4F6}.Release|x64.ActiveCfg = Release|Any CPU
		{C909EBD0-9CA3-49FB-8B78-F4EE4426D4F6}.Release|x64.Build.0 = Release|Any CPU
		{C909EBD0-9CA3-49FB-8B78-F4EE4426D4F6}.Release|x86.ActiveCfg = Release|Any CPU
		{C909EBD0-9CA3-49FB-8B78-F4EE4426D4F6}.Release|x86.Build.0 = Release|Any CPU
		{0CDBCFCA-4404-4F6E-976F-1165F1072604}.Ad-Hoc|Any CPU.ActiveCfg = Release|Any CPU
		{0CDBCFCA-4404-4F6E-976F-1165F1072604}.Ad-Hoc|Any CPU.Build.0 = Release|Any CPU
		{0CDBCFCA-4404-4F6E-976F-1165F1072604}.Ad-Hoc|ARM.ActiveCfg = Release|ARM
		{0CDBCFCA-4404-4F6E-976F-1165F1072604}.Ad-Hoc|ARM.Build.0 = Release|ARM
		{0CDBCFCA-4404-4F6E-976F-1165F1072604}.Ad-Hoc|iPhone.ActiveCfg = Release|Any CPU
		{0CDBCFCA-4404-4F6E-976F-1165F1072604}.Ad-Hoc|iPhone.Build.0 = Release|Any CPU
		{0CDBCFCA-4404-4F6E-976F-1165F1072604}.Ad-Hoc|iPhoneSimulator.ActiveCfg = Release|Any CPU
		{0CDBCFCA-4404-4F6E-976F-1165F1072604}.Ad-Hoc|iPhoneSimulator.Build.0 = Release|Any CPU
		{0CDBCFCA-4404-4F6E-976F-1165F1072604}.Ad-Hoc|x64.ActiveCfg = Release|x64
		{0CDBCFCA-4404-4F6E-976F-1165F1072604}.Ad-Hoc|x64.Build.0 = Release|x64
		{0CDBCFCA-4404-4F6E-976F-1165F1072604}.Ad-Hoc|x86.ActiveCfg = Release|x86
		{0CDBCFCA-4404-4F6E-976F-1165F1072604}.Ad-Hoc|x86.Build.0 = Release|x86
		{0CDBCFCA-4404-4F6E-976F-1165F1072604}.AppStore|Any CPU.ActiveCfg = Release|Any CPU
		{0CDBCFCA-4404-4F6E-976F-1165F1072604}.AppStore|Any CPU.Build.0 = Release|Any CPU
		{0CDBCFCA-4404-4F6E-976F-1165F1072604}.AppStore|ARM.ActiveCfg = Release|ARM
		{0CDBCFCA-4404-4F6E-976F-1165F1072604}.AppStore|ARM.Build.0 = Release|ARM
		{0CDBCFCA-4404-4F6E-976F-1165F1072604}.AppStore|iPhone.ActiveCfg = Release|Any CPU
		{0CDBCFCA-4404-4F6E-976F-1165F1072604}.AppStore|iPhone.Build.0 = Release|Any CPU
		{0CDBCFCA-4404-4F6E-976F-1165F1072604}.AppStore|iPhoneSimulator.ActiveCfg = Release|Any CPU
		{0CDBCFCA-4404-4F6E-976F-1165F1072604}.AppStore|iPhoneSimulator.Build.0 = Release|Any CPU
		{0CDBCFCA-4404-4F6E-976F-1165F1072604}.AppStore|x64.ActiveCfg = Release|x64
		{0CDBCFCA-4404-4F6E-976F-1165F1072604}.AppStore|x64.Build.0 = Release|x64
		{0CDBCFCA-4404-4F6E-976F-1165F1072604}.AppStore|x86.ActiveCfg = Release|x86
		{0CDBCFCA-4404-4F6E-976F-1165F1072604}.AppStore|x86.Build.0 = Release|x86
		{0CDBCFCA-4404-4F6E-976F-1165F1072604}.Debug|Any CPU.ActiveCfg = Debug|Any CPU
		{0CDBCFCA-4404-4F6E-976F-1165F1072604}.Debug|Any CPU.Build.0 = Debug|Any CPU
		{0CDBCFCA-4404-4F6E-976F-1165F1072604}.Debug|ARM.ActiveCfg = Debug|ARM
		{0CDBCFCA-4404-4F6E-976F-1165F1072604}.Debug|ARM.Build.0 = Debug|ARM
		{0CDBCFCA-4404-4F6E-976F-1165F1072604}.Debug|iPhone.ActiveCfg = Debug|Any CPU
		{0CDBCFCA-4404-4F6E-976F-1165F1072604}.Debug|iPhone.Build.0 = Debug|Any CPU
		{0CDBCFCA-4404-4F6E-976F-1165F1072604}.Debug|iPhoneSimulator.ActiveCfg = Debug|Any CPU
		{0CDBCFCA-4404-4F6E-976F-1165F1072604}.Debug|iPhoneSimulator.Build.0 = Debug|Any CPU
		{0CDBCFCA-4404-4F6E-976F-1165F1072604}.Debug|x64.ActiveCfg = Debug|x64
		{0CDBCFCA-4404-4F6E-976F-1165F1072604}.Debug|x64.Build.0 = Debug|x64
		{0CDBCFCA-4404-4F6E-976F-1165F1072604}.Debug|x86.ActiveCfg = Debug|x86
		{0CDBCFCA-4404-4F6E-976F-1165F1072604}.Debug|x86.Build.0 = Debug|x86
		{0CDBCFCA-4404-4F6E-976F-1165F1072604}.Release|Any CPU.ActiveCfg = Release|Any CPU
		{0CDBCFCA-4404-4F6E-976F-1165F1072604}.Release|Any CPU.Build.0 = Release|Any CPU
		{0CDBCFCA-4404-4F6E-976F-1165F1072604}.Release|ARM.ActiveCfg = Release|ARM
		{0CDBCFCA-4404-4F6E-976F-1165F1072604}.Release|ARM.Build.0 = Release|ARM
		{0CDBCFCA-4404-4F6E-976F-1165F1072604}.Release|iPhone.ActiveCfg = Release|Any CPU
		{0CDBCFCA-4404-4F6E-976F-1165F1072604}.Release|iPhone.Build.0 = Release|Any CPU
		{0CDBCFCA-4404-4F6E-976F-1165F1072604}.Release|iPhoneSimulator.ActiveCfg = Release|Any CPU
		{0CDBCFCA-4404-4F6E-976F-1165F1072604}.Release|iPhoneSimulator.Build.0 = Release|Any CPU
		{0CDBCFCA-4404-4F6E-976F-1165F1072604}.Release|x64.ActiveCfg = Release|x64
		{0CDBCFCA-4404-4F6E-976F-1165F1072604}.Release|x64.Build.0 = Release|x64
		{0CDBCFCA-4404-4F6E-976F-1165F1072604}.Release|x86.ActiveCfg = Release|x86
		{0CDBCFCA-4404-4F6E-976F-1165F1072604}.Release|x86.Build.0 = Release|x86
		{554F8A8A-9CC0-40C9-B7CA-F3C3CF5190B2}.Ad-Hoc|Any CPU.ActiveCfg = Release|Any CPU
		{554F8A8A-9CC0-40C9-B7CA-F3C3CF5190B2}.Ad-Hoc|Any CPU.Build.0 = Release|Any CPU
		{554F8A8A-9CC0-40C9-B7CA-F3C3CF5190B2}.Ad-Hoc|ARM.ActiveCfg = Release|Any CPU
		{554F8A8A-9CC0-40C9-B7CA-F3C3CF5190B2}.Ad-Hoc|ARM.Build.0 = Release|Any CPU
		{554F8A8A-9CC0-40C9-B7CA-F3C3CF5190B2}.Ad-Hoc|iPhone.ActiveCfg = Release|Any CPU
		{554F8A8A-9CC0-40C9-B7CA-F3C3CF5190B2}.Ad-Hoc|iPhone.Build.0 = Release|Any CPU
		{554F8A8A-9CC0-40C9-B7CA-F3C3CF5190B2}.Ad-Hoc|iPhoneSimulator.ActiveCfg = Release|Any CPU
		{554F8A8A-9CC0-40C9-B7CA-F3C3CF5190B2}.Ad-Hoc|iPhoneSimulator.Build.0 = Release|Any CPU
		{554F8A8A-9CC0-40C9-B7CA-F3C3CF5190B2}.Ad-Hoc|x64.ActiveCfg = Release|Any CPU
		{554F8A8A-9CC0-40C9-B7CA-F3C3CF5190B2}.Ad-Hoc|x64.Build.0 = Release|Any CPU
		{554F8A8A-9CC0-40C9-B7CA-F3C3CF5190B2}.Ad-Hoc|x86.ActiveCfg = Release|Any CPU
		{554F8A8A-9CC0-40C9-B7CA-F3C3CF5190B2}.Ad-Hoc|x86.Build.0 = Release|Any CPU
		{554F8A8A-9CC0-40C9-B7CA-F3C3CF5190B2}.AppStore|Any CPU.ActiveCfg = Release|Any CPU
		{554F8A8A-9CC0-40C9-B7CA-F3C3CF5190B2}.AppStore|Any CPU.Build.0 = Release|Any CPU
		{554F8A8A-9CC0-40C9-B7CA-F3C3CF5190B2}.AppStore|ARM.ActiveCfg = Release|Any CPU
		{554F8A8A-9CC0-40C9-B7CA-F3C3CF5190B2}.AppStore|ARM.Build.0 = Release|Any CPU
		{554F8A8A-9CC0-40C9-B7CA-F3C3CF5190B2}.AppStore|iPhone.ActiveCfg = Release|Any CPU
		{554F8A8A-9CC0-40C9-B7CA-F3C3CF5190B2}.AppStore|iPhone.Build.0 = Release|Any CPU
		{554F8A8A-9CC0-40C9-B7CA-F3C3CF5190B2}.AppStore|iPhoneSimulator.ActiveCfg = Release|Any CPU
		{554F8A8A-9CC0-40C9-B7CA-F3C3CF5190B2}.AppStore|iPhoneSimulator.Build.0 = Release|Any CPU
		{554F8A8A-9CC0-40C9-B7CA-F3C3CF5190B2}.AppStore|x64.ActiveCfg = Release|Any CPU
		{554F8A8A-9CC0-40C9-B7CA-F3C3CF5190B2}.AppStore|x64.Build.0 = Release|Any CPU
		{554F8A8A-9CC0-40C9-B7CA-F3C3CF5190B2}.AppStore|x86.ActiveCfg = Release|Any CPU
		{554F8A8A-9CC0-40C9-B7CA-F3C3CF5190B2}.AppStore|x86.Build.0 = Release|Any CPU
		{554F8A8A-9CC0-40C9-B7CA-F3C3CF5190B2}.Debug|Any CPU.ActiveCfg = Debug|Any CPU
		{554F8A8A-9CC0-40C9-B7CA-F3C3CF5190B2}.Debug|Any CPU.Build.0 = Debug|Any CPU
		{554F8A8A-9CC0-40C9-B7CA-F3C3CF5190B2}.Debug|ARM.ActiveCfg = Debug|Any CPU
		{554F8A8A-9CC0-40C9-B7CA-F3C3CF5190B2}.Debug|ARM.Build.0 = Debug|Any CPU
		{554F8A8A-9CC0-40C9-B7CA-F3C3CF5190B2}.Debug|iPhone.ActiveCfg = Debug|Any CPU
		{554F8A8A-9CC0-40C9-B7CA-F3C3CF5190B2}.Debug|iPhone.Build.0 = Debug|Any CPU
		{554F8A8A-9CC0-40C9-B7CA-F3C3CF5190B2}.Debug|iPhoneSimulator.ActiveCfg = Debug|Any CPU
		{554F8A8A-9CC0-40C9-B7CA-F3C3CF5190B2}.Debug|iPhoneSimulator.Build.0 = Debug|Any CPU
		{554F8A8A-9CC0-40C9-B7CA-F3C3CF5190B2}.Debug|x64.ActiveCfg = Debug|Any CPU
		{554F8A8A-9CC0-40C9-B7CA-F3C3CF5190B2}.Debug|x64.Build.0 = Debug|Any CPU
		{554F8A8A-9CC0-40C9-B7CA-F3C3CF5190B2}.Debug|x86.ActiveCfg = Debug|Any CPU
		{554F8A8A-9CC0-40C9-B7CA-F3C3CF5190B2}.Debug|x86.Build.0 = Debug|Any CPU
		{554F8A8A-9CC0-40C9-B7CA-F3C3CF5190B2}.Release|Any CPU.ActiveCfg = Release|Any CPU
		{554F8A8A-9CC0-40C9-B7CA-F3C3CF5190B2}.Release|Any CPU.Build.0 = Release|Any CPU
		{554F8A8A-9CC0-40C9-B7CA-F3C3CF5190B2}.Release|ARM.ActiveCfg = Release|Any CPU
		{554F8A8A-9CC0-40C9-B7CA-F3C3CF5190B2}.Release|ARM.Build.0 = Release|Any CPU
		{554F8A8A-9CC0-40C9-B7CA-F3C3CF5190B2}.Release|iPhone.ActiveCfg = Release|Any CPU
		{554F8A8A-9CC0-40C9-B7CA-F3C3CF5190B2}.Release|iPhone.Build.0 = Release|Any CPU
		{554F8A8A-9CC0-40C9-B7CA-F3C3CF5190B2}.Release|iPhoneSimulator.ActiveCfg = Release|Any CPU
		{554F8A8A-9CC0-40C9-B7CA-F3C3CF5190B2}.Release|iPhoneSimulator.Build.0 = Release|Any CPU
		{554F8A8A-9CC0-40C9-B7CA-F3C3CF5190B2}.Release|x64.ActiveCfg = Release|Any CPU
		{554F8A8A-9CC0-40C9-B7CA-F3C3CF5190B2}.Release|x64.Build.0 = Release|Any CPU
		{554F8A8A-9CC0-40C9-B7CA-F3C3CF5190B2}.Release|x86.ActiveCfg = Release|Any CPU
		{554F8A8A-9CC0-40C9-B7CA-F3C3CF5190B2}.Release|x86.Build.0 = Release|Any CPU
		{946A0061-58F9-467D-9907-3046CEFB4524}.Ad-Hoc|Any CPU.ActiveCfg = Release|Any CPU
		{946A0061-58F9-467D-9907-3046CEFB4524}.Ad-Hoc|Any CPU.Build.0 = Release|Any CPU
		{946A0061-58F9-467D-9907-3046CEFB4524}.Ad-Hoc|ARM.ActiveCfg = Release|Any CPU
		{946A0061-58F9-467D-9907-3046CEFB4524}.Ad-Hoc|ARM.Build.0 = Release|Any CPU
		{946A0061-58F9-467D-9907-3046CEFB4524}.Ad-Hoc|iPhone.ActiveCfg = Release|Any CPU
		{946A0061-58F9-467D-9907-3046CEFB4524}.Ad-Hoc|iPhone.Build.0 = Release|Any CPU
		{946A0061-58F9-467D-9907-3046CEFB4524}.Ad-Hoc|iPhoneSimulator.ActiveCfg = Release|Any CPU
		{946A0061-58F9-467D-9907-3046CEFB4524}.Ad-Hoc|iPhoneSimulator.Build.0 = Release|Any CPU
		{946A0061-58F9-467D-9907-3046CEFB4524}.Ad-Hoc|x64.ActiveCfg = Release|Any CPU
		{946A0061-58F9-467D-9907-3046CEFB4524}.Ad-Hoc|x64.Build.0 = Release|Any CPU
		{946A0061-58F9-467D-9907-3046CEFB4524}.Ad-Hoc|x86.ActiveCfg = Release|Any CPU
		{946A0061-58F9-467D-9907-3046CEFB4524}.Ad-Hoc|x86.Build.0 = Release|Any CPU
		{946A0061-58F9-467D-9907-3046CEFB4524}.AppStore|Any CPU.ActiveCfg = Release|Any CPU
		{946A0061-58F9-467D-9907-3046CEFB4524}.AppStore|Any CPU.Build.0 = Release|Any CPU
		{946A0061-58F9-467D-9907-3046CEFB4524}.AppStore|ARM.ActiveCfg = Release|Any CPU
		{946A0061-58F9-467D-9907-3046CEFB4524}.AppStore|ARM.Build.0 = Release|Any CPU
		{946A0061-58F9-467D-9907-3046CEFB4524}.AppStore|iPhone.ActiveCfg = Release|Any CPU
		{946A0061-58F9-467D-9907-3046CEFB4524}.AppStore|iPhone.Build.0 = Release|Any CPU
		{946A0061-58F9-467D-9907-3046CEFB4524}.AppStore|iPhoneSimulator.ActiveCfg = Release|Any CPU
		{946A0061-58F9-467D-9907-3046CEFB4524}.AppStore|iPhoneSimulator.Build.0 = Release|Any CPU
		{946A0061-58F9-467D-9907-3046CEFB4524}.AppStore|x64.ActiveCfg = Release|Any CPU
		{946A0061-58F9-467D-9907-3046CEFB4524}.AppStore|x64.Build.0 = Release|Any CPU
		{946A0061-58F9-467D-9907-3046CEFB4524}.AppStore|x86.ActiveCfg = Release|Any CPU
		{946A0061-58F9-467D-9907-3046CEFB4524}.AppStore|x86.Build.0 = Release|Any CPU
		{946A0061-58F9-467D-9907-3046CEFB4524}.Debug|Any CPU.ActiveCfg = Debug|Any CPU
		{946A0061-58F9-467D-9907-3046CEFB4524}.Debug|Any CPU.Build.0 = Debug|Any CPU
		{946A0061-58F9-467D-9907-3046CEFB4524}.Debug|ARM.ActiveCfg = Debug|Any CPU
		{946A0061-58F9-467D-9907-3046CEFB4524}.Debug|ARM.Build.0 = Debug|Any CPU
		{946A0061-58F9-467D-9907-3046CEFB4524}.Debug|iPhone.ActiveCfg = Debug|Any CPU
		{946A0061-58F9-467D-9907-3046CEFB4524}.Debug|iPhone.Build.0 = Debug|Any CPU
		{946A0061-58F9-467D-9907-3046CEFB4524}.Debug|iPhoneSimulator.ActiveCfg = Debug|Any CPU
		{946A0061-58F9-467D-9907-3046CEFB4524}.Debug|iPhoneSimulator.Build.0 = Debug|Any CPU
		{946A0061-58F9-467D-9907-3046CEFB4524}.Debug|x64.ActiveCfg = Debug|Any CPU
		{946A0061-58F9-467D-9907-3046CEFB4524}.Debug|x64.Build.0 = Debug|Any CPU
		{946A0061-58F9-467D-9907-3046CEFB4524}.Debug|x86.ActiveCfg = Debug|Any CPU
		{946A0061-58F9-467D-9907-3046CEFB4524}.Debug|x86.Build.0 = Debug|Any CPU
		{946A0061-58F9-467D-9907-3046CEFB4524}.Release|Any CPU.ActiveCfg = Release|Any CPU
		{946A0061-58F9-467D-9907-3046CEFB4524}.Release|Any CPU.Build.0 = Release|Any CPU
		{946A0061-58F9-467D-9907-3046CEFB4524}.Release|ARM.ActiveCfg = Release|Any CPU
		{946A0061-58F9-467D-9907-3046CEFB4524}.Release|ARM.Build.0 = Release|Any CPU
		{946A0061-58F9-467D-9907-3046CEFB4524}.Release|iPhone.ActiveCfg = Release|Any CPU
		{946A0061-58F9-467D-9907-3046CEFB4524}.Release|iPhone.Build.0 = Release|Any CPU
		{946A0061-58F9-467D-9907-3046CEFB4524}.Release|iPhoneSimulator.ActiveCfg = Release|Any CPU
		{946A0061-58F9-467D-9907-3046CEFB4524}.Release|iPhoneSimulator.Build.0 = Release|Any CPU
		{946A0061-58F9-467D-9907-3046CEFB4524}.Release|x64.ActiveCfg = Release|Any CPU
		{946A0061-58F9-467D-9907-3046CEFB4524}.Release|x64.Build.0 = Release|Any CPU
		{946A0061-58F9-467D-9907-3046CEFB4524}.Release|x86.ActiveCfg = Release|Any CPU
		{946A0061-58F9-467D-9907-3046CEFB4524}.Release|x86.Build.0 = Release|Any CPU
		{31360B4D-3E3E-4332-BD3D-D3C38FA42419}.Ad-Hoc|Any CPU.ActiveCfg = Debug|Any CPU
		{31360B4D-3E3E-4332-BD3D-D3C38FA42419}.Ad-Hoc|Any CPU.Build.0 = Debug|Any CPU
		{31360B4D-3E3E-4332-BD3D-D3C38FA42419}.Ad-Hoc|ARM.ActiveCfg = Debug|Any CPU
		{31360B4D-3E3E-4332-BD3D-D3C38FA42419}.Ad-Hoc|ARM.Build.0 = Debug|Any CPU
		{31360B4D-3E3E-4332-BD3D-D3C38FA42419}.Ad-Hoc|iPhone.ActiveCfg = Debug|Any CPU
		{31360B4D-3E3E-4332-BD3D-D3C38FA42419}.Ad-Hoc|iPhone.Build.0 = Debug|Any CPU
		{31360B4D-3E3E-4332-BD3D-D3C38FA42419}.Ad-Hoc|iPhoneSimulator.ActiveCfg = Debug|Any CPU
		{31360B4D-3E3E-4332-BD3D-D3C38FA42419}.Ad-Hoc|iPhoneSimulator.Build.0 = Debug|Any CPU
		{31360B4D-3E3E-4332-BD3D-D3C38FA42419}.Ad-Hoc|x64.ActiveCfg = Release|x64
		{31360B4D-3E3E-4332-BD3D-D3C38FA42419}.Ad-Hoc|x64.Build.0 = Release|x64
		{31360B4D-3E3E-4332-BD3D-D3C38FA42419}.Ad-Hoc|x86.ActiveCfg = Release|x86
		{31360B4D-3E3E-4332-BD3D-D3C38FA42419}.Ad-Hoc|x86.Build.0 = Release|x86
		{31360B4D-3E3E-4332-BD3D-D3C38FA42419}.AppStore|Any CPU.ActiveCfg = Debug|Any CPU
		{31360B4D-3E3E-4332-BD3D-D3C38FA42419}.AppStore|Any CPU.Build.0 = Debug|Any CPU
		{31360B4D-3E3E-4332-BD3D-D3C38FA42419}.AppStore|ARM.ActiveCfg = Debug|Any CPU
		{31360B4D-3E3E-4332-BD3D-D3C38FA42419}.AppStore|ARM.Build.0 = Debug|Any CPU
		{31360B4D-3E3E-4332-BD3D-D3C38FA42419}.AppStore|iPhone.ActiveCfg = Debug|Any CPU
		{31360B4D-3E3E-4332-BD3D-D3C38FA42419}.AppStore|iPhone.Build.0 = Debug|Any CPU
		{31360B4D-3E3E-4332-BD3D-D3C38FA42419}.AppStore|iPhoneSimulator.ActiveCfg = Debug|Any CPU
		{31360B4D-3E3E-4332-BD3D-D3C38FA42419}.AppStore|iPhoneSimulator.Build.0 = Debug|Any CPU
		{31360B4D-3E3E-4332-BD3D-D3C38FA42419}.AppStore|x64.ActiveCfg = Release|x64
		{31360B4D-3E3E-4332-BD3D-D3C38FA42419}.AppStore|x64.Build.0 = Release|x64
		{31360B4D-3E3E-4332-BD3D-D3C38FA42419}.AppStore|x86.ActiveCfg = Release|x86
		{31360B4D-3E3E-4332-BD3D-D3C38FA42419}.AppStore|x86.Build.0 = Release|x86
		{31360B4D-3E3E-4332-BD3D-D3C38FA42419}.Debug|Any CPU.ActiveCfg = Debug|Any CPU
		{31360B4D-3E3E-4332-BD3D-D3C38FA42419}.Debug|Any CPU.Build.0 = Debug|Any CPU
		{31360B4D-3E3E-4332-BD3D-D3C38FA42419}.Debug|ARM.ActiveCfg = Debug|Any CPU
		{31360B4D-3E3E-4332-BD3D-D3C38FA42419}.Debug|ARM.Build.0 = Debug|Any CPU
		{31360B4D-3E3E-4332-BD3D-D3C38FA42419}.Debug|iPhone.ActiveCfg = Debug|Any CPU
		{31360B4D-3E3E-4332-BD3D-D3C38FA42419}.Debug|iPhone.Build.0 = Debug|Any CPU
		{31360B4D-3E3E-4332-BD3D-D3C38FA42419}.Debug|iPhoneSimulator.ActiveCfg = Debug|Any CPU
		{31360B4D-3E3E-4332-BD3D-D3C38FA42419}.Debug|iPhoneSimulator.Build.0 = Debug|Any CPU
		{31360B4D-3E3E-4332-BD3D-D3C38FA42419}.Debug|x64.ActiveCfg = Debug|x64
		{31360B4D-3E3E-4332-BD3D-D3C38FA42419}.Debug|x64.Build.0 = Debug|x64
		{31360B4D-3E3E-4332-BD3D-D3C38FA42419}.Debug|x86.ActiveCfg = Debug|x86
		{31360B4D-3E3E-4332-BD3D-D3C38FA42419}.Debug|x86.Build.0 = Debug|x86
		{31360B4D-3E3E-4332-BD3D-D3C38FA42419}.Release|Any CPU.ActiveCfg = Release|Any CPU
		{31360B4D-3E3E-4332-BD3D-D3C38FA42419}.Release|Any CPU.Build.0 = Release|Any CPU
		{31360B4D-3E3E-4332-BD3D-D3C38FA42419}.Release|ARM.ActiveCfg = Release|Any CPU
		{31360B4D-3E3E-4332-BD3D-D3C38FA42419}.Release|ARM.Build.0 = Release|Any CPU
		{31360B4D-3E3E-4332-BD3D-D3C38FA42419}.Release|iPhone.ActiveCfg = Release|Any CPU
		{31360B4D-3E3E-4332-BD3D-D3C38FA42419}.Release|iPhone.Build.0 = Release|Any CPU
		{31360B4D-3E3E-4332-BD3D-D3C38FA42419}.Release|iPhoneSimulator.ActiveCfg = Release|Any CPU
		{31360B4D-3E3E-4332-BD3D-D3C38FA42419}.Release|iPhoneSimulator.Build.0 = Release|Any CPU
		{31360B4D-3E3E-4332-BD3D-D3C38FA42419}.Release|x64.ActiveCfg = Release|x64
		{31360B4D-3E3E-4332-BD3D-D3C38FA42419}.Release|x64.Build.0 = Release|x64
		{31360B4D-3E3E-4332-BD3D-D3C38FA42419}.Release|x86.ActiveCfg = Release|x86
		{31360B4D-3E3E-4332-BD3D-D3C38FA42419}.Release|x86.Build.0 = Release|x86
		{C3C9850E-C29E-4117-91E5-C8F87BEC9A76}.Ad-Hoc|Any CPU.ActiveCfg = Debug|Any CPU
		{C3C9850E-C29E-4117-91E5-C8F87BEC9A76}.Ad-Hoc|Any CPU.Build.0 = Debug|Any CPU
		{C3C9850E-C29E-4117-91E5-C8F87BEC9A76}.Ad-Hoc|ARM.ActiveCfg = Debug|Any CPU
		{C3C9850E-C29E-4117-91E5-C8F87BEC9A76}.Ad-Hoc|ARM.Build.0 = Debug|Any CPU
		{C3C9850E-C29E-4117-91E5-C8F87BEC9A76}.Ad-Hoc|iPhone.ActiveCfg = Debug|Any CPU
		{C3C9850E-C29E-4117-91E5-C8F87BEC9A76}.Ad-Hoc|iPhone.Build.0 = Debug|Any CPU
		{C3C9850E-C29E-4117-91E5-C8F87BEC9A76}.Ad-Hoc|iPhoneSimulator.ActiveCfg = Debug|Any CPU
		{C3C9850E-C29E-4117-91E5-C8F87BEC9A76}.Ad-Hoc|iPhoneSimulator.Build.0 = Debug|Any CPU
		{C3C9850E-C29E-4117-91E5-C8F87BEC9A76}.Ad-Hoc|x64.ActiveCfg = Release|x64
		{C3C9850E-C29E-4117-91E5-C8F87BEC9A76}.Ad-Hoc|x64.Build.0 = Release|x64
		{C3C9850E-C29E-4117-91E5-C8F87BEC9A76}.Ad-Hoc|x86.ActiveCfg = Release|x86
		{C3C9850E-C29E-4117-91E5-C8F87BEC9A76}.Ad-Hoc|x86.Build.0 = Release|x86
		{C3C9850E-C29E-4117-91E5-C8F87BEC9A76}.AppStore|Any CPU.ActiveCfg = Debug|Any CPU
		{C3C9850E-C29E-4117-91E5-C8F87BEC9A76}.AppStore|Any CPU.Build.0 = Debug|Any CPU
		{C3C9850E-C29E-4117-91E5-C8F87BEC9A76}.AppStore|ARM.ActiveCfg = Debug|Any CPU
		{C3C9850E-C29E-4117-91E5-C8F87BEC9A76}.AppStore|ARM.Build.0 = Debug|Any CPU
		{C3C9850E-C29E-4117-91E5-C8F87BEC9A76}.AppStore|iPhone.ActiveCfg = Debug|Any CPU
		{C3C9850E-C29E-4117-91E5-C8F87BEC9A76}.AppStore|iPhone.Build.0 = Debug|Any CPU
		{C3C9850E-C29E-4117-91E5-C8F87BEC9A76}.AppStore|iPhoneSimulator.ActiveCfg = Debug|Any CPU
		{C3C9850E-C29E-4117-91E5-C8F87BEC9A76}.AppStore|iPhoneSimulator.Build.0 = Debug|Any CPU
		{C3C9850E-C29E-4117-91E5-C8F87BEC9A76}.AppStore|x64.ActiveCfg = Release|x64
		{C3C9850E-C29E-4117-91E5-C8F87BEC9A76}.AppStore|x64.Build.0 = Release|x64
		{C3C9850E-C29E-4117-91E5-C8F87BEC9A76}.AppStore|x86.ActiveCfg = Release|x86
		{C3C9850E-C29E-4117-91E5-C8F87BEC9A76}.AppStore|x86.Build.0 = Release|x86
		{C3C9850E-C29E-4117-91E5-C8F87BEC9A76}.Debug|Any CPU.ActiveCfg = Debug|Any CPU
		{C3C9850E-C29E-4117-91E5-C8F87BEC9A76}.Debug|Any CPU.Build.0 = Debug|Any CPU
		{C3C9850E-C29E-4117-91E5-C8F87BEC9A76}.Debug|ARM.ActiveCfg = Debug|Any CPU
		{C3C9850E-C29E-4117-91E5-C8F87BEC9A76}.Debug|ARM.Build.0 = Debug|Any CPU
		{C3C9850E-C29E-4117-91E5-C8F87BEC9A76}.Debug|iPhone.ActiveCfg = Debug|Any CPU
		{C3C9850E-C29E-4117-91E5-C8F87BEC9A76}.Debug|iPhone.Build.0 = Debug|Any CPU
		{C3C9850E-C29E-4117-91E5-C8F87BEC9A76}.Debug|iPhoneSimulator.ActiveCfg = Debug|Any CPU
		{C3C9850E-C29E-4117-91E5-C8F87BEC9A76}.Debug|iPhoneSimulator.Build.0 = Debug|Any CPU
		{C3C9850E-C29E-4117-91E5-C8F87BEC9A76}.Debug|x64.ActiveCfg = Debug|x64
		{C3C9850E-C29E-4117-91E5-C8F87BEC9A76}.Debug|x64.Build.0 = Debug|x64
		{C3C9850E-C29E-4117-91E5-C8F87BEC9A76}.Debug|x86.ActiveCfg = Debug|x86
		{C3C9850E-C29E-4117-91E5-C8F87BEC9A76}.Debug|x86.Build.0 = Debug|x86
		{C3C9850E-C29E-4117-91E5-C8F87BEC9A76}.Release|Any CPU.ActiveCfg = Release|Any CPU
		{C3C9850E-C29E-4117-91E5-C8F87BEC9A76}.Release|Any CPU.Build.0 = Release|Any CPU
		{C3C9850E-C29E-4117-91E5-C8F87BEC9A76}.Release|ARM.ActiveCfg = Release|Any CPU
		{C3C9850E-C29E-4117-91E5-C8F87BEC9A76}.Release|ARM.Build.0 = Release|Any CPU
		{C3C9850E-C29E-4117-91E5-C8F87BEC9A76}.Release|iPhone.ActiveCfg = Release|Any CPU
		{C3C9850E-C29E-4117-91E5-C8F87BEC9A76}.Release|iPhone.Build.0 = Release|Any CPU
		{C3C9850E-C29E-4117-91E5-C8F87BEC9A76}.Release|iPhoneSimulator.ActiveCfg = Release|Any CPU
		{C3C9850E-C29E-4117-91E5-C8F87BEC9A76}.Release|iPhoneSimulator.Build.0 = Release|Any CPU
		{C3C9850E-C29E-4117-91E5-C8F87BEC9A76}.Release|x64.ActiveCfg = Release|x64
		{C3C9850E-C29E-4117-91E5-C8F87BEC9A76}.Release|x64.Build.0 = Release|x64
		{C3C9850E-C29E-4117-91E5-C8F87BEC9A76}.Release|x86.ActiveCfg = Release|x86
		{C3C9850E-C29E-4117-91E5-C8F87BEC9A76}.Release|x86.Build.0 = Release|x86
		{2BDA2F45-B62C-476D-9F8B-8E81C644B72A}.Ad-Hoc|Any CPU.ActiveCfg = Release|Any CPU
		{2BDA2F45-B62C-476D-9F8B-8E81C644B72A}.Ad-Hoc|Any CPU.Build.0 = Release|Any CPU
		{2BDA2F45-B62C-476D-9F8B-8E81C644B72A}.Ad-Hoc|ARM.ActiveCfg = Release|Any CPU
		{2BDA2F45-B62C-476D-9F8B-8E81C644B72A}.Ad-Hoc|ARM.Build.0 = Release|Any CPU
		{2BDA2F45-B62C-476D-9F8B-8E81C644B72A}.Ad-Hoc|iPhone.ActiveCfg = Release|Any CPU
		{2BDA2F45-B62C-476D-9F8B-8E81C644B72A}.Ad-Hoc|iPhone.Build.0 = Release|Any CPU
		{2BDA2F45-B62C-476D-9F8B-8E81C644B72A}.Ad-Hoc|iPhoneSimulator.ActiveCfg = Release|Any CPU
		{2BDA2F45-B62C-476D-9F8B-8E81C644B72A}.Ad-Hoc|iPhoneSimulator.Build.0 = Release|Any CPU
		{2BDA2F45-B62C-476D-9F8B-8E81C644B72A}.Ad-Hoc|x64.ActiveCfg = Release|Any CPU
		{2BDA2F45-B62C-476D-9F8B-8E81C644B72A}.Ad-Hoc|x64.Build.0 = Release|Any CPU
		{2BDA2F45-B62C-476D-9F8B-8E81C644B72A}.Ad-Hoc|x86.ActiveCfg = Release|Any CPU
		{2BDA2F45-B62C-476D-9F8B-8E81C644B72A}.Ad-Hoc|x86.Build.0 = Release|Any CPU
		{2BDA2F45-B62C-476D-9F8B-8E81C644B72A}.AppStore|Any CPU.ActiveCfg = Release|Any CPU
		{2BDA2F45-B62C-476D-9F8B-8E81C644B72A}.AppStore|Any CPU.Build.0 = Release|Any CPU
		{2BDA2F45-B62C-476D-9F8B-8E81C644B72A}.AppStore|ARM.ActiveCfg = Release|Any CPU
		{2BDA2F45-B62C-476D-9F8B-8E81C644B72A}.AppStore|ARM.Build.0 = Release|Any CPU
		{2BDA2F45-B62C-476D-9F8B-8E81C644B72A}.AppStore|iPhone.ActiveCfg = Release|Any CPU
		{2BDA2F45-B62C-476D-9F8B-8E81C644B72A}.AppStore|iPhone.Build.0 = Release|Any CPU
		{2BDA2F45-B62C-476D-9F8B-8E81C644B72A}.AppStore|iPhoneSimulator.ActiveCfg = Release|Any CPU
		{2BDA2F45-B62C-476D-9F8B-8E81C644B72A}.AppStore|iPhoneSimulator.Build.0 = Release|Any CPU
		{2BDA2F45-B62C-476D-9F8B-8E81C644B72A}.AppStore|x64.ActiveCfg = Release|Any CPU
		{2BDA2F45-B62C-476D-9F8B-8E81C644B72A}.AppStore|x64.Build.0 = Release|Any CPU
		{2BDA2F45-B62C-476D-9F8B-8E81C644B72A}.AppStore|x86.ActiveCfg = Release|Any CPU
		{2BDA2F45-B62C-476D-9F8B-8E81C644B72A}.AppStore|x86.Build.0 = Release|Any CPU
		{2BDA2F45-B62C-476D-9F8B-8E81C644B72A}.Debug|Any CPU.ActiveCfg = Debug|Any CPU
		{2BDA2F45-B62C-476D-9F8B-8E81C644B72A}.Debug|Any CPU.Build.0 = Debug|Any CPU
		{2BDA2F45-B62C-476D-9F8B-8E81C644B72A}.Debug|ARM.ActiveCfg = Debug|Any CPU
		{2BDA2F45-B62C-476D-9F8B-8E81C644B72A}.Debug|ARM.Build.0 = Debug|Any CPU
		{2BDA2F45-B62C-476D-9F8B-8E81C644B72A}.Debug|iPhone.ActiveCfg = Debug|Any CPU
		{2BDA2F45-B62C-476D-9F8B-8E81C644B72A}.Debug|iPhone.Build.0 = Debug|Any CPU
		{2BDA2F45-B62C-476D-9F8B-8E81C644B72A}.Debug|iPhoneSimulator.ActiveCfg = Debug|Any CPU
		{2BDA2F45-B62C-476D-9F8B-8E81C644B72A}.Debug|iPhoneSimulator.Build.0 = Debug|Any CPU
		{2BDA2F45-B62C-476D-9F8B-8E81C644B72A}.Debug|x64.ActiveCfg = Debug|Any CPU
		{2BDA2F45-B62C-476D-9F8B-8E81C644B72A}.Debug|x64.Build.0 = Debug|Any CPU
		{2BDA2F45-B62C-476D-9F8B-8E81C644B72A}.Debug|x86.ActiveCfg = Debug|Any CPU
		{2BDA2F45-B62C-476D-9F8B-8E81C644B72A}.Debug|x86.Build.0 = Debug|Any CPU
		{2BDA2F45-B62C-476D-9F8B-8E81C644B72A}.Release|Any CPU.ActiveCfg = Release|Any CPU
		{2BDA2F45-B62C-476D-9F8B-8E81C644B72A}.Release|Any CPU.Build.0 = Release|Any CPU
		{2BDA2F45-B62C-476D-9F8B-8E81C644B72A}.Release|ARM.ActiveCfg = Release|Any CPU
		{2BDA2F45-B62C-476D-9F8B-8E81C644B72A}.Release|ARM.Build.0 = Release|Any CPU
		{2BDA2F45-B62C-476D-9F8B-8E81C644B72A}.Release|iPhone.ActiveCfg = Release|Any CPU
		{2BDA2F45-B62C-476D-9F8B-8E81C644B72A}.Release|iPhone.Build.0 = Release|Any CPU
		{2BDA2F45-B62C-476D-9F8B-8E81C644B72A}.Release|iPhoneSimulator.ActiveCfg = Release|Any CPU
		{2BDA2F45-B62C-476D-9F8B-8E81C644B72A}.Release|iPhoneSimulator.Build.0 = Release|Any CPU
		{2BDA2F45-B62C-476D-9F8B-8E81C644B72A}.Release|x64.ActiveCfg = Release|Any CPU
		{2BDA2F45-B62C-476D-9F8B-8E81C644B72A}.Release|x64.Build.0 = Release|Any CPU
		{2BDA2F45-B62C-476D-9F8B-8E81C644B72A}.Release|x86.ActiveCfg = Release|Any CPU
		{2BDA2F45-B62C-476D-9F8B-8E81C644B72A}.Release|x86.Build.0 = Release|Any CPU
		{150E4F45-9F92-4B49-ACA4-D8EBFCF39714}.Ad-Hoc|Any CPU.ActiveCfg = Debug|Any CPU
		{150E4F45-9F92-4B49-ACA4-D8EBFCF39714}.Ad-Hoc|Any CPU.Build.0 = Debug|Any CPU
		{150E4F45-9F92-4B49-ACA4-D8EBFCF39714}.Ad-Hoc|ARM.ActiveCfg = Debug|Any CPU
		{150E4F45-9F92-4B49-ACA4-D8EBFCF39714}.Ad-Hoc|ARM.Build.0 = Debug|Any CPU
		{150E4F45-9F92-4B49-ACA4-D8EBFCF39714}.Ad-Hoc|iPhone.ActiveCfg = Debug|Any CPU
		{150E4F45-9F92-4B49-ACA4-D8EBFCF39714}.Ad-Hoc|iPhone.Build.0 = Debug|Any CPU
		{150E4F45-9F92-4B49-ACA4-D8EBFCF39714}.Ad-Hoc|iPhoneSimulator.ActiveCfg = Debug|Any CPU
		{150E4F45-9F92-4B49-ACA4-D8EBFCF39714}.Ad-Hoc|iPhoneSimulator.Build.0 = Debug|Any CPU
		{150E4F45-9F92-4B49-ACA4-D8EBFCF39714}.Ad-Hoc|x64.ActiveCfg = Release|x64
		{150E4F45-9F92-4B49-ACA4-D8EBFCF39714}.Ad-Hoc|x64.Build.0 = Release|x64
		{150E4F45-9F92-4B49-ACA4-D8EBFCF39714}.Ad-Hoc|x86.ActiveCfg = Release|x86
		{150E4F45-9F92-4B49-ACA4-D8EBFCF39714}.Ad-Hoc|x86.Build.0 = Release|x86
		{150E4F45-9F92-4B49-ACA4-D8EBFCF39714}.AppStore|Any CPU.ActiveCfg = Debug|Any CPU
		{150E4F45-9F92-4B49-ACA4-D8EBFCF39714}.AppStore|Any CPU.Build.0 = Debug|Any CPU
		{150E4F45-9F92-4B49-ACA4-D8EBFCF39714}.AppStore|ARM.ActiveCfg = Debug|Any CPU
		{150E4F45-9F92-4B49-ACA4-D8EBFCF39714}.AppStore|ARM.Build.0 = Debug|Any CPU
		{150E4F45-9F92-4B49-ACA4-D8EBFCF39714}.AppStore|iPhone.ActiveCfg = Debug|Any CPU
		{150E4F45-9F92-4B49-ACA4-D8EBFCF39714}.AppStore|iPhone.Build.0 = Debug|Any CPU
		{150E4F45-9F92-4B49-ACA4-D8EBFCF39714}.AppStore|iPhoneSimulator.ActiveCfg = Debug|Any CPU
		{150E4F45-9F92-4B49-ACA4-D8EBFCF39714}.AppStore|iPhoneSimulator.Build.0 = Debug|Any CPU
		{150E4F45-9F92-4B49-ACA4-D8EBFCF39714}.AppStore|x64.ActiveCfg = Release|x64
		{150E4F45-9F92-4B49-ACA4-D8EBFCF39714}.AppStore|x64.Build.0 = Release|x64
		{150E4F45-9F92-4B49-ACA4-D8EBFCF39714}.AppStore|x86.ActiveCfg = Release|x86
		{150E4F45-9F92-4B49-ACA4-D8EBFCF39714}.AppStore|x86.Build.0 = Release|x86
		{150E4F45-9F92-4B49-ACA4-D8EBFCF39714}.Debug|Any CPU.ActiveCfg = Debug|Any CPU
		{150E4F45-9F92-4B49-ACA4-D8EBFCF39714}.Debug|Any CPU.Build.0 = Debug|Any CPU
		{150E4F45-9F92-4B49-ACA4-D8EBFCF39714}.Debug|ARM.ActiveCfg = Debug|Any CPU
		{150E4F45-9F92-4B49-ACA4-D8EBFCF39714}.Debug|ARM.Build.0 = Debug|Any CPU
		{150E4F45-9F92-4B49-ACA4-D8EBFCF39714}.Debug|iPhone.ActiveCfg = Debug|Any CPU
		{150E4F45-9F92-4B49-ACA4-D8EBFCF39714}.Debug|iPhone.Build.0 = Debug|Any CPU
		{150E4F45-9F92-4B49-ACA4-D8EBFCF39714}.Debug|iPhoneSimulator.ActiveCfg = Debug|Any CPU
		{150E4F45-9F92-4B49-ACA4-D8EBFCF39714}.Debug|iPhoneSimulator.Build.0 = Debug|Any CPU
		{150E4F45-9F92-4B49-ACA4-D8EBFCF39714}.Debug|x64.ActiveCfg = Debug|x64
		{150E4F45-9F92-4B49-ACA4-D8EBFCF39714}.Debug|x64.Build.0 = Debug|x64
		{150E4F45-9F92-4B49-ACA4-D8EBFCF39714}.Debug|x86.ActiveCfg = Debug|x86
		{150E4F45-9F92-4B49-ACA4-D8EBFCF39714}.Debug|x86.Build.0 = Debug|x86
		{150E4F45-9F92-4B49-ACA4-D8EBFCF39714}.Release|Any CPU.ActiveCfg = Release|Any CPU
		{150E4F45-9F92-4B49-ACA4-D8EBFCF39714}.Release|Any CPU.Build.0 = Release|Any CPU
		{150E4F45-9F92-4B49-ACA4-D8EBFCF39714}.Release|ARM.ActiveCfg = Release|Any CPU
		{150E4F45-9F92-4B49-ACA4-D8EBFCF39714}.Release|ARM.Build.0 = Release|Any CPU
		{150E4F45-9F92-4B49-ACA4-D8EBFCF39714}.Release|iPhone.ActiveCfg = Release|Any CPU
		{150E4F45-9F92-4B49-ACA4-D8EBFCF39714}.Release|iPhone.Build.0 = Release|Any CPU
		{150E4F45-9F92-4B49-ACA4-D8EBFCF39714}.Release|iPhoneSimulator.ActiveCfg = Release|Any CPU
		{150E4F45-9F92-4B49-ACA4-D8EBFCF39714}.Release|iPhoneSimulator.Build.0 = Release|Any CPU
		{150E4F45-9F92-4B49-ACA4-D8EBFCF39714}.Release|x64.ActiveCfg = Release|x64
		{150E4F45-9F92-4B49-ACA4-D8EBFCF39714}.Release|x64.Build.0 = Release|x64
		{150E4F45-9F92-4B49-ACA4-D8EBFCF39714}.Release|x86.ActiveCfg = Release|x86
		{150E4F45-9F92-4B49-ACA4-D8EBFCF39714}.Release|x86.Build.0 = Release|x86
	EndGlobalSection
	GlobalSection(SolutionProperties) = preSolution
		HideSolutionNode = FALSE
	EndGlobalSection
EndGlobal
