
Microsoft Visual Studio Solution File, Format Version 12.00
# Visual Studio Version 16
VisualStudioVersion = 16.0.30021.99
MinimumVisualStudioVersion = 10.0.40219.1
Project("{9A19103F-16F7-4668-BE54-9A1E7A4F7556}") = "LinqToTwitter", "LinqToTwitter\LinqToTwitter.csproj", "{C82B4276-D12F-4FA6-9E4F-B0FD70329A54}"
EndProject
Project("{9A19103F-16F7-4668-BE54-9A1E7A4F7556}") = "LinqToTwitter.Tests", "LinqToTwitter.Tests\LinqToTwitter.Tests.csproj", "{A71CDC94-BF90-4BD1-9CAE-6622EF30D883}"
EndProject
Project("{9A19103F-16F7-4668-BE54-9A1E7A4F7556}") = "ConsoleDemo.CSharp", "..\..\Samples\LinqToTwitter6\Console\ConsoleDemo.CSharp\ConsoleDemo.CSharp\ConsoleDemo.CSharp.csproj", "{627303B8-0122-4E9D-B2D9-047B04339CE1}"
	ProjectSection(ProjectDependencies) = postProject
		{C82B4276-D12F-4FA6-9E4F-B0FD70329A54} = {C82B4276-D12F-4FA6-9E4F-B0FD70329A54}
	EndProjectSection
EndProject
Project("{9A19103F-16F7-4668-BE54-9A1E7A4F7556}") = "LinqToTwitter.AspNet", "LinqToTwitter.AspNet\LinqToTwitter.AspNet.csproj", "{E7FE52CB-CED8-4E4C-BFBC-BF7AB638B9B6}"
EndProject
Project("{2150E333-8FDC-42A3-9474-1A3956D46DE8}") = "Solution Items", "Solution Items", "{6BD04CCA-E853-46FC-A501-06104E5429A5}"
	ProjectSection(SolutionItems) = preProject
		.editorconfig = .editorconfig
	EndProjectSection
EndProject
Global
	GlobalSection(SolutionConfigurationPlatforms) = preSolution
		Debug|Any CPU = Debug|Any CPU
		Release|Any CPU = Release|Any CPU
	EndGlobalSection
	GlobalSection(ProjectConfigurationPlatforms) = postSolution
		{C82B4276-D12F-4FA6-9E4F-B0FD70329A54}.Debug|Any CPU.ActiveCfg = Debug|Any CPU
		{C82B4276-D12F-4FA6-9E4F-B0FD70329A54}.Debug|Any CPU.Build.0 = Debug|Any CPU
		{C82B4276-D12F-4FA6-9E4F-B0FD70329A54}.Release|Any CPU.ActiveCfg = Release|Any CPU
		{C82B4276-D12F-4FA6-9E4F-B0FD70329A54}.Release|Any CPU.Build.0 = Release|Any CPU
		{A71CDC94-BF90-4BD1-9CAE-6622EF30D883}.Debug|Any CPU.ActiveCfg = Debug|Any CPU
		{A71CDC94-BF90-4BD1-9CAE-6622EF30D883}.Debug|Any CPU.Build.0 = Debug|Any CPU
		{A71CDC94-BF90-4BD1-9CAE-6622EF30D883}.Release|Any CPU.ActiveCfg = Release|Any CPU
		{A71CDC94-BF90-4BD1-9CAE-6622EF30D883}.Release|Any CPU.Build.0 = Release|Any CPU
		{627303B8-0122-4E9D-B2D9-047B04339CE1}.Debug|Any CPU.ActiveCfg = Debug|Any CPU
		{627303B8-0122-4E9D-B2D9-047B04339CE1}.Debug|Any CPU.Build.0 = Debug|Any CPU
		{627303B8-0122-4E9D-B2D9-047B04339CE1}.Release|Any CPU.ActiveCfg = Release|Any CPU
		{627303B8-0122-4E9D-B2D9-047B04339CE1}.Release|Any CPU.Build.0 = Release|Any CPU
		{E7FE52CB-CED8-4E4C-BFBC-BF7AB638B9B6}.Debug|Any CPU.ActiveCfg = Debug|Any CPU
		{E7FE52CB-CED8-4E4C-BFBC-BF7AB638B9B6}.Debug|Any CPU.Build.0 = Debug|Any CPU
		{E7FE52CB-CED8-4E4C-BFBC-BF7AB638B9B6}.Release|Any CPU.ActiveCfg = Release|Any CPU
		{E7FE52CB-CED8-4E4C-BFBC-BF7AB638B9B6}.Release|Any CPU.Build.0 = Release|Any CPU
	EndGlobalSection
	GlobalSection(SolutionProperties) = preSolution
		HideSolutionNode = FALSE
	EndGlobalSection
	GlobalSection(ExtensibilityGlobals) = postSolution
		SolutionGuid = {8F942A1D-E33A-488A-B8A5-F15A81CF5BB1}
	EndGlobalSection
EndGlobal
