
Microsoft Visual Studio Solution File, Format Version 12.00
# Visual Studio 2013
VisualStudioVersion = 12.0.21005.1
MinimumVisualStudioVersion = 10.0.40219.1
Project("{FAE04EC0-301F-11D3-BF4B-00C04F79EFBC}") = "LinqToTwitterPcl", "LinqToTwitterPcl\LinqToTwitterPcl.csproj", "{CAAFF164-A681-4183-BB83-A07B668F7FFC}"
EndProject
Project("{FAE04EC0-301F-11D3-BF4B-00C04F79EFBC}") = "LinqToTwitterPcl.Tests", "LinqToTwitterPcl.Tests\LinqToTwitterPcl.Tests.csproj", "{C909EBD0-9CA3-49FB-8B78-F4EE4426D4F6}"
EndProject
Project("{FAE04EC0-301F-11D3-BF4B-00C04F79EFBC}") = "Linq2TwitterDemos_Console", "Linq2TwitterDemos_Console\Linq2TwitterDemos_Console.csproj", "{734E827E-3635-4840-A060-7F30966ABFDD}"
EndProject
Project("{FAE04EC0-301F-11D3-BF4B-00C04F79EFBC}") = "Linq2TwitterDemos_WindowsStore", "Linq2TwitterDemos_WindowsStore\Linq2TwitterDemos_WindowsStore.csproj", "{D6EF223B-3F8F-4E9A-AEE8-820BD76D02CB}"
EndProject
Project("{FAE04EC0-301F-11D3-BF4B-00C04F79EFBC}") = "Linq2TwitterDemos_WindowsPhone", "Linq2TwitterDemos_WindowsPhone\Linq2TwitterDemos_WindowsPhone.csproj", "{CDFFAA64-BDA8-48D7-9534-85E5E09C9F29}"
EndProject
Project("{FAE04EC0-301F-11D3-BF4B-00C04F79EFBC}") = "LinqToTwitter.WindowsStore", "LinqToTwitter.WindowsStore\LinqToTwitter.WindowsStore.csproj", "{AAA9AEBB-50DA-4693-A82B-184F7455B4F0}"
EndProject
Project("{FAE04EC0-301F-11D3-BF4B-00C04F79EFBC}") = "Linq2TwitterDemos_WebForms", "Linq2TwitterDemos_WebForms\Linq2TwitterDemos_WebForms.csproj", "{95D1FC3C-5031-4D06-936C-067DC5DBB121}"
EndProject
Project("{FAE04EC0-301F-11D3-BF4B-00C04F79EFBC}") = "LinqToTwitter.AspNet", "LinqToTwitter.AspNet\LinqToTwitter.AspNet.csproj", "{946A0061-58F9-467D-9907-3046CEFB4524}"
EndProject
Project("{FAE04EC0-301F-11D3-BF4B-00C04F79EFBC}") = "Linq2TwitterDemos_MVC", "Linq2TwitterDemos_MVC\Linq2TwitterDemos_MVC.csproj", "{66D527FE-E2F4-43E3-8A7C-BAE342617668}"
EndProject
Project("{FAE04EC0-301F-11D3-BF4B-00C04F79EFBC}") = "Linq2TwitterDemos_WindowsForms", "Linq2TwitterDemos_WindowsForms\Linq2TwitterDemos_WindowsForms.csproj", "{0F6AD36A-BDE4-47A5-B50E-E2C7AB7EE43D}"
EndProject
Project("{FAE04EC0-301F-11D3-BF4B-00C04F79EFBC}") = "Linq2TwitterDemos_WPF", "Linq2TwitterDemos_WPF\Linq2TwitterDemos_WPF.csproj", "{6F72EB65-5A86-4935-B8F5-350B4524C89D}"
EndProject
Global
	GlobalSection(SolutionConfigurationPlatforms) = preSolution
		Debug|Any CPU = Debug|Any CPU
		Debug|ARM = Debug|ARM
		Debug|Mixed Platforms = Debug|Mixed Platforms
		Debug|Win32 = Debug|Win32
		Debug|x64 = Debug|x64
		Debug|x86 = Debug|x86
		Release|Any CPU = Release|Any CPU
		Release|ARM = Release|ARM
		Release|Mixed Platforms = Release|Mixed Platforms
		Release|Win32 = Release|Win32
		Release|x64 = Release|x64
		Release|x86 = Release|x86
	EndGlobalSection
	GlobalSection(ProjectConfigurationPlatforms) = postSolution
		{CAAFF164-A681-4183-BB83-A07B668F7FFC}.Debug|Any CPU.ActiveCfg = Debug|Any CPU
		{CAAFF164-A681-4183-BB83-A07B668F7FFC}.Debug|Any CPU.Build.0 = Debug|Any CPU
		{CAAFF164-A681-4183-BB83-A07B668F7FFC}.Debug|ARM.ActiveCfg = Debug|Any CPU
		{CAAFF164-A681-4183-BB83-A07B668F7FFC}.Debug|Mixed Platforms.ActiveCfg = Debug|Any CPU
		{CAAFF164-A681-4183-BB83-A07B668F7FFC}.Debug|Mixed Platforms.Build.0 = Debug|Any CPU
		{CAAFF164-A681-4183-BB83-A07B668F7FFC}.Debug|Win32.ActiveCfg = Debug|Any CPU
		{CAAFF164-A681-4183-BB83-A07B668F7FFC}.Debug|x64.ActiveCfg = Debug|Any CPU
		{CAAFF164-A681-4183-BB83-A07B668F7FFC}.Debug|x86.ActiveCfg = Debug|Any CPU
		{CAAFF164-A681-4183-BB83-A07B668F7FFC}.Release|Any CPU.ActiveCfg = Release|Any CPU
		{CAAFF164-A681-4183-BB83-A07B668F7FFC}.Release|Any CPU.Build.0 = Release|Any CPU
		{CAAFF164-A681-4183-BB83-A07B668F7FFC}.Release|ARM.ActiveCfg = Release|Any CPU
		{CAAFF164-A681-4183-BB83-A07B668F7FFC}.Release|Mixed Platforms.ActiveCfg = Release|Any CPU
		{CAAFF164-A681-4183-BB83-A07B668F7FFC}.Release|Mixed Platforms.Build.0 = Release|Any CPU
		{CAAFF164-A681-4183-BB83-A07B668F7FFC}.Release|Win32.ActiveCfg = Release|Any CPU
		{CAAFF164-A681-4183-BB83-A07B668F7FFC}.Release|x64.ActiveCfg = Release|Any CPU
		{CAAFF164-A681-4183-BB83-A07B668F7FFC}.Release|x86.ActiveCfg = Release|Any CPU
		{C909EBD0-9CA3-49FB-8B78-F4EE4426D4F6}.Debug|Any CPU.ActiveCfg = Debug|Any CPU
		{C909EBD0-9CA3-49FB-8B78-F4EE4426D4F6}.Debug|Any CPU.Build.0 = Debug|Any CPU
		{C909EBD0-9CA3-49FB-8B78-F4EE4426D4F6}.Debug|ARM.ActiveCfg = Debug|Any CPU
		{C909EBD0-9CA3-49FB-8B78-F4EE4426D4F6}.Debug|Mixed Platforms.ActiveCfg = Debug|Any CPU
		{C909EBD0-9CA3-49FB-8B78-F4EE4426D4F6}.Debug|Mixed Platforms.Build.0 = Debug|Any CPU
		{C909EBD0-9CA3-49FB-8B78-F4EE4426D4F6}.Debug|Win32.ActiveCfg = Debug|Any CPU
		{C909EBD0-9CA3-49FB-8B78-F4EE4426D4F6}.Debug|x64.ActiveCfg = Debug|Any CPU
		{C909EBD0-9CA3-49FB-8B78-F4EE4426D4F6}.Debug|x86.ActiveCfg = Debug|Any CPU
		{C909EBD0-9CA3-49FB-8B78-F4EE4426D4F6}.Release|Any CPU.ActiveCfg = Release|Any CPU
		{C909EBD0-9CA3-49FB-8B78-F4EE4426D4F6}.Release|Any CPU.Build.0 = Release|Any CPU
		{C909EBD0-9CA3-49FB-8B78-F4EE4426D4F6}.Release|ARM.ActiveCfg = Release|Any CPU
		{C909EBD0-9CA3-49FB-8B78-F4EE4426D4F6}.Release|Mixed Platforms.ActiveCfg = Release|Any CPU
		{C909EBD0-9CA3-49FB-8B78-F4EE4426D4F6}.Release|Mixed Platforms.Build.0 = Release|Any CPU
		{C909EBD0-9CA3-49FB-8B78-F4EE4426D4F6}.Release|Win32.ActiveCfg = Release|Any CPU
		{C909EBD0-9CA3-49FB-8B78-F4EE4426D4F6}.Release|x64.ActiveCfg = Release|Any CPU
		{C909EBD0-9CA3-49FB-8B78-F4EE4426D4F6}.Release|x86.ActiveCfg = Release|Any CPU
		{734E827E-3635-4840-A060-7F30966ABFDD}.Debug|Any CPU.ActiveCfg = Debug|Any CPU
		{734E827E-3635-4840-A060-7F30966ABFDD}.Debug|Any CPU.Build.0 = Debug|Any CPU
		{734E827E-3635-4840-A060-7F30966ABFDD}.Debug|ARM.ActiveCfg = Debug|Any CPU
		{734E827E-3635-4840-A060-7F30966ABFDD}.Debug|Mixed Platforms.ActiveCfg = Debug|Any CPU
		{734E827E-3635-4840-A060-7F30966ABFDD}.Debug|Mixed Platforms.Build.0 = Debug|Any CPU
		{734E827E-3635-4840-A060-7F30966ABFDD}.Debug|Win32.ActiveCfg = Debug|Any CPU
		{734E827E-3635-4840-A060-7F30966ABFDD}.Debug|x64.ActiveCfg = Debug|Any CPU
		{734E827E-3635-4840-A060-7F30966ABFDD}.Debug|x86.ActiveCfg = Debug|Any CPU
		{734E827E-3635-4840-A060-7F30966ABFDD}.Release|Any CPU.ActiveCfg = Release|Any CPU
		{734E827E-3635-4840-A060-7F30966ABFDD}.Release|Any CPU.Build.0 = Release|Any CPU
		{734E827E-3635-4840-A060-7F30966ABFDD}.Release|ARM.ActiveCfg = Release|Any CPU
		{734E827E-3635-4840-A060-7F30966ABFDD}.Release|Mixed Platforms.ActiveCfg = Release|Any CPU
		{734E827E-3635-4840-A060-7F30966ABFDD}.Release|Mixed Platforms.Build.0 = Release|Any CPU
		{734E827E-3635-4840-A060-7F30966ABFDD}.Release|Win32.ActiveCfg = Release|Any CPU
		{734E827E-3635-4840-A060-7F30966ABFDD}.Release|x64.ActiveCfg = Release|Any CPU
		{734E827E-3635-4840-A060-7F30966ABFDD}.Release|x86.ActiveCfg = Release|Any CPU
		{D6EF223B-3F8F-4E9A-AEE8-820BD76D02CB}.Debug|Any CPU.ActiveCfg = Debug|Any CPU
		{D6EF223B-3F8F-4E9A-AEE8-820BD76D02CB}.Debug|Any CPU.Build.0 = Debug|Any CPU
		{D6EF223B-3F8F-4E9A-AEE8-820BD76D02CB}.Debug|Any CPU.Deploy.0 = Debug|Any CPU
		{D6EF223B-3F8F-4E9A-AEE8-820BD76D02CB}.Debug|ARM.ActiveCfg = Debug|ARM
		{D6EF223B-3F8F-4E9A-AEE8-820BD76D02CB}.Debug|ARM.Build.0 = Debug|ARM
		{D6EF223B-3F8F-4E9A-AEE8-820BD76D02CB}.Debug|ARM.Deploy.0 = Debug|ARM
		{D6EF223B-3F8F-4E9A-AEE8-820BD76D02CB}.Debug|Mixed Platforms.ActiveCfg = Debug|x86
		{D6EF223B-3F8F-4E9A-AEE8-820BD76D02CB}.Debug|Mixed Platforms.Build.0 = Debug|x86
		{D6EF223B-3F8F-4E9A-AEE8-820BD76D02CB}.Debug|Mixed Platforms.Deploy.0 = Debug|x86
		{D6EF223B-3F8F-4E9A-AEE8-820BD76D02CB}.Debug|Win32.ActiveCfg = Debug|x86
		{D6EF223B-3F8F-4E9A-AEE8-820BD76D02CB}.Debug|Win32.Build.0 = Debug|x86
		{D6EF223B-3F8F-4E9A-AEE8-820BD76D02CB}.Debug|Win32.Deploy.0 = Debug|x86
		{D6EF223B-3F8F-4E9A-AEE8-820BD76D02CB}.Debug|x64.ActiveCfg = Debug|x64
		{D6EF223B-3F8F-4E9A-AEE8-820BD76D02CB}.Debug|x64.Build.0 = Debug|x64
		{D6EF223B-3F8F-4E9A-AEE8-820BD76D02CB}.Debug|x64.Deploy.0 = Debug|x64
		{D6EF223B-3F8F-4E9A-AEE8-820BD76D02CB}.Debug|x86.ActiveCfg = Debug|x86
		{D6EF223B-3F8F-4E9A-AEE8-820BD76D02CB}.Debug|x86.Build.0 = Debug|x86
		{D6EF223B-3F8F-4E9A-AEE8-820BD76D02CB}.Debug|x86.Deploy.0 = Debug|x86
		{D6EF223B-3F8F-4E9A-AEE8-820BD76D02CB}.Release|Any CPU.ActiveCfg = Release|Any CPU
		{D6EF223B-3F8F-4E9A-AEE8-820BD76D02CB}.Release|Any CPU.Build.0 = Release|Any CPU
		{D6EF223B-3F8F-4E9A-AEE8-820BD76D02CB}.Release|Any CPU.Deploy.0 = Release|Any CPU
		{D6EF223B-3F8F-4E9A-AEE8-820BD76D02CB}.Release|ARM.ActiveCfg = Release|ARM
		{D6EF223B-3F8F-4E9A-AEE8-820BD76D02CB}.Release|ARM.Build.0 = Release|ARM
		{D6EF223B-3F8F-4E9A-AEE8-820BD76D02CB}.Release|ARM.Deploy.0 = Release|ARM
		{D6EF223B-3F8F-4E9A-AEE8-820BD76D02CB}.Release|Mixed Platforms.ActiveCfg = Release|x86
		{D6EF223B-3F8F-4E9A-AEE8-820BD76D02CB}.Release|Mixed Platforms.Build.0 = Release|x86
		{D6EF223B-3F8F-4E9A-AEE8-820BD76D02CB}.Release|Mixed Platforms.Deploy.0 = Release|x86
		{D6EF223B-3F8F-4E9A-AEE8-820BD76D02CB}.Release|Win32.ActiveCfg = Release|x86
		{D6EF223B-3F8F-4E9A-AEE8-820BD76D02CB}.Release|Win32.Build.0 = Release|x86
		{D6EF223B-3F8F-4E9A-AEE8-820BD76D02CB}.Release|Win32.Deploy.0 = Release|x86
		{D6EF223B-3F8F-4E9A-AEE8-820BD76D02CB}.Release|x64.ActiveCfg = Release|x64
		{D6EF223B-3F8F-4E9A-AEE8-820BD76D02CB}.Release|x64.Build.0 = Release|x64
		{D6EF223B-3F8F-4E9A-AEE8-820BD76D02CB}.Release|x64.Deploy.0 = Release|x64
		{D6EF223B-3F8F-4E9A-AEE8-820BD76D02CB}.Release|x86.ActiveCfg = Release|x86
		{D6EF223B-3F8F-4E9A-AEE8-820BD76D02CB}.Release|x86.Build.0 = Release|x86
		{D6EF223B-3F8F-4E9A-AEE8-820BD76D02CB}.Release|x86.Deploy.0 = Release|x86
		{CDFFAA64-BDA8-48D7-9534-85E5E09C9F29}.Debug|Any CPU.ActiveCfg = Debug|Any CPU
		{CDFFAA64-BDA8-48D7-9534-85E5E09C9F29}.Debug|Any CPU.Build.0 = Debug|Any CPU
		{CDFFAA64-BDA8-48D7-9534-85E5E09C9F29}.Debug|Any CPU.Deploy.0 = Debug|Any CPU
		{CDFFAA64-BDA8-48D7-9534-85E5E09C9F29}.Debug|ARM.ActiveCfg = Debug|ARM
		{CDFFAA64-BDA8-48D7-9534-85E5E09C9F29}.Debug|ARM.Build.0 = Debug|ARM
		{CDFFAA64-BDA8-48D7-9534-85E5E09C9F29}.Debug|ARM.Deploy.0 = Debug|ARM
		{CDFFAA64-BDA8-48D7-9534-85E5E09C9F29}.Debug|Mixed Platforms.ActiveCfg = Debug|x86
		{CDFFAA64-BDA8-48D7-9534-85E5E09C9F29}.Debug|Mixed Platforms.Build.0 = Debug|x86
		{CDFFAA64-BDA8-48D7-9534-85E5E09C9F29}.Debug|Mixed Platforms.Deploy.0 = Debug|x86
		{CDFFAA64-BDA8-48D7-9534-85E5E09C9F29}.Debug|Win32.ActiveCfg = Debug|x86
		{CDFFAA64-BDA8-48D7-9534-85E5E09C9F29}.Debug|Win32.Build.0 = Debug|x86
		{CDFFAA64-BDA8-48D7-9534-85E5E09C9F29}.Debug|Win32.Deploy.0 = Debug|x86
		{CDFFAA64-BDA8-48D7-9534-85E5E09C9F29}.Debug|x64.ActiveCfg = Debug|Any CPU
		{CDFFAA64-BDA8-48D7-9534-85E5E09C9F29}.Debug|x86.ActiveCfg = Debug|x86
		{CDFFAA64-BDA8-48D7-9534-85E5E09C9F29}.Debug|x86.Build.0 = Debug|x86
		{CDFFAA64-BDA8-48D7-9534-85E5E09C9F29}.Debug|x86.Deploy.0 = Debug|x86
		{CDFFAA64-BDA8-48D7-9534-85E5E09C9F29}.Release|Any CPU.ActiveCfg = Release|Any CPU
		{CDFFAA64-BDA8-48D7-9534-85E5E09C9F29}.Release|Any CPU.Build.0 = Release|Any CPU
		{CDFFAA64-BDA8-48D7-9534-85E5E09C9F29}.Release|Any CPU.Deploy.0 = Release|Any CPU
		{CDFFAA64-BDA8-48D7-9534-85E5E09C9F29}.Release|ARM.ActiveCfg = Release|ARM
		{CDFFAA64-BDA8-48D7-9534-85E5E09C9F29}.Release|ARM.Build.0 = Release|ARM
		{CDFFAA64-BDA8-48D7-9534-85E5E09C9F29}.Release|ARM.Deploy.0 = Release|ARM
		{CDFFAA64-BDA8-48D7-9534-85E5E09C9F29}.Release|Mixed Platforms.ActiveCfg = Release|x86
		{CDFFAA64-BDA8-48D7-9534-85E5E09C9F29}.Release|Mixed Platforms.Build.0 = Release|x86
		{CDFFAA64-BDA8-48D7-9534-85E5E09C9F29}.Release|Mixed Platforms.Deploy.0 = Release|x86
		{CDFFAA64-BDA8-48D7-9534-85E5E09C9F29}.Release|Win32.ActiveCfg = Release|x86
		{CDFFAA64-BDA8-48D7-9534-85E5E09C9F29}.Release|Win32.Build.0 = Release|x86
		{CDFFAA64-BDA8-48D7-9534-85E5E09C9F29}.Release|Win32.Deploy.0 = Release|x86
		{CDFFAA64-BDA8-48D7-9534-85E5E09C9F29}.Release|x64.ActiveCfg = Release|Any CPU
		{CDFFAA64-BDA8-48D7-9534-85E5E09C9F29}.Release|x86.ActiveCfg = Release|x86
		{CDFFAA64-BDA8-48D7-9534-85E5E09C9F29}.Release|x86.Build.0 = Release|x86
		{CDFFAA64-BDA8-48D7-9534-85E5E09C9F29}.Release|x86.Deploy.0 = Release|x86
		{AAA9AEBB-50DA-4693-A82B-184F7455B4F0}.Debug|Any CPU.ActiveCfg = Debug|Any CPU
		{AAA9AEBB-50DA-4693-A82B-184F7455B4F0}.Debug|Any CPU.Build.0 = Debug|Any CPU
		{AAA9AEBB-50DA-4693-A82B-184F7455B4F0}.Debug|ARM.ActiveCfg = Debug|ARM
		{AAA9AEBB-50DA-4693-A82B-184F7455B4F0}.Debug|ARM.Build.0 = Debug|ARM
		{AAA9AEBB-50DA-4693-A82B-184F7455B4F0}.Debug|Mixed Platforms.ActiveCfg = Debug|x86
		{AAA9AEBB-50DA-4693-A82B-184F7455B4F0}.Debug|Mixed Platforms.Build.0 = Debug|x86
		{AAA9AEBB-50DA-4693-A82B-184F7455B4F0}.Debug|Win32.ActiveCfg = Debug|x86
		{AAA9AEBB-50DA-4693-A82B-184F7455B4F0}.Debug|Win32.Build.0 = Debug|x86
		{AAA9AEBB-50DA-4693-A82B-184F7455B4F0}.Debug|x64.ActiveCfg = Debug|x64
		{AAA9AEBB-50DA-4693-A82B-184F7455B4F0}.Debug|x64.Build.0 = Debug|x64
		{AAA9AEBB-50DA-4693-A82B-184F7455B4F0}.Debug|x86.ActiveCfg = Debug|x86
		{AAA9AEBB-50DA-4693-A82B-184F7455B4F0}.Debug|x86.Build.0 = Debug|x86
		{AAA9AEBB-50DA-4693-A82B-184F7455B4F0}.Release|Any CPU.ActiveCfg = Release|Any CPU
		{AAA9AEBB-50DA-4693-A82B-184F7455B4F0}.Release|Any CPU.Build.0 = Release|Any CPU
		{AAA9AEBB-50DA-4693-A82B-184F7455B4F0}.Release|ARM.ActiveCfg = Release|ARM
		{AAA9AEBB-50DA-4693-A82B-184F7455B4F0}.Release|ARM.Build.0 = Release|ARM
		{AAA9AEBB-50DA-4693-A82B-184F7455B4F0}.Release|Mixed Platforms.ActiveCfg = Release|x86
		{AAA9AEBB-50DA-4693-A82B-184F7455B4F0}.Release|Mixed Platforms.Build.0 = Release|x86
		{AAA9AEBB-50DA-4693-A82B-184F7455B4F0}.Release|Win32.ActiveCfg = Release|x86
		{AAA9AEBB-50DA-4693-A82B-184F7455B4F0}.Release|Win32.Build.0 = Release|x86
		{AAA9AEBB-50DA-4693-A82B-184F7455B4F0}.Release|x64.ActiveCfg = Release|x64
		{AAA9AEBB-50DA-4693-A82B-184F7455B4F0}.Release|x64.Build.0 = Release|x64
		{AAA9AEBB-50DA-4693-A82B-184F7455B4F0}.Release|x86.ActiveCfg = Release|x86
		{AAA9AEBB-50DA-4693-A82B-184F7455B4F0}.Release|x86.Build.0 = Release|x86
		{95D1FC3C-5031-4D06-936C-067DC5DBB121}.Debug|Any CPU.ActiveCfg = Debug|Any CPU
		{95D1FC3C-5031-4D06-936C-067DC5DBB121}.Debug|Any CPU.Build.0 = Debug|Any CPU
		{95D1FC3C-5031-4D06-936C-067DC5DBB121}.Debug|ARM.ActiveCfg = Debug|Any CPU
		{95D1FC3C-5031-4D06-936C-067DC5DBB121}.Debug|Mixed Platforms.ActiveCfg = Debug|Any CPU
		{95D1FC3C-5031-4D06-936C-067DC5DBB121}.Debug|Mixed Platforms.Build.0 = Debug|Any CPU
		{95D1FC3C-5031-4D06-936C-067DC5DBB121}.Debug|Win32.ActiveCfg = Debug|Any CPU
		{95D1FC3C-5031-4D06-936C-067DC5DBB121}.Debug|x64.ActiveCfg = Debug|Any CPU
		{95D1FC3C-5031-4D06-936C-067DC5DBB121}.Debug|x86.ActiveCfg = Debug|Any CPU
		{95D1FC3C-5031-4D06-936C-067DC5DBB121}.Release|Any CPU.ActiveCfg = Release|Any CPU
		{95D1FC3C-5031-4D06-936C-067DC5DBB121}.Release|Any CPU.Build.0 = Release|Any CPU
		{95D1FC3C-5031-4D06-936C-067DC5DBB121}.Release|ARM.ActiveCfg = Release|Any CPU
		{95D1FC3C-5031-4D06-936C-067DC5DBB121}.Release|Mixed Platforms.ActiveCfg = Release|Any CPU
		{95D1FC3C-5031-4D06-936C-067DC5DBB121}.Release|Mixed Platforms.Build.0 = Release|Any CPU
		{95D1FC3C-5031-4D06-936C-067DC5DBB121}.Release|Win32.ActiveCfg = Release|Any CPU
		{95D1FC3C-5031-4D06-936C-067DC5DBB121}.Release|x64.ActiveCfg = Release|Any CPU
		{95D1FC3C-5031-4D06-936C-067DC5DBB121}.Release|x86.ActiveCfg = Release|Any CPU
		{946A0061-58F9-467D-9907-3046CEFB4524}.Debug|Any CPU.ActiveCfg = Debug|Any CPU
		{946A0061-58F9-467D-9907-3046CEFB4524}.Debug|Any CPU.Build.0 = Debug|Any CPU
		{946A0061-58F9-467D-9907-3046CEFB4524}.Debug|ARM.ActiveCfg = Debug|Any CPU
		{946A0061-58F9-467D-9907-3046CEFB4524}.Debug|Mixed Platforms.ActiveCfg = Debug|Any CPU
		{946A0061-58F9-467D-9907-3046CEFB4524}.Debug|Mixed Platforms.Build.0 = Debug|Any CPU
		{946A0061-58F9-467D-9907-3046CEFB4524}.Debug|Win32.ActiveCfg = Debug|Any CPU
		{946A0061-58F9-467D-9907-3046CEFB4524}.Debug|x64.ActiveCfg = Debug|Any CPU
		{946A0061-58F9-467D-9907-3046CEFB4524}.Debug|x86.ActiveCfg = Debug|Any CPU
		{946A0061-58F9-467D-9907-3046CEFB4524}.Release|Any CPU.ActiveCfg = Release|Any CPU
		{946A0061-58F9-467D-9907-3046CEFB4524}.Release|Any CPU.Build.0 = Release|Any CPU
		{946A0061-58F9-467D-9907-3046CEFB4524}.Release|ARM.ActiveCfg = Release|Any CPU
		{946A0061-58F9-467D-9907-3046CEFB4524}.Release|Mixed Platforms.ActiveCfg = Release|Any CPU
		{946A0061-58F9-467D-9907-3046CEFB4524}.Release|Mixed Platforms.Build.0 = Release|Any CPU
		{946A0061-58F9-467D-9907-3046CEFB4524}.Release|Win32.ActiveCfg = Release|Any CPU
		{946A0061-58F9-467D-9907-3046CEFB4524}.Release|x64.ActiveCfg = Release|Any CPU
		{946A0061-58F9-467D-9907-3046CEFB4524}.Release|x86.ActiveCfg = Release|Any CPU
		{66D527FE-E2F4-43E3-8A7C-BAE342617668}.Debug|Any CPU.ActiveCfg = Debug|Any CPU
		{66D527FE-E2F4-43E3-8A7C-BAE342617668}.Debug|Any CPU.Build.0 = Debug|Any CPU
		{66D527FE-E2F4-43E3-8A7C-BAE342617668}.Debug|ARM.ActiveCfg = Debug|Any CPU
		{66D527FE-E2F4-43E3-8A7C-BAE342617668}.Debug|Mixed Platforms.ActiveCfg = Debug|Any CPU
		{66D527FE-E2F4-43E3-8A7C-BAE342617668}.Debug|Mixed Platforms.Build.0 = Debug|Any CPU
		{66D527FE-E2F4-43E3-8A7C-BAE342617668}.Debug|Win32.ActiveCfg = Debug|Any CPU
		{66D527FE-E2F4-43E3-8A7C-BAE342617668}.Debug|x64.ActiveCfg = Debug|Any CPU
		{66D527FE-E2F4-43E3-8A7C-BAE342617668}.Debug|x86.ActiveCfg = Debug|Any CPU
		{66D527FE-E2F4-43E3-8A7C-BAE342617668}.Release|Any CPU.ActiveCfg = Release|Any CPU
		{66D527FE-E2F4-43E3-8A7C-BAE342617668}.Release|Any CPU.Build.0 = Release|Any CPU
		{66D527FE-E2F4-43E3-8A7C-BAE342617668}.Release|ARM.ActiveCfg = Release|Any CPU
		{66D527FE-E2F4-43E3-8A7C-BAE342617668}.Release|Mixed Platforms.ActiveCfg = Release|Any CPU
		{66D527FE-E2F4-43E3-8A7C-BAE342617668}.Release|Mixed Platforms.Build.0 = Release|Any CPU
		{66D527FE-E2F4-43E3-8A7C-BAE342617668}.Release|Win32.ActiveCfg = Release|Any CPU
		{66D527FE-E2F4-43E3-8A7C-BAE342617668}.Release|x64.ActiveCfg = Release|Any CPU
		{66D527FE-E2F4-43E3-8A7C-BAE342617668}.Release|x86.ActiveCfg = Release|Any CPU
		{0F6AD36A-BDE4-47A5-B50E-E2C7AB7EE43D}.Debug|Any CPU.ActiveCfg = Debug|Any CPU
		{0F6AD36A-BDE4-47A5-B50E-E2C7AB7EE43D}.Debug|Any CPU.Build.0 = Debug|Any CPU
		{0F6AD36A-BDE4-47A5-B50E-E2C7AB7EE43D}.Debug|ARM.ActiveCfg = Debug|Any CPU
		{0F6AD36A-BDE4-47A5-B50E-E2C7AB7EE43D}.Debug|Mixed Platforms.ActiveCfg = Debug|Any CPU
		{0F6AD36A-BDE4-47A5-B50E-E2C7AB7EE43D}.Debug|Mixed Platforms.Build.0 = Debug|Any CPU
		{0F6AD36A-BDE4-47A5-B50E-E2C7AB7EE43D}.Debug|Win32.ActiveCfg = Debug|Any CPU
		{0F6AD36A-BDE4-47A5-B50E-E2C7AB7EE43D}.Debug|x64.ActiveCfg = Debug|Any CPU
		{0F6AD36A-BDE4-47A5-B50E-E2C7AB7EE43D}.Debug|x86.ActiveCfg = Debug|Any CPU
		{0F6AD36A-BDE4-47A5-B50E-E2C7AB7EE43D}.Release|Any CPU.ActiveCfg = Release|Any CPU
		{0F6AD36A-BDE4-47A5-B50E-E2C7AB7EE43D}.Release|Any CPU.Build.0 = Release|Any CPU
		{0F6AD36A-BDE4-47A5-B50E-E2C7AB7EE43D}.Release|ARM.ActiveCfg = Release|Any CPU
		{0F6AD36A-BDE4-47A5-B50E-E2C7AB7EE43D}.Release|Mixed Platforms.ActiveCfg = Release|Any CPU
		{0F6AD36A-BDE4-47A5-B50E-E2C7AB7EE43D}.Release|Mixed Platforms.Build.0 = Release|Any CPU
		{0F6AD36A-BDE4-47A5-B50E-E2C7AB7EE43D}.Release|Win32.ActiveCfg = Release|Any CPU
		{0F6AD36A-BDE4-47A5-B50E-E2C7AB7EE43D}.Release|x64.ActiveCfg = Release|Any CPU
		{0F6AD36A-BDE4-47A5-B50E-E2C7AB7EE43D}.Release|x86.ActiveCfg = Release|Any CPU
		{6F72EB65-5A86-4935-B8F5-350B4524C89D}.Debug|Any CPU.ActiveCfg = Debug|Any CPU
		{6F72EB65-5A86-4935-B8F5-350B4524C89D}.Debug|Any CPU.Build.0 = Debug|Any CPU
		{6F72EB65-5A86-4935-B8F5-350B4524C89D}.Debug|ARM.ActiveCfg = Debug|Any CPU
		{6F72EB65-5A86-4935-B8F5-350B4524C89D}.Debug|Mixed Platforms.ActiveCfg = Debug|Any CPU
		{6F72EB65-5A86-4935-B8F5-350B4524C89D}.Debug|Mixed Platforms.Build.0 = Debug|Any CPU
		{6F72EB65-5A86-4935-B8F5-350B4524C89D}.Debug|Win32.ActiveCfg = Debug|Any CPU
		{6F72EB65-5A86-4935-B8F5-350B4524C89D}.Debug|x64.ActiveCfg = Debug|Any CPU
		{6F72EB65-5A86-4935-B8F5-350B4524C89D}.Debug|x86.ActiveCfg = Debug|Any CPU
		{6F72EB65-5A86-4935-B8F5-350B4524C89D}.Release|Any CPU.ActiveCfg = Release|Any CPU
		{6F72EB65-5A86-4935-B8F5-350B4524C89D}.Release|Any CPU.Build.0 = Release|Any CPU
		{6F72EB65-5A86-4935-B8F5-350B4524C89D}.Release|ARM.ActiveCfg = Release|Any CPU
		{6F72EB65-5A86-4935-B8F5-350B4524C89D}.Release|Mixed Platforms.ActiveCfg = Release|Any CPU
		{6F72EB65-5A86-4935-B8F5-350B4524C89D}.Release|Mixed Platforms.Build.0 = Release|Any CPU
		{6F72EB65-5A86-4935-B8F5-350B4524C89D}.Release|Win32.ActiveCfg = Release|Any CPU
		{6F72EB65-5A86-4935-B8F5-350B4524C89D}.Release|x64.ActiveCfg = Release|Any CPU
		{6F72EB65-5A86-4935-B8F5-350B4524C89D}.Release|x86.ActiveCfg = Release|Any CPU
	EndGlobalSection
	GlobalSection(SolutionProperties) = preSolution
		HideSolutionNode = FALSE
	EndGlobalSection
EndGlobal
