
Microsoft Visual Studio Solution File, Format Version 10.00
# Visual Studio 2008
Project("{FAE04EC0-301F-11D3-BF4B-00C04F79EFBC}") = "LinqToTwitterTest", "LinqToTwitterTest\LinqToTwitterTest.csproj", "{CF26D528-E26B-40DB-A821-DEDE868D2638}"
EndProject
Project("{FAE04EC0-301F-11D3-BF4B-00C04F79EFBC}") = "LinqToTwitter", "LinqToTwitter\LinqToTwitter.csproj", "{A214B9F0-6B8C-4E91-BE99-27F55CC860C1}"
EndProject
Global
	GlobalSection(SolutionConfigurationPlatforms) = preSolution
		Debug|Any CPU = Debug|Any CPU
		Release|Any CPU = Release|Any CPU
	EndGlobalSection
	GlobalSection(ProjectConfigurationPlatforms) = postSolution
		{CF26D528-E26B-40DB-A821-DEDE868D2638}.Debug|Any CPU.ActiveCfg = Debug|Any CPU
		{CF26D528-E26B-40DB-A821-DEDE868D2638}.Debug|Any CPU.Build.0 = Debug|Any CPU
		{CF26D528-E26B-40DB-A821-DEDE868D2638}.Release|Any CPU.ActiveCfg = Release|Any CPU
		{CF26D528-E26B-40DB-A821-DEDE868D2638}.Release|Any CPU.Build.0 = Release|Any CPU
		{A214B9F0-6B8C-4E91-BE99-27F55CC860C1}.Debug|Any CPU.ActiveCfg = Debug|Any CPU
		{A214B9F0-6B8C-4E91-BE99-27F55CC860C1}.Debug|Any CPU.Build.0 = Debug|Any CPU
		{A214B9F0-6B8C-4E91-BE99-27F55CC860C1}.Release|Any CPU.ActiveCfg = Release|Any CPU
		{A214B9F0-6B8C-4E91-BE99-27F55CC860C1}.Release|Any CPU.Build.0 = Release|Any CPU
	EndGlobalSection
	GlobalSection(SolutionProperties) = preSolution
		HideSolutionNode = FALSE
	EndGlobalSection
EndGlobal
