
Microsoft Visual Studio Solution File, Format Version 11.00
# Visual Studio 2010
Project("{FAE04EC0-301F-11D3-BF4B-00C04F79EFBC}") = "LinqToTwitterPcl", "LinqToTwitterPcl\LinqToTwitterPcl.csproj", "{90CE5B14-E480-4F82-B088-23C962FC34A3}"
EndProject
Global
	GlobalSection(SolutionConfigurationPlatforms) = preSolution
		Debug|Any CPU = Debug|Any CPU
		Release|Any CPU = Release|Any CPU
	EndGlobalSection
	GlobalSection(ProjectConfigurationPlatforms) = postSolution
		{90CE5B14-E480-4F82-B088-23C962FC34A3}.Debug|Any CPU.ActiveCfg = Debug|Any CPU
		{90CE5B14-E480-4F82-B088-23C962FC34A3}.Debug|Any CPU.Build.0 = Debug|Any CPU
		{90CE5B14-E480-4F82-B088-23C962FC34A3}.Release|Any CPU.ActiveCfg = Release|Any CPU
		{90CE5B14-E480-4F82-B088-23C962FC34A3}.Release|Any CPU.Build.0 = Release|Any CPU
	EndGlobalSection
	GlobalSection(SolutionProperties) = preSolution
		HideSolutionNode = FALSE
	EndGlobalSection
EndGlobal
