
Microsoft Visual Studio Solution File, Format Version 11.00
# Visual Studio 2010
Project("{2150E333-8FDC-42A3-9474-1A3956D46DE8}") = "Solution Items", "Solution Items", "{BC2D998B-4453-442C-B475-60F43B0D0D70}"
	ProjectSection(SolutionItems) = preProject
		LinqToTwitter.vsmdi = LinqToTwitter.vsmdi
		LocalTestRun.testrunconfig = LocalTestRun.testrunconfig
	EndProjectSection
EndProject
Project("{2150E333-8FDC-42A3-9474-1A3956D46DE8}") = "Resources", "Resources", "{F7E91FC6-DC3E-47D3-AC5C-09C01C4CEF7F}"
	ProjectSection(SolutionItems) = preProject
		Resources\BuildDelphiPrismDemo.bat = Resources\BuildDelphiPrismDemo.bat
		Resources\DelphiPrismDemo.pas = Resources\DelphiPrismDemo.pas
		Resources\DelphiPrismReadMe.txt = Resources\DelphiPrismReadMe.txt
		Resources\Moq.dll = Resources\Moq.dll
		Resources\Moq.pdb = Resources\Moq.pdb
		Resources\Moq.xml = Resources\Moq.xml
	EndProjectSection
EndProject
Project("{FAE04EC0-301F-11D3-BF4B-00C04F79EFBC}") = "LinqToTwitter", "LinqToTwitter\LinqToTwitter.csproj", "{A214B9F0-6B8C-4E91-BE99-27F55CC860C1}"
EndProject
Project("{FAE04EC0-301F-11D3-BF4B-00C04F79EFBC}") = "LinqToTwitterTests", "LinqToTwitterTests\LinqToTwitterTests.csproj", "{2DC196D0-E574-4F11-A235-8987DC8FFB79}"
EndProject
Project("{FAE04EC0-301F-11D3-BF4B-00C04F79EFBC}") = "LinqToTwitterDemo", "LinqToTwitterDemo\LinqToTwitterDemo.csproj", "{CF26D528-E26B-40DB-A821-DEDE868D2638}"
EndProject
Project("{E24C65DC-7377-472B-9ABA-BC803B73C61A}") = "LinqToTwitterWebFormsDemo", "LinqToTwitterWebFormsDemo", "{D22341E7-1F64-44A9-9A60-29FCCDBA5D5C}"
	ProjectSection(WebsiteProperties) = preProject
		SccProjectName = "SAK"
		SccAuxPath = "SAK"
		SccLocalPath = "SAK"
		SccProvider = "SAK"
		TargetFrameworkMoniker = ".NETFramework,Version%3Dv4.0"
		ProjectReferences = "{A214B9F0-6B8C-4E91-BE99-27F55CC860C1}|LinqToTwitter.dll;"
		Debug.AspNetCompiler.VirtualPath = "/LinqToTwitterWebFormsDemo"
		Debug.AspNetCompiler.PhysicalPath = "LinqToTwitterWebFormsDemo\"
		Debug.AspNetCompiler.TargetPath = "PrecompiledWeb\LinqToTwitterWebFormsDemo\"
		Debug.AspNetCompiler.Updateable = "true"
		Debug.AspNetCompiler.ForceOverwrite = "true"
		Debug.AspNetCompiler.FixedNames = "false"
		Debug.AspNetCompiler.Debug = "True"
		Release.AspNetCompiler.VirtualPath = "/LinqToTwitterWebFormsDemo"
		Release.AspNetCompiler.PhysicalPath = "LinqToTwitterWebFormsDemo\"
		Release.AspNetCompiler.TargetPath = "PrecompiledWeb\LinqToTwitterWebFormsDemo\"
		Release.AspNetCompiler.Updateable = "true"
		Release.AspNetCompiler.ForceOverwrite = "true"
		Release.AspNetCompiler.FixedNames = "false"
		Release.AspNetCompiler.Debug = "False"
		VWDPort = "3735"
		DefaultWebSiteLanguage = "Visual C#"
	EndProjectSection
EndProject
Project("{F184B08F-C81C-45F6-A57F-5ABD9991F28F}") = "LinqToTwitterDemoVB", "LinqToTwitterDemoVB\LinqToTwitterDemoVB.vbproj", "{C5526BE1-A83C-4E9B-B1EA-43DBBB74C403}"
EndProject
Project("{FAE04EC0-301F-11D3-BF4B-00C04F79EFBC}") = "LinqToTwitterMvcDemo", "LinqToTwitterMvcDemo\LinqToTwitterMvcDemo.csproj", "{54A55783-61E7-43CC-8148-265D84E26248}"
EndProject
Project("{FAE04EC0-301F-11D3-BF4B-00C04F79EFBC}") = "LinqToTwitterAg", "LinqToTwitterAg\LinqToTwitterAg.csproj", "{D6F5E8C4-5A90-4606-B9EF-9478DDA7BF9C}"
EndProject
Project("{FAE04EC0-301F-11D3-BF4B-00C04F79EFBC}") = "LinqToTwitterSilverlightDemo", "LinqToTwitterSilverlightDemo\LinqToTwitterSilverlightDemo.csproj", "{F1F4D80B-4772-4D9A-97F9-F11D57F4E519}"
EndProject
Project("{FAE04EC0-301F-11D3-BF4B-00C04F79EFBC}") = "LinqToTwitterSilverlightDemo.Web", "LinqToTwitterSilverlightDemo.Web\LinqToTwitterSilverlightDemo.Web.csproj", "{509AAAE9-A9DD-4CD1-9807-B315506BC6CE}"
EndProject
Project("{FAE04EC0-301F-11D3-BF4B-00C04F79EFBC}") = "LinqToTwitterXUnitTests", "LinqToTwitterXUnitTests\LinqToTwitterXUnitTests.csproj", "{6487F451-98B1-4911-B910-6D4AF27D7442}"
EndProject
Global
	GlobalSection(TeamFoundationVersionControl) = preSolution
		SccNumberOfProjects = 11
		SccEnterpriseProvider = {4CA58AB2-18FA-4F8D-95D4-32DDF27D184C}
		SccTeamFoundationServer = https://tfs.codeplex.com/tfs/tfs01
		SccLocalPath0 = .
		SccProjectUniqueName1 = LinqToTwitterTests\\LinqToTwitterTests.csproj
		SccProjectName1 = LinqToTwitterTests
		SccLocalPath1 = LinqToTwitterTests
		SccProjectUniqueName2 = LinqToTwitterDemo\\LinqToTwitterDemo.csproj
		SccProjectName2 = LinqToTwitterDemo
		SccLocalPath2 = LinqToTwitterDemo
		SccProjectUniqueName3 = LinqToTwitterDemoVB\\LinqToTwitterDemoVB.vbproj
		SccProjectName3 = LinqToTwitterDemoVB
		SccLocalPath3 = LinqToTwitterDemoVB
		SccWebProject4 = true
		SccProjectUniqueName4 = LinqToTwitterWebFormsDemo
		SccLocalPath4 = .
		SccProjectFilePathRelativizedFromConnection4 = LinqToTwitterWebFormsDemo\\
		SccProjectEnlistmentChoice4 = 2
		SccProjectUniqueName5 = LinqToTwitterMvcDemo\\LinqToTwitterMvcDemo.csproj
		SccProjectName5 = LinqToTwitterMvcDemo
		SccLocalPath5 = LinqToTwitterMvcDemo
		SccProjectUniqueName6 = LinqToTwitter\\LinqToTwitter.csproj
		SccProjectName6 = LinqToTwitter
		SccLocalPath6 = LinqToTwitter
		SccProjectUniqueName7 = LinqToTwitterAg\\LinqToTwitterAg.csproj
		SccProjectName7 = LinqToTwitterAg
		SccLocalPath7 = LinqToTwitterAg
		SccProjectUniqueName8 = LinqToTwitterSilverlightDemo\\LinqToTwitterSilverlightDemo.csproj
		SccProjectName8 = LinqToTwitterSilverlightDemo
		SccLocalPath8 = LinqToTwitterSilverlightDemo
		SccProjectUniqueName9 = LinqToTwitterSilverlightDemo.Web\\LinqToTwitterSilverlightDemo.Web.csproj
		SccProjectName9 = LinqToTwitterSilverlightDemo.Web
		SccLocalPath9 = LinqToTwitterSilverlightDemo.Web
		SccProjectUniqueName10 = LinqToTwitterXUnitTests\\LinqToTwitterXUnitTests.csproj
		SccProjectName10 = LinqToTwitterXUnitTests
		SccLocalPath10 = LinqToTwitterXUnitTests
	EndGlobalSection
	GlobalSection(TestCaseManagementSettings) = postSolution
		CategoryFile = LinqToTwitter.vsmdi
	EndGlobalSection
	GlobalSection(SolutionConfigurationPlatforms) = preSolution
		Debug|Any CPU = Debug|Any CPU
		Debug|x86 = Debug|x86
		Release|Any CPU = Release|Any CPU
		Release|x86 = Release|x86
	EndGlobalSection
	GlobalSection(ProjectConfigurationPlatforms) = postSolution
		{A214B9F0-6B8C-4E91-BE99-27F55CC860C1}.Debug|Any CPU.ActiveCfg = Debug|Any CPU
		{A214B9F0-6B8C-4E91-BE99-27F55CC860C1}.Debug|Any CPU.Build.0 = Debug|Any CPU
		{A214B9F0-6B8C-4E91-BE99-27F55CC860C1}.Debug|x86.ActiveCfg = Debug|x86
		{A214B9F0-6B8C-4E91-BE99-27F55CC860C1}.Debug|x86.Build.0 = Debug|x86
		{A214B9F0-6B8C-4E91-BE99-27F55CC860C1}.Release|Any CPU.ActiveCfg = Release|Any CPU
		{A214B9F0-6B8C-4E91-BE99-27F55CC860C1}.Release|Any CPU.Build.0 = Release|Any CPU
		{A214B9F0-6B8C-4E91-BE99-27F55CC860C1}.Release|x86.ActiveCfg = Release|Any CPU
		{A214B9F0-6B8C-4E91-BE99-27F55CC860C1}.Release|x86.Build.0 = Release|Any CPU
		{2DC196D0-E574-4F11-A235-8987DC8FFB79}.Debug|Any CPU.ActiveCfg = Debug|Any CPU
		{2DC196D0-E574-4F11-A235-8987DC8FFB79}.Debug|Any CPU.Build.0 = Debug|Any CPU
		{2DC196D0-E574-4F11-A235-8987DC8FFB79}.Debug|x86.ActiveCfg = Debug|x86
		{2DC196D0-E574-4F11-A235-8987DC8FFB79}.Debug|x86.Build.0 = Debug|x86
		{2DC196D0-E574-4F11-A235-8987DC8FFB79}.Release|Any CPU.ActiveCfg = Release|Any CPU
		{2DC196D0-E574-4F11-A235-8987DC8FFB79}.Release|Any CPU.Build.0 = Release|Any CPU
		{2DC196D0-E574-4F11-A235-8987DC8FFB79}.Release|x86.ActiveCfg = Release|Any CPU
		{2DC196D0-E574-4F11-A235-8987DC8FFB79}.Release|x86.Build.0 = Release|Any CPU
		{CF26D528-E26B-40DB-A821-DEDE868D2638}.Debug|Any CPU.ActiveCfg = Debug|Any CPU
		{CF26D528-E26B-40DB-A821-DEDE868D2638}.Debug|Any CPU.Build.0 = Debug|Any CPU
		{CF26D528-E26B-40DB-A821-DEDE868D2638}.Debug|x86.ActiveCfg = Debug|x86
		{CF26D528-E26B-40DB-A821-DEDE868D2638}.Debug|x86.Build.0 = Debug|x86
		{CF26D528-E26B-40DB-A821-DEDE868D2638}.Release|Any CPU.ActiveCfg = Release|Any CPU
		{CF26D528-E26B-40DB-A821-DEDE868D2638}.Release|Any CPU.Build.0 = Release|Any CPU
		{CF26D528-E26B-40DB-A821-DEDE868D2638}.Release|x86.ActiveCfg = Release|Any CPU
		{CF26D528-E26B-40DB-A821-DEDE868D2638}.Release|x86.Build.0 = Release|Any CPU
		{D22341E7-1F64-44A9-9A60-29FCCDBA5D5C}.Debug|Any CPU.ActiveCfg = Debug|Any CPU
		{D22341E7-1F64-44A9-9A60-29FCCDBA5D5C}.Debug|Any CPU.Build.0 = Debug|Any CPU
		{D22341E7-1F64-44A9-9A60-29FCCDBA5D5C}.Debug|x86.ActiveCfg = Debug|Any CPU
		{D22341E7-1F64-44A9-9A60-29FCCDBA5D5C}.Debug|x86.Build.0 = Debug|Any CPU
		{D22341E7-1F64-44A9-9A60-29FCCDBA5D5C}.Release|Any CPU.ActiveCfg = Debug|Any CPU
		{D22341E7-1F64-44A9-9A60-29FCCDBA5D5C}.Release|Any CPU.Build.0 = Debug|Any CPU
		{D22341E7-1F64-44A9-9A60-29FCCDBA5D5C}.Release|x86.ActiveCfg = Debug|Any CPU
		{D22341E7-1F64-44A9-9A60-29FCCDBA5D5C}.Release|x86.Build.0 = Debug|Any CPU
		{C5526BE1-A83C-4E9B-B1EA-43DBBB74C403}.Debug|Any CPU.ActiveCfg = Debug|Any CPU
		{C5526BE1-A83C-4E9B-B1EA-43DBBB74C403}.Debug|Any CPU.Build.0 = Debug|Any CPU
		{C5526BE1-A83C-4E9B-B1EA-43DBBB74C403}.Debug|x86.ActiveCfg = Debug|Any CPU
		{C5526BE1-A83C-4E9B-B1EA-43DBBB74C403}.Release|Any CPU.ActiveCfg = Release|Any CPU
		{C5526BE1-A83C-4E9B-B1EA-43DBBB74C403}.Release|Any CPU.Build.0 = Release|Any CPU
		{C5526BE1-A83C-4E9B-B1EA-43DBBB74C403}.Release|x86.ActiveCfg = Release|Any CPU
		{54A55783-61E7-43CC-8148-265D84E26248}.Debug|Any CPU.ActiveCfg = Debug|Any CPU
		{54A55783-61E7-43CC-8148-265D84E26248}.Debug|Any CPU.Build.0 = Debug|Any CPU
		{54A55783-61E7-43CC-8148-265D84E26248}.Debug|x86.ActiveCfg = Debug|Any CPU
		{54A55783-61E7-43CC-8148-265D84E26248}.Release|Any CPU.ActiveCfg = Release|Any CPU
		{54A55783-61E7-43CC-8148-265D84E26248}.Release|Any CPU.Build.0 = Release|Any CPU
		{54A55783-61E7-43CC-8148-265D84E26248}.Release|x86.ActiveCfg = Release|Any CPU
		{D6F5E8C4-5A90-4606-B9EF-9478DDA7BF9C}.Debug|Any CPU.ActiveCfg = Debug|Any CPU
		{D6F5E8C4-5A90-4606-B9EF-9478DDA7BF9C}.Debug|Any CPU.Build.0 = Debug|Any CPU
		{D6F5E8C4-5A90-4606-B9EF-9478DDA7BF9C}.Debug|x86.ActiveCfg = Debug|Any CPU
		{D6F5E8C4-5A90-4606-B9EF-9478DDA7BF9C}.Release|Any CPU.ActiveCfg = Release|Any CPU
		{D6F5E8C4-5A90-4606-B9EF-9478DDA7BF9C}.Release|Any CPU.Build.0 = Release|Any CPU
		{D6F5E8C4-5A90-4606-B9EF-9478DDA7BF9C}.Release|x86.ActiveCfg = Release|Any CPU
		{F1F4D80B-4772-4D9A-97F9-F11D57F4E519}.Debug|Any CPU.ActiveCfg = Debug|Any CPU
		{F1F4D80B-4772-4D9A-97F9-F11D57F4E519}.Debug|Any CPU.Build.0 = Debug|Any CPU
		{F1F4D80B-4772-4D9A-97F9-F11D57F4E519}.Debug|x86.ActiveCfg = Debug|Any CPU
		{F1F4D80B-4772-4D9A-97F9-F11D57F4E519}.Release|Any CPU.ActiveCfg = Release|Any CPU
		{F1F4D80B-4772-4D9A-97F9-F11D57F4E519}.Release|Any CPU.Build.0 = Release|Any CPU
		{F1F4D80B-4772-4D9A-97F9-F11D57F4E519}.Release|x86.ActiveCfg = Release|Any CPU
		{509AAAE9-A9DD-4CD1-9807-B315506BC6CE}.Debug|Any CPU.ActiveCfg = Debug|Any CPU
		{509AAAE9-A9DD-4CD1-9807-B315506BC6CE}.Debug|Any CPU.Build.0 = Debug|Any CPU
		{509AAAE9-A9DD-4CD1-9807-B315506BC6CE}.Debug|x86.ActiveCfg = Debug|Any CPU
		{509AAAE9-A9DD-4CD1-9807-B315506BC6CE}.Release|Any CPU.ActiveCfg = Release|Any CPU
		{509AAAE9-A9DD-4CD1-9807-B315506BC6CE}.Release|Any CPU.Build.0 = Release|Any CPU
		{509AAAE9-A9DD-4CD1-9807-B315506BC6CE}.Release|x86.ActiveCfg = Release|Any CPU
		{6487F451-98B1-4911-B910-6D4AF27D7442}.Debug|Any CPU.ActiveCfg = Debug|Any CPU
		{6487F451-98B1-4911-B910-6D4AF27D7442}.Debug|Any CPU.Build.0 = Debug|Any CPU
		{6487F451-98B1-4911-B910-6D4AF27D7442}.Debug|x86.ActiveCfg = Debug|Any CPU
		{6487F451-98B1-4911-B910-6D4AF27D7442}.Release|Any CPU.ActiveCfg = Release|Any CPU
		{6487F451-98B1-4911-B910-6D4AF27D7442}.Release|Any CPU.Build.0 = Release|Any CPU
		{6487F451-98B1-4911-B910-6D4AF27D7442}.Release|x86.ActiveCfg = Release|Any CPU
	EndGlobalSection
	GlobalSection(SolutionProperties) = preSolution
		HideSolutionNode = FALSE
	EndGlobalSection
EndGlobal
