
Microsoft Visual Studio Solution File, Format Version 12.00
# Visual Studio Version 16
VisualStudioVersion = 16.0.29926.136
MinimumVisualStudioVersion = 10.0.40219.1
Project("{FAE04EC0-301F-11D3-BF4B-00C04F79EFBC}") = "CoreDemo", "CoreDemo\CoreDemo.csproj", "{589AD110-3424-48E3-88EA-5E39BF1141B0}"
EndProject
Project("{FAE04EC0-301F-11D3-BF4B-00C04F79EFBC}") = "MvcDemo", "MvcDemo\MvcDemo.csproj", "{80E20BC0-3F39-4DB8-AB7A-571DEC8DC875}"
EndProject
Global
	GlobalSection(SolutionConfigurationPlatforms) = preSolution
		Debug|Any CPU = Debug|Any CPU
		Release|Any CPU = Release|Any CPU
	EndGlobalSection
	GlobalSection(ProjectConfigurationPlatforms) = postSolution
		{589AD110-3424-48E3-88EA-5E39BF1141B0}.Debug|Any CPU.ActiveCfg = Debug|Any CPU
		{589AD110-3424-48E3-88EA-5E39BF1141B0}.Debug|Any CPU.Build.0 = Debug|Any CPU
		{589AD110-3424-48E3-88EA-5E39BF1141B0}.Release|Any CPU.ActiveCfg = Release|Any CPU
		{589AD110-3424-48E3-88EA-5E39BF1141B0}.Release|Any CPU.Build.0 = Release|Any CPU
		{80E20BC0-3F39-4DB8-AB7A-571DEC8DC875}.Debug|Any CPU.ActiveCfg = Debug|Any CPU
		{80E20BC0-3F39-4DB8-AB7A-571DEC8DC875}.Debug|Any CPU.Build.0 = Debug|Any CPU
		{80E20BC0-3F39-4DB8-AB7A-571DEC8DC875}.Release|Any CPU.ActiveCfg = Release|Any CPU
		{80E20BC0-3F39-4DB8-AB7A-571DEC8DC875}.Release|Any CPU.Build.0 = Release|Any CPU
	EndGlobalSection
	GlobalSection(SolutionProperties) = preSolution
		HideSolutionNode = FALSE
	EndGlobalSection
	GlobalSection(ExtensibilityGlobals) = postSolution
		SolutionGuid = {8990DDB9-08DF-40E4-9AE4-A5F4830B15F5}
	EndGlobalSection
EndGlobal
