
Microsoft Visual Studio Solution File, Format Version 12.00
# Visual Studio 15
VisualStudioVersion = 15.0.27130.2010
MinimumVisualStudioVersion = 10.0.40219.1
Project("{FAE04EC0-301F-11D3-BF4B-00C04F79EFBC}") = "MvcDemo", "MvcDemo\MvcDemo.csproj", "{096E2905-36BE-4CA3-A5B9-94870522D447}"
EndProject
Project("{FAE04EC0-301F-11D3-BF4B-00C04F79EFBC}") = "WebFormsDemo", "WebFormsDemo\WebFormsDemo.csproj", "{2B50862D-1D21-4B8A-978E-DC289FC196EA}"
EndProject
Project("{FAE04EC0-301F-11D3-BF4B-00C04F79EFBC}") = "AccountActivityDemo", "AccountActivityDemo\AccountActivityDemo.csproj", "{C2BC4014-A430-4B61-AC2E-5006BC2CE01D}"
EndProject
Project("{FAE04EC0-301F-11D3-BF4B-00C04F79EFBC}") = "CoreDemo", "CoreDemo\CoreDemo.csproj", "{44AA382E-9A56-4146-A3B9-1CC753D87C05}"
EndProject
Global
	GlobalSection(SolutionConfigurationPlatforms) = preSolution
		Debug|Any CPU = Debug|Any CPU
		Debug|x64 = Debug|x64
		Debug|x86 = Debug|x86
		Release|Any CPU = Release|Any CPU
		Release|x64 = Release|x64
		Release|x86 = Release|x86
	EndGlobalSection
	GlobalSection(ProjectConfigurationPlatforms) = postSolution
		{096E2905-36BE-4CA3-A5B9-94870522D447}.Debug|Any CPU.ActiveCfg = Debug|Any CPU
		{096E2905-36BE-4CA3-A5B9-94870522D447}.Debug|Any CPU.Build.0 = Debug|Any CPU
		{096E2905-36BE-4CA3-A5B9-94870522D447}.Debug|x64.ActiveCfg = Debug|Any CPU
		{096E2905-36BE-4CA3-A5B9-94870522D447}.Debug|x64.Build.0 = Debug|Any CPU
		{096E2905-36BE-4CA3-A5B9-94870522D447}.Debug|x86.ActiveCfg = Debug|Any CPU
		{096E2905-36BE-4CA3-A5B9-94870522D447}.Debug|x86.Build.0 = Debug|Any CPU
		{096E2905-36BE-4CA3-A5B9-94870522D447}.Release|Any CPU.ActiveCfg = Release|Any CPU
		{096E2905-36BE-4CA3-A5B9-94870522D447}.Release|Any CPU.Build.0 = Release|Any CPU
		{096E2905-36BE-4CA3-A5B9-94870522D447}.Release|x64.ActiveCfg = Release|Any CPU
		{096E2905-36BE-4CA3-A5B9-94870522D447}.Release|x64.Build.0 = Release|Any CPU
		{096E2905-36BE-4CA3-A5B9-94870522D447}.Release|x86.ActiveCfg = Release|Any CPU
		{096E2905-36BE-4CA3-A5B9-94870522D447}.Release|x86.Build.0 = Release|Any CPU
		{2B50862D-1D21-4B8A-978E-DC289FC196EA}.Debug|Any CPU.ActiveCfg = Debug|Any CPU
		{2B50862D-1D21-4B8A-978E-DC289FC196EA}.Debug|Any CPU.Build.0 = Debug|Any CPU
		{2B50862D-1D21-4B8A-978E-DC289FC196EA}.Debug|x64.ActiveCfg = Debug|Any CPU
		{2B50862D-1D21-4B8A-978E-DC289FC196EA}.Debug|x64.Build.0 = Debug|Any CPU
		{2B50862D-1D21-4B8A-978E-DC289FC196EA}.Debug|x86.ActiveCfg = Debug|Any CPU
		{2B50862D-1D21-4B8A-978E-DC289FC196EA}.Debug|x86.Build.0 = Debug|Any CPU
		{2B50862D-1D21-4B8A-978E-DC289FC196EA}.Release|Any CPU.ActiveCfg = Release|Any CPU
		{2B50862D-1D21-4B8A-978E-DC289FC196EA}.Release|Any CPU.Build.0 = Release|Any CPU
		{2B50862D-1D21-4B8A-978E-DC289FC196EA}.Release|x64.ActiveCfg = Release|Any CPU
		{2B50862D-1D21-4B8A-978E-DC289FC196EA}.Release|x64.Build.0 = Release|Any CPU
		{2B50862D-1D21-4B8A-978E-DC289FC196EA}.Release|x86.ActiveCfg = Release|Any CPU
		{2B50862D-1D21-4B8A-978E-DC289FC196EA}.Release|x86.Build.0 = Release|Any CPU
		{C2BC4014-A430-4B61-AC2E-5006BC2CE01D}.Debug|Any CPU.ActiveCfg = Debug|Any CPU
		{C2BC4014-A430-4B61-AC2E-5006BC2CE01D}.Debug|Any CPU.Build.0 = Debug|Any CPU
		{C2BC4014-A430-4B61-AC2E-5006BC2CE01D}.Debug|x64.ActiveCfg = Debug|Any CPU
		{C2BC4014-A430-4B61-AC2E-5006BC2CE01D}.Debug|x64.Build.0 = Debug|Any CPU
		{C2BC4014-A430-4B61-AC2E-5006BC2CE01D}.Debug|x86.ActiveCfg = Debug|Any CPU
		{C2BC4014-A430-4B61-AC2E-5006BC2CE01D}.Debug|x86.Build.0 = Debug|Any CPU
		{C2BC4014-A430-4B61-AC2E-5006BC2CE01D}.Release|Any CPU.ActiveCfg = Release|Any CPU
		{C2BC4014-A430-4B61-AC2E-5006BC2CE01D}.Release|Any CPU.Build.0 = Release|Any CPU
		{C2BC4014-A430-4B61-AC2E-5006BC2CE01D}.Release|x64.ActiveCfg = Release|Any CPU
		{C2BC4014-A430-4B61-AC2E-5006BC2CE01D}.Release|x64.Build.0 = Release|Any CPU
		{C2BC4014-A430-4B61-AC2E-5006BC2CE01D}.Release|x86.ActiveCfg = Release|Any CPU
		{C2BC4014-A430-4B61-AC2E-5006BC2CE01D}.Release|x86.Build.0 = Release|Any CPU
		{44AA382E-9A56-4146-A3B9-1CC753D87C05}.Debug|Any CPU.ActiveCfg = Debug|Any CPU
		{44AA382E-9A56-4146-A3B9-1CC753D87C05}.Debug|Any CPU.Build.0 = Debug|Any CPU
		{44AA382E-9A56-4146-A3B9-1CC753D87C05}.Debug|x64.ActiveCfg = Debug|Any CPU
		{44AA382E-9A56-4146-A3B9-1CC753D87C05}.Debug|x64.Build.0 = Debug|Any CPU
		{44AA382E-9A56-4146-A3B9-1CC753D87C05}.Debug|x86.ActiveCfg = Debug|Any CPU
		{44AA382E-9A56-4146-A3B9-1CC753D87C05}.Debug|x86.Build.0 = Debug|Any CPU
		{44AA382E-9A56-4146-A3B9-1CC753D87C05}.Release|Any CPU.ActiveCfg = Release|Any CPU
		{44AA382E-9A56-4146-A3B9-1CC753D87C05}.Release|Any CPU.Build.0 = Release|Any CPU
		{44AA382E-9A56-4146-A3B9-1CC753D87C05}.Release|x64.ActiveCfg = Release|Any CPU
		{44AA382E-9A56-4146-A3B9-1CC753D87C05}.Release|x64.Build.0 = Release|Any CPU
		{44AA382E-9A56-4146-A3B9-1CC753D87C05}.Release|x86.ActiveCfg = Release|Any CPU
		{44AA382E-9A56-4146-A3B9-1CC753D87C05}.Release|x86.Build.0 = Release|Any CPU
	EndGlobalSection
	GlobalSection(SolutionProperties) = preSolution
		HideSolutionNode = FALSE
	EndGlobalSection
	GlobalSection(ExtensibilityGlobals) = postSolution
		SolutionGuid = {88AC7B4E-5462-4639-868A-BC344E93A4D1}
	EndGlobalSection
EndGlobal
