
Microsoft Visual Studio Solution File, Format Version 12.00
# Visual Studio 14
VisualStudioVersion = 14.0.24720.0
MinimumVisualStudioVersion = 10.0.40219.1
Project("{FAE04EC0-301F-11D3-BF4B-00C04F79EFBC}") = "XamarinFormsPortable.Droid", "XamarinFormsPortable\XamarinFormsPortable.Droid\XamarinFormsPortable.Droid.csproj", "{C4E705CC-8004-40D3-A4FF-EF818ED7FEDC}"
EndProject
Project("{FAE04EC0-301F-11D3-BF4B-00C04F79EFBC}") = "XamarinFormsPortable.iOS", "XamarinFormsPortable\XamarinFormsPortable.iOS\XamarinFormsPortable.iOS.csproj", "{35A65831-E05A-409B-AFB6-22F6C8E32C42}"
EndProject
Project("{FAE04EC0-301F-11D3-BF4B-00C04F79EFBC}") = "XamarinFormsPortable", "XamarinFormsPortable\XamarinFormsPortable\XamarinFormsPortable.csproj", "{79D75115-27B9-48D1-B6DC-2B90B3FD4698}"
EndProject
Global
	GlobalSection(SolutionConfigurationPlatforms) = preSolution
		Ad-Hoc|Any CPU = Ad-Hoc|Any CPU
		Ad-Hoc|ARM = Ad-Hoc|ARM
		Ad-Hoc|iPhone = Ad-Hoc|iPhone
		Ad-Hoc|iPhoneSimulator = Ad-Hoc|iPhoneSimulator
		Ad-Hoc|x64 = Ad-Hoc|x64
		Ad-Hoc|x86 = Ad-Hoc|x86
		AppStore|Any CPU = AppStore|Any CPU
		AppStore|ARM = AppStore|ARM
		AppStore|iPhone = AppStore|iPhone
		AppStore|iPhoneSimulator = AppStore|iPhoneSimulator
		AppStore|x64 = AppStore|x64
		AppStore|x86 = AppStore|x86
		Debug|Any CPU = Debug|Any CPU
		Debug|ARM = Debug|ARM
		Debug|iPhone = Debug|iPhone
		Debug|iPhoneSimulator = Debug|iPhoneSimulator
		Debug|x64 = Debug|x64
		Debug|x86 = Debug|x86
		Release|Any CPU = Release|Any CPU
		Release|ARM = Release|ARM
		Release|iPhone = Release|iPhone
		Release|iPhoneSimulator = Release|iPhoneSimulator
		Release|x64 = Release|x64
		Release|x86 = Release|x86
	EndGlobalSection
	GlobalSection(ProjectConfigurationPlatforms) = postSolution
		{C4E705CC-8004-40D3-A4FF-EF818ED7FEDC}.Ad-Hoc|Any CPU.ActiveCfg = Release|Any CPU
		{C4E705CC-8004-40D3-A4FF-EF818ED7FEDC}.Ad-Hoc|Any CPU.Build.0 = Release|Any CPU
		{C4E705CC-8004-40D3-A4FF-EF818ED7FEDC}.Ad-Hoc|Any CPU.Deploy.0 = Release|Any CPU
		{C4E705CC-8004-40D3-A4FF-EF818ED7FEDC}.Ad-Hoc|ARM.ActiveCfg = Release|Any CPU
		{C4E705CC-8004-40D3-A4FF-EF818ED7FEDC}.Ad-Hoc|ARM.Build.0 = Release|Any CPU
		{C4E705CC-8004-40D3-A4FF-EF818ED7FEDC}.Ad-Hoc|ARM.Deploy.0 = Release|Any CPU
		{C4E705CC-8004-40D3-A4FF-EF818ED7FEDC}.Ad-Hoc|iPhone.ActiveCfg = Release|Any CPU
		{C4E705CC-8004-40D3-A4FF-EF818ED7FEDC}.Ad-Hoc|iPhone.Build.0 = Release|Any CPU
		{C4E705CC-8004-40D3-A4FF-EF818ED7FEDC}.Ad-Hoc|iPhone.Deploy.0 = Release|Any CPU
		{C4E705CC-8004-40D3-A4FF-EF818ED7FEDC}.Ad-Hoc|iPhoneSimulator.ActiveCfg = Release|Any CPU
		{C4E705CC-8004-40D3-A4FF-EF818ED7FEDC}.Ad-Hoc|iPhoneSimulator.Build.0 = Release|Any CPU
		{C4E705CC-8004-40D3-A4FF-EF818ED7FEDC}.Ad-Hoc|iPhoneSimulator.Deploy.0 = Release|Any CPU
		{C4E705CC-8004-40D3-A4FF-EF818ED7FEDC}.Ad-Hoc|x64.ActiveCfg = Release|Any CPU
		{C4E705CC-8004-40D3-A4FF-EF818ED7FEDC}.Ad-Hoc|x64.Build.0 = Release|Any CPU
		{C4E705CC-8004-40D3-A4FF-EF818ED7FEDC}.Ad-Hoc|x64.Deploy.0 = Release|Any CPU
		{C4E705CC-8004-40D3-A4FF-EF818ED7FEDC}.Ad-Hoc|x86.ActiveCfg = Release|Any CPU
		{C4E705CC-8004-40D3-A4FF-EF818ED7FEDC}.Ad-Hoc|x86.Build.0 = Release|Any CPU
		{C4E705CC-8004-40D3-A4FF-EF818ED7FEDC}.Ad-Hoc|x86.Deploy.0 = Release|Any CPU
		{C4E705CC-8004-40D3-A4FF-EF818ED7FEDC}.AppStore|Any CPU.ActiveCfg = Release|Any CPU
		{C4E705CC-8004-40D3-A4FF-EF818ED7FEDC}.AppStore|Any CPU.Build.0 = Release|Any CPU
		{C4E705CC-8004-40D3-A4FF-EF818ED7FEDC}.AppStore|Any CPU.Deploy.0 = Release|Any CPU
		{C4E705CC-8004-40D3-A4FF-EF818ED7FEDC}.AppStore|ARM.ActiveCfg = Release|Any CPU
		{C4E705CC-8004-40D3-A4FF-EF818ED7FEDC}.AppStore|ARM.Build.0 = Release|Any CPU
		{C4E705CC-8004-40D3-A4FF-EF818ED7FEDC}.AppStore|ARM.Deploy.0 = Release|Any CPU
		{C4E705CC-8004-40D3-A4FF-EF818ED7FEDC}.AppStore|iPhone.ActiveCfg = Release|Any CPU
		{C4E705CC-8004-40D3-A4FF-EF818ED7FEDC}.AppStore|iPhone.Build.0 = Release|Any CPU
		{C4E705CC-8004-40D3-A4FF-EF818ED7FEDC}.AppStore|iPhone.Deploy.0 = Release|Any CPU
		{C4E705CC-8004-40D3-A4FF-EF818ED7FEDC}.AppStore|iPhoneSimulator.ActiveCfg = Release|Any CPU
		{C4E705CC-8004-40D3-A4FF-EF818ED7FEDC}.AppStore|iPhoneSimulator.Build.0 = Release|Any CPU
		{C4E705CC-8004-40D3-A4FF-EF818ED7FEDC}.AppStore|iPhoneSimulator.Deploy.0 = Release|Any CPU
		{C4E705CC-8004-40D3-A4FF-EF818ED7FEDC}.AppStore|x64.ActiveCfg = Release|Any CPU
		{C4E705CC-8004-40D3-A4FF-EF818ED7FEDC}.AppStore|x64.Build.0 = Release|Any CPU
		{C4E705CC-8004-40D3-A4FF-EF818ED7FEDC}.AppStore|x64.Deploy.0 = Release|Any CPU
		{C4E705CC-8004-40D3-A4FF-EF818ED7FEDC}.AppStore|x86.ActiveCfg = Release|Any CPU
		{C4E705CC-8004-40D3-A4FF-EF818ED7FEDC}.AppStore|x86.Build.0 = Release|Any CPU
		{C4E705CC-8004-40D3-A4FF-EF818ED7FEDC}.AppStore|x86.Deploy.0 = Release|Any CPU
		{C4E705CC-8004-40D3-A4FF-EF818ED7FEDC}.Debug|Any CPU.ActiveCfg = Debug|Any CPU
		{C4E705CC-8004-40D3-A4FF-EF818ED7FEDC}.Debug|Any CPU.Build.0 = Debug|Any CPU
		{C4E705CC-8004-40D3-A4FF-EF818ED7FEDC}.Debug|Any CPU.Deploy.0 = Debug|Any CPU
		{C4E705CC-8004-40D3-A4FF-EF818ED7FEDC}.Debug|ARM.ActiveCfg = Debug|Any CPU
		{C4E705CC-8004-40D3-A4FF-EF818ED7FEDC}.Debug|ARM.Build.0 = Debug|Any CPU
		{C4E705CC-8004-40D3-A4FF-EF818ED7FEDC}.Debug|ARM.Deploy.0 = Debug|Any CPU
		{C4E705CC-8004-40D3-A4FF-EF818ED7FEDC}.Debug|iPhone.ActiveCfg = Debug|Any CPU
		{C4E705CC-8004-40D3-A4FF-EF818ED7FEDC}.Debug|iPhone.Build.0 = Debug|Any CPU
		{C4E705CC-8004-40D3-A4FF-EF818ED7FEDC}.Debug|iPhone.Deploy.0 = Debug|Any CPU
		{C4E705CC-8004-40D3-A4FF-EF818ED7FEDC}.Debug|iPhoneSimulator.ActiveCfg = Debug|Any CPU
		{C4E705CC-8004-40D3-A4FF-EF818ED7FEDC}.Debug|iPhoneSimulator.Build.0 = Debug|Any CPU
		{C4E705CC-8004-40D3-A4FF-EF818ED7FEDC}.Debug|iPhoneSimulator.Deploy.0 = Debug|Any CPU
		{C4E705CC-8004-40D3-A4FF-EF818ED7FEDC}.Debug|x64.ActiveCfg = Debug|Any CPU
		{C4E705CC-8004-40D3-A4FF-EF818ED7FEDC}.Debug|x64.Build.0 = Debug|Any CPU
		{C4E705CC-8004-40D3-A4FF-EF818ED7FEDC}.Debug|x64.Deploy.0 = Debug|Any CPU
		{C4E705CC-8004-40D3-A4FF-EF818ED7FEDC}.Debug|x86.ActiveCfg = Debug|Any CPU
		{C4E705CC-8004-40D3-A4FF-EF818ED7FEDC}.Debug|x86.Build.0 = Debug|Any CPU
		{C4E705CC-8004-40D3-A4FF-EF818ED7FEDC}.Debug|x86.Deploy.0 = Debug|Any CPU
		{C4E705CC-8004-40D3-A4FF-EF818ED7FEDC}.Release|Any CPU.ActiveCfg = Release|Any CPU
		{C4E705CC-8004-40D3-A4FF-EF818ED7FEDC}.Release|Any CPU.Build.0 = Release|Any CPU
		{C4E705CC-8004-40D3-A4FF-EF818ED7FEDC}.Release|Any CPU.Deploy.0 = Release|Any CPU
		{C4E705CC-8004-40D3-A4FF-EF818ED7FEDC}.Release|ARM.ActiveCfg = Release|Any CPU
		{C4E705CC-8004-40D3-A4FF-EF818ED7FEDC}.Release|ARM.Build.0 = Release|Any CPU
		{C4E705CC-8004-40D3-A4FF-EF818ED7FEDC}.Release|ARM.Deploy.0 = Release|Any CPU
		{C4E705CC-8004-40D3-A4FF-EF818ED7FEDC}.Release|iPhone.ActiveCfg = Release|Any CPU
		{C4E705CC-8004-40D3-A4FF-EF818ED7FEDC}.Release|iPhone.Build.0 = Release|Any CPU
		{C4E705CC-8004-40D3-A4FF-EF818ED7FEDC}.Release|iPhone.Deploy.0 = Release|Any CPU
		{C4E705CC-8004-40D3-A4FF-EF818ED7FEDC}.Release|iPhoneSimulator.ActiveCfg = Release|Any CPU
		{C4E705CC-8004-40D3-A4FF-EF818ED7FEDC}.Release|iPhoneSimulator.Build.0 = Release|Any CPU
		{C4E705CC-8004-40D3-A4FF-EF818ED7FEDC}.Release|iPhoneSimulator.Deploy.0 = Release|Any CPU
		{C4E705CC-8004-40D3-A4FF-EF818ED7FEDC}.Release|x64.ActiveCfg = Release|Any CPU
		{C4E705CC-8004-40D3-A4FF-EF818ED7FEDC}.Release|x64.Build.0 = Release|Any CPU
		{C4E705CC-8004-40D3-A4FF-EF818ED7FEDC}.Release|x64.Deploy.0 = Release|Any CPU
		{C4E705CC-8004-40D3-A4FF-EF818ED7FEDC}.Release|x86.ActiveCfg = Release|Any CPU
		{C4E705CC-8004-40D3-A4FF-EF818ED7FEDC}.Release|x86.Build.0 = Release|Any CPU
		{C4E705CC-8004-40D3-A4FF-EF818ED7FEDC}.Release|x86.Deploy.0 = Release|Any CPU
		{35A65831-E05A-409B-AFB6-22F6C8E32C42}.Ad-Hoc|Any CPU.ActiveCfg = Ad-Hoc|iPhone
		{35A65831-E05A-409B-AFB6-22F6C8E32C42}.Ad-Hoc|ARM.ActiveCfg = Ad-Hoc|iPhone
		{35A65831-E05A-409B-AFB6-22F6C8E32C42}.Ad-Hoc|iPhone.ActiveCfg = Ad-Hoc|iPhone
		{35A65831-E05A-409B-AFB6-22F6C8E32C42}.Ad-Hoc|iPhone.Build.0 = Ad-Hoc|iPhone
		{35A65831-E05A-409B-AFB6-22F6C8E32C42}.Ad-Hoc|iPhoneSimulator.ActiveCfg = Ad-Hoc|iPhoneSimulator
		{35A65831-E05A-409B-AFB6-22F6C8E32C42}.Ad-Hoc|iPhoneSimulator.Build.0 = Ad-Hoc|iPhoneSimulator
		{35A65831-E05A-409B-AFB6-22F6C8E32C42}.Ad-Hoc|x64.ActiveCfg = Ad-Hoc|iPhone
		{35A65831-E05A-409B-AFB6-22F6C8E32C42}.Ad-Hoc|x86.ActiveCfg = Ad-Hoc|iPhone
		{35A65831-E05A-409B-AFB6-22F6C8E32C42}.AppStore|Any CPU.ActiveCfg = AppStore|iPhone
		{35A65831-E05A-409B-AFB6-22F6C8E32C42}.AppStore|ARM.ActiveCfg = AppStore|iPhone
		{35A65831-E05A-409B-AFB6-22F6C8E32C42}.AppStore|iPhone.ActiveCfg = AppStore|iPhone
		{35A65831-E05A-409B-AFB6-22F6C8E32C42}.AppStore|iPhone.Build.0 = AppStore|iPhone
		{35A65831-E05A-409B-AFB6-22F6C8E32C42}.AppStore|iPhoneSimulator.ActiveCfg = AppStore|iPhoneSimulator
		{35A65831-E05A-409B-AFB6-22F6C8E32C42}.AppStore|iPhoneSimulator.Build.0 = AppStore|iPhoneSimulator
		{35A65831-E05A-409B-AFB6-22F6C8E32C42}.AppStore|x64.ActiveCfg = AppStore|iPhone
		{35A65831-E05A-409B-AFB6-22F6C8E32C42}.AppStore|x86.ActiveCfg = AppStore|iPhone
		{35A65831-E05A-409B-AFB6-22F6C8E32C42}.Debug|Any CPU.ActiveCfg = Debug|iPhone
		{35A65831-E05A-409B-AFB6-22F6C8E32C42}.Debug|ARM.ActiveCfg = Debug|iPhone
		{35A65831-E05A-409B-AFB6-22F6C8E32C42}.Debug|iPhone.ActiveCfg = Debug|iPhone
		{35A65831-E05A-409B-AFB6-22F6C8E32C42}.Debug|iPhone.Build.0 = Debug|iPhone
		{35A65831-E05A-409B-AFB6-22F6C8E32C42}.Debug|iPhoneSimulator.ActiveCfg = Debug|iPhoneSimulator
		{35A65831-E05A-409B-AFB6-22F6C8E32C42}.Debug|iPhoneSimulator.Build.0 = Debug|iPhoneSimulator
		{35A65831-E05A-409B-AFB6-22F6C8E32C42}.Debug|x64.ActiveCfg = Debug|iPhone
		{35A65831-E05A-409B-AFB6-22F6C8E32C42}.Debug|x86.ActiveCfg = Debug|iPhone
		{35A65831-E05A-409B-AFB6-22F6C8E32C42}.Release|Any CPU.ActiveCfg = Release|iPhone
		{35A65831-E05A-409B-AFB6-22F6C8E32C42}.Release|ARM.ActiveCfg = Release|iPhone
		{35A65831-E05A-409B-AFB6-22F6C8E32C42}.Release|iPhone.ActiveCfg = Release|iPhone
		{35A65831-E05A-409B-AFB6-22F6C8E32C42}.Release|iPhone.Build.0 = Release|iPhone
		{35A65831-E05A-409B-AFB6-22F6C8E32C42}.Release|iPhoneSimulator.ActiveCfg = Release|iPhoneSimulator
		{35A65831-E05A-409B-AFB6-22F6C8E32C42}.Release|iPhoneSimulator.Build.0 = Release|iPhoneSimulator
		{35A65831-E05A-409B-AFB6-22F6C8E32C42}.Release|x64.ActiveCfg = Release|iPhone
		{35A65831-E05A-409B-AFB6-22F6C8E32C42}.Release|x86.ActiveCfg = Release|iPhone
		{79D75115-27B9-48D1-B6DC-2B90B3FD4698}.Ad-Hoc|Any CPU.ActiveCfg = Release|Any CPU
		{79D75115-27B9-48D1-B6DC-2B90B3FD4698}.Ad-Hoc|Any CPU.Build.0 = Release|Any CPU
		{79D75115-27B9-48D1-B6DC-2B90B3FD4698}.Ad-Hoc|ARM.ActiveCfg = Release|Any CPU
		{79D75115-27B9-48D1-B6DC-2B90B3FD4698}.Ad-Hoc|ARM.Build.0 = Release|Any CPU
		{79D75115-27B9-48D1-B6DC-2B90B3FD4698}.Ad-Hoc|iPhone.ActiveCfg = Release|Any CPU
		{79D75115-27B9-48D1-B6DC-2B90B3FD4698}.Ad-Hoc|iPhone.Build.0 = Release|Any CPU
		{79D75115-27B9-48D1-B6DC-2B90B3FD4698}.Ad-Hoc|iPhoneSimulator.ActiveCfg = Release|Any CPU
		{79D75115-27B9-48D1-B6DC-2B90B3FD4698}.Ad-Hoc|iPhoneSimulator.Build.0 = Release|Any CPU
		{79D75115-27B9-48D1-B6DC-2B90B3FD4698}.Ad-Hoc|x64.ActiveCfg = Release|Any CPU
		{79D75115-27B9-48D1-B6DC-2B90B3FD4698}.Ad-Hoc|x64.Build.0 = Release|Any CPU
		{79D75115-27B9-48D1-B6DC-2B90B3FD4698}.Ad-Hoc|x86.ActiveCfg = Release|Any CPU
		{79D75115-27B9-48D1-B6DC-2B90B3FD4698}.Ad-Hoc|x86.Build.0 = Release|Any CPU
		{79D75115-27B9-48D1-B6DC-2B90B3FD4698}.AppStore|Any CPU.ActiveCfg = Release|Any CPU
		{79D75115-27B9-48D1-B6DC-2B90B3FD4698}.AppStore|Any CPU.Build.0 = Release|Any CPU
		{79D75115-27B9-48D1-B6DC-2B90B3FD4698}.AppStore|ARM.ActiveCfg = Release|Any CPU
		{79D75115-27B9-48D1-B6DC-2B90B3FD4698}.AppStore|ARM.Build.0 = Release|Any CPU
		{79D75115-27B9-48D1-B6DC-2B90B3FD4698}.AppStore|iPhone.ActiveCfg = Release|Any CPU
		{79D75115-27B9-48D1-B6DC-2B90B3FD4698}.AppStore|iPhone.Build.0 = Release|Any CPU
		{79D75115-27B9-48D1-B6DC-2B90B3FD4698}.AppStore|iPhoneSimulator.ActiveCfg = Release|Any CPU
		{79D75115-27B9-48D1-B6DC-2B90B3FD4698}.AppStore|iPhoneSimulator.Build.0 = Release|Any CPU
		{79D75115-27B9-48D1-B6DC-2B90B3FD4698}.AppStore|x64.ActiveCfg = Release|Any CPU
		{79D75115-27B9-48D1-B6DC-2B90B3FD4698}.AppStore|x64.Build.0 = Release|Any CPU
		{79D75115-27B9-48D1-B6DC-2B90B3FD4698}.AppStore|x86.ActiveCfg = Release|Any CPU
		{79D75115-27B9-48D1-B6DC-2B90B3FD4698}.AppStore|x86.Build.0 = Release|Any CPU
		{79D75115-27B9-48D1-B6DC-2B90B3FD4698}.Debug|Any CPU.ActiveCfg = Debug|Any CPU
		{79D75115-27B9-48D1-B6DC-2B90B3FD4698}.Debug|Any CPU.Build.0 = Debug|Any CPU
		{79D75115-27B9-48D1-B6DC-2B90B3FD4698}.Debug|ARM.ActiveCfg = Debug|Any CPU
		{79D75115-27B9-48D1-B6DC-2B90B3FD4698}.Debug|ARM.Build.0 = Debug|Any CPU
		{79D75115-27B9-48D1-B6DC-2B90B3FD4698}.Debug|iPhone.ActiveCfg = Debug|Any CPU
		{79D75115-27B9-48D1-B6DC-2B90B3FD4698}.Debug|iPhone.Build.0 = Debug|Any CPU
		{79D75115-27B9-48D1-B6DC-2B90B3FD4698}.Debug|iPhoneSimulator.ActiveCfg = Debug|Any CPU
		{79D75115-27B9-48D1-B6DC-2B90B3FD4698}.Debug|iPhoneSimulator.Build.0 = Debug|Any CPU
		{79D75115-27B9-48D1-B6DC-2B90B3FD4698}.Debug|x64.ActiveCfg = Debug|Any CPU
		{79D75115-27B9-48D1-B6DC-2B90B3FD4698}.Debug|x64.Build.0 = Debug|Any CPU
		{79D75115-27B9-48D1-B6DC-2B90B3FD4698}.Debug|x86.ActiveCfg = Debug|Any CPU
		{79D75115-27B9-48D1-B6DC-2B90B3FD4698}.Debug|x86.Build.0 = Debug|Any CPU
		{79D75115-27B9-48D1-B6DC-2B90B3FD4698}.Release|Any CPU.ActiveCfg = Release|Any CPU
		{79D75115-27B9-48D1-B6DC-2B90B3FD4698}.Release|Any CPU.Build.0 = Release|Any CPU
		{79D75115-27B9-48D1-B6DC-2B90B3FD4698}.Release|ARM.ActiveCfg = Release|Any CPU
		{79D75115-27B9-48D1-B6DC-2B90B3FD4698}.Release|ARM.Build.0 = Release|Any CPU
		{79D75115-27B9-48D1-B6DC-2B90B3FD4698}.Release|iPhone.ActiveCfg = Release|Any CPU
		{79D75115-27B9-48D1-B6DC-2B90B3FD4698}.Release|iPhone.Build.0 = Release|Any CPU
		{79D75115-27B9-48D1-B6DC-2B90B3FD4698}.Release|iPhoneSimulator.ActiveCfg = Release|Any CPU
		{79D75115-27B9-48D1-B6DC-2B90B3FD4698}.Release|iPhoneSimulator.Build.0 = Release|Any CPU
		{79D75115-27B9-48D1-B6DC-2B90B3FD4698}.Release|x64.ActiveCfg = Release|Any CPU
		{79D75115-27B9-48D1-B6DC-2B90B3FD4698}.Release|x64.Build.0 = Release|Any CPU
		{79D75115-27B9-48D1-B6DC-2B90B3FD4698}.Release|x86.ActiveCfg = Release|Any CPU
		{79D75115-27B9-48D1-B6DC-2B90B3FD4698}.Release|x86.Build.0 = Release|Any CPU
	EndGlobalSection
	GlobalSection(SolutionProperties) = preSolution
		HideSolutionNode = FALSE
	EndGlobalSection
EndGlobal
