
Microsoft Visual Studio Solution File, Format Version 12.00
# Visual Studio Version 16
VisualStudioVersion = 16.0.29806.167
MinimumVisualStudioVersion = 10.0.40219.1
Project("{D954291E-2A0B-460D-934E-DC6B0785DB48}") = "LinqToTwitter.Shared", "LinqToTwitter.Shared\LinqToTwitter.Shared.shproj", "{7B25A4F0-18EA-4819-B67C-EFEA0E14F919}"
EndProject
Project("{D954291E-2A0B-460D-934E-DC6B0785DB48}") = "LinqToTwitter.Shared.uap", "LinqToTwitter.Shared.uap\LinqToTwitter.Shared.uap.shproj", "{0936A109-C6B5-4527-89A9-966E8E6C9E26}"
EndProject
Project("{D954291E-2A0B-460D-934E-DC6B0785DB48}") = "LinqToTwitter.Shared.net", "LinqToTwitter.Shared.net\LinqToTwitter.Shared.net.shproj", "{37396599-8A5A-4AC5-B583-C49EC4E40781}"
EndProject
Project("{D954291E-2A0B-460D-934E-DC6B0785DB48}") = "LinqToTwitter.Shared.xamarin", "LinqToTwitter.Shared.xamarin\LinqToTwitter.Shared.xamarin.shproj", "{4AA86B5F-FBBB-473C-A9F2-FCA5DD7C6C71}"
EndProject
Project("{FAE04EC0-301F-11D3-BF4B-00C04F79EFBC}") = "LinqToTwitter.xamarin", "LinqToTwitter.xamarin\LinqToTwitter.xamarin.csproj", "{67F9D3A8-F71E-4428-913F-C37AE82CDB24}"
EndProject
Project("{FAE04EC0-301F-11D3-BF4B-00C04F79EFBC}") = "LinqToTwitter.Tests", "LinqToTwitter.Tests\LinqToTwitter.Tests.csproj", "{C909EBD0-9CA3-49FB-8B78-F4EE4426D4F6}"
EndProject
Project("{FAE04EC0-301F-11D3-BF4B-00C04F79EFBC}") = "LinqToTwitter.uap10", "LinqToTwitter.uap10\LinqToTwitter.uap10.csproj", "{0CDBCFCA-4404-4F6E-976F-1165F1072604}"
EndProject
Project("{FAE04EC0-301F-11D3-BF4B-00C04F79EFBC}") = "LinqToTwitter.AspNet", "LinqToTwitter.AspNet\LinqToTwitter.AspNet.csproj", "{946A0061-58F9-467D-9907-3046CEFB4524}"
EndProject
Project("{D954291E-2A0B-460D-934E-DC6B0785DB48}") = "LinqToTwitter.Shared.aspnet", "LinqToTwitter.Shared.aspnet\LinqToTwitter.Shared.aspnet.shproj", "{4CDADC23-01E2-41EB-BBDA-3C76E2582B50}"
EndProject
Project("{9A19103F-16F7-4668-BE54-9A1E7A4F7556}") = "LinqToTwitter.netstandard", "LinqToTwitter.netstandard\LinqToTwitter.netstandard.csproj", "{50A782C7-CF5D-456B-8D9C-2F124B594B45}"
EndProject
Project("{FAE04EC0-301F-11D3-BF4B-00C04F79EFBC}") = "LinqToTwitter.Uwp", "LinqToTwitter.Uwp\LinqToTwitter.Uwp.csproj", "{6DB2E62F-2A71-4CC8-AA09-9673A75757A1}"
EndProject
Project("{9A19103F-16F7-4668-BE54-9A1E7A4F7556}") = "ConsoleSamples", "..\..\Samples\LinqToTwitter5\net46\CSharp\ConsoleSamples\ConsoleSamples.csproj", "{4F72E768-B0CA-4580-B7F3-B67073A4AF10}"
EndProject
Project("{2150E333-8FDC-42A3-9474-1A3956D46DE8}") = "Solution Items", "Solution Items", "{05535458-71E8-44E0-8699-5D8899BEA2F4}"
	ProjectSection(SolutionItems) = preProject
		.editorconfig = .editorconfig
	EndProjectSection
EndProject
Project("{FAE04EC0-301F-11D3-BF4B-00C04F79EFBC}") = "LinqToTwitter.net", "LinqToTwitter.net\LinqToTwitter.net.csproj", "{8BEA10CB-FF91-4D13-868D-2210EC2F8294}"
EndProject
Project("{9A19103F-16F7-4668-BE54-9A1E7A4F7556}") = "LinqToTwitter.Core", "LinqToTwitter.Core\LinqToTwitter.Core.csproj", "{C3F21F82-B9E5-40C7-8B52-AE81E02ED8B7}"
EndProject
Project("{9A19103F-16F7-4668-BE54-9A1E7A4F7556}") = "LinqToTwitter.AspNetCore", "LinqToTwitter.AspNetCore\LinqToTwitter.AspNetCore.csproj", "{8F5AE379-EFFF-4898-B882-9173CD483EF4}"
EndProject
Project("{9A19103F-16F7-4668-BE54-9A1E7A4F7556}") = "LinqToTwitter.AspNetStd", "LinqToTwitter.AspNetStd\LinqToTwitter.AspNetStd.csproj", "{47F77FBB-88B2-430B-9150-4F358A2AC755}"
EndProject
Global
	GlobalSection(SharedMSBuildProjectFiles) = preSolution
		LinqToTwitter.Shared.uap\LinqToTwitter.Shared.uap.projitems*{0936a109-c6b5-4527-89a9-966e8e6c9e26}*SharedItemsImports = 13
		LinqToTwitter.Shared.uap\LinqToTwitter.Shared.uap.projitems*{0cdbcfca-4404-4f6e-976f-1165f1072604}*SharedItemsImports = 4
		LinqToTwitter.Shared\LinqToTwitter.Shared.projitems*{0cdbcfca-4404-4f6e-976f-1165f1072604}*SharedItemsImports = 4
		LinqToTwitter.Shared.net\LinqToTwitter.Shared.net.projitems*{37396599-8a5a-4ac5-b583-c49ec4e40781}*SharedItemsImports = 13
		LinqToTwitter.Shared.aspnet\LinqToTwitter.Shared.aspnet.projitems*{47f77fbb-88b2-430b-9150-4f358a2ac755}*SharedItemsImports = 5
		LinqToTwitter.Shared.xamarin\LinqToTwitter.Shared.xamarin.projitems*{4aa86b5f-fbbb-473c-a9f2-fca5dd7c6c71}*SharedItemsImports = 13
		LinqToTwitter.Shared.aspnet\LinqToTwitter.Shared.aspnet.projitems*{4cdadc23-01e2-41eb-bbda-3c76e2582b50}*SharedItemsImports = 13
		LinqToTwitter.Shared.net\LinqToTwitter.Shared.net.projitems*{50a782c7-cf5d-456b-8d9c-2f124b594b45}*SharedItemsImports = 5
		LinqToTwitter.Shared\LinqToTwitter.Shared.projitems*{50a782c7-cf5d-456b-8d9c-2f124b594b45}*SharedItemsImports = 5
		LinqToTwitter.Shared.xamarin\LinqToTwitter.Shared.xamarin.projitems*{67f9d3a8-f71e-4428-913f-c37ae82cdb24}*SharedItemsImports = 4
		LinqToTwitter.Shared\LinqToTwitter.Shared.projitems*{67f9d3a8-f71e-4428-913f-c37ae82cdb24}*SharedItemsImports = 4
		LinqToTwitter.Shared\LinqToTwitter.Shared.projitems*{7b25a4f0-18ea-4819-b67c-efea0e14f919}*SharedItemsImports = 13
		LinqToTwitter.Shared.net\LinqToTwitter.Shared.net.projitems*{8bea10cb-ff91-4d13-868d-2210ec2f8294}*SharedItemsImports = 4
		LinqToTwitter.Shared\LinqToTwitter.Shared.projitems*{8bea10cb-ff91-4d13-868d-2210ec2f8294}*SharedItemsImports = 4
		LinqToTwitter.Shared.aspnet\LinqToTwitter.Shared.aspnet.projitems*{8f5ae379-efff-4898-b882-9173cd483ef4}*SharedItemsImports = 5
		LinqToTwitter.Shared.aspnet\LinqToTwitter.Shared.aspnet.projitems*{946a0061-58f9-467d-9907-3046cefb4524}*SharedItemsImports = 4
		LinqToTwitter.Shared.net\LinqToTwitter.Shared.net.projitems*{c3f21f82-b9e5-40c7-8b52-ae81e02ed8b7}*SharedItemsImports = 5
		LinqToTwitter.Shared\LinqToTwitter.Shared.projitems*{c3f21f82-b9e5-40c7-8b52-ae81e02ed8b7}*SharedItemsImports = 5
	EndGlobalSection
	GlobalSection(SolutionConfigurationPlatforms) = preSolution
		Ad-Hoc|Any CPU = Ad-Hoc|Any CPU
		Ad-Hoc|ARM = Ad-Hoc|ARM
		Ad-Hoc|iPhone = Ad-Hoc|iPhone
		Ad-Hoc|iPhoneSimulator = Ad-Hoc|iPhoneSimulator
		Ad-Hoc|x64 = Ad-Hoc|x64
		Ad-Hoc|x86 = Ad-Hoc|x86
		AppStore|Any CPU = AppStore|Any CPU
		AppStore|ARM = AppStore|ARM
		AppStore|iPhone = AppStore|iPhone
		AppStore|iPhoneSimulator = AppStore|iPhoneSimulator
		AppStore|x64 = AppStore|x64
		AppStore|x86 = AppStore|x86
		Debug|Any CPU = Debug|Any CPU
		Debug|ARM = Debug|ARM
		Debug|iPhone = Debug|iPhone
		Debug|iPhoneSimulator = Debug|iPhoneSimulator
		Debug|x64 = Debug|x64
		Debug|x86 = Debug|x86
		Release|Any CPU = Release|Any CPU
		Release|ARM = Release|ARM
		Release|iPhone = Release|iPhone
		Release|iPhoneSimulator = Release|iPhoneSimulator
		Release|x64 = Release|x64
		Release|x86 = Release|x86
	EndGlobalSection
	GlobalSection(ProjectConfigurationPlatforms) = postSolution
		{67F9D3A8-F71E-4428-913F-C37AE82CDB24}.Ad-Hoc|Any CPU.ActiveCfg = Release|Any CPU
		{67F9D3A8-F71E-4428-913F-C37AE82CDB24}.Ad-Hoc|Any CPU.Build.0 = Release|Any CPU
		{67F9D3A8-F71E-4428-913F-C37AE82CDB24}.Ad-Hoc|ARM.ActiveCfg = Release|Any CPU
		{67F9D3A8-F71E-4428-913F-C37AE82CDB24}.Ad-Hoc|ARM.Build.0 = Release|Any CPU
		{67F9D3A8-F71E-4428-913F-C37AE82CDB24}.Ad-Hoc|iPhone.ActiveCfg = Release|Any CPU
		{67F9D3A8-F71E-4428-913F-C37AE82CDB24}.Ad-Hoc|iPhone.Build.0 = Release|Any CPU
		{67F9D3A8-F71E-4428-913F-C37AE82CDB24}.Ad-Hoc|iPhoneSimulator.ActiveCfg = Release|Any CPU
		{67F9D3A8-F71E-4428-913F-C37AE82CDB24}.Ad-Hoc|iPhoneSimulator.Build.0 = Release|Any CPU
		{67F9D3A8-F71E-4428-913F-C37AE82CDB24}.Ad-Hoc|x64.ActiveCfg = Release|Any CPU
		{67F9D3A8-F71E-4428-913F-C37AE82CDB24}.Ad-Hoc|x64.Build.0 = Release|Any CPU
		{67F9D3A8-F71E-4428-913F-C37AE82CDB24}.Ad-Hoc|x86.ActiveCfg = Release|Any CPU
		{67F9D3A8-F71E-4428-913F-C37AE82CDB24}.Ad-Hoc|x86.Build.0 = Release|Any CPU
		{67F9D3A8-F71E-4428-913F-C37AE82CDB24}.AppStore|Any CPU.ActiveCfg = Release|Any CPU
		{67F9D3A8-F71E-4428-913F-C37AE82CDB24}.AppStore|Any CPU.Build.0 = Release|Any CPU
		{67F9D3A8-F71E-4428-913F-C37AE82CDB24}.AppStore|ARM.ActiveCfg = Release|Any CPU
		{67F9D3A8-F71E-4428-913F-C37AE82CDB24}.AppStore|ARM.Build.0 = Release|Any CPU
		{67F9D3A8-F71E-4428-913F-C37AE82CDB24}.AppStore|iPhone.ActiveCfg = Release|Any CPU
		{67F9D3A8-F71E-4428-913F-C37AE82CDB24}.AppStore|iPhone.Build.0 = Release|Any CPU
		{67F9D3A8-F71E-4428-913F-C37AE82CDB24}.AppStore|iPhoneSimulator.ActiveCfg = Release|Any CPU
		{67F9D3A8-F71E-4428-913F-C37AE82CDB24}.AppStore|iPhoneSimulator.Build.0 = Release|Any CPU
		{67F9D3A8-F71E-4428-913F-C37AE82CDB24}.AppStore|x64.ActiveCfg = Release|Any CPU
		{67F9D3A8-F71E-4428-913F-C37AE82CDB24}.AppStore|x64.Build.0 = Release|Any CPU
		{67F9D3A8-F71E-4428-913F-C37AE82CDB24}.AppStore|x86.ActiveCfg = Release|Any CPU
		{67F9D3A8-F71E-4428-913F-C37AE82CDB24}.AppStore|x86.Build.0 = Release|Any CPU
		{67F9D3A8-F71E-4428-913F-C37AE82CDB24}.Debug|Any CPU.ActiveCfg = Debug|Any CPU
		{67F9D3A8-F71E-4428-913F-C37AE82CDB24}.Debug|Any CPU.Build.0 = Debug|Any CPU
		{67F9D3A8-F71E-4428-913F-C37AE82CDB24}.Debug|ARM.ActiveCfg = Debug|Any CPU
		{67F9D3A8-F71E-4428-913F-C37AE82CDB24}.Debug|ARM.Build.0 = Debug|Any CPU
		{67F9D3A8-F71E-4428-913F-C37AE82CDB24}.Debug|iPhone.ActiveCfg = Debug|Any CPU
		{67F9D3A8-F71E-4428-913F-C37AE82CDB24}.Debug|iPhone.Build.0 = Debug|Any CPU
		{67F9D3A8-F71E-4428-913F-C37AE82CDB24}.Debug|iPhoneSimulator.ActiveCfg = Debug|Any CPU
		{67F9D3A8-F71E-4428-913F-C37AE82CDB24}.Debug|iPhoneSimulator.Build.0 = Debug|Any CPU
		{67F9D3A8-F71E-4428-913F-C37AE82CDB24}.Debug|x64.ActiveCfg = Debug|Any CPU
		{67F9D3A8-F71E-4428-913F-C37AE82CDB24}.Debug|x64.Build.0 = Debug|Any CPU
		{67F9D3A8-F71E-4428-913F-C37AE82CDB24}.Debug|x86.ActiveCfg = Debug|Any CPU
		{67F9D3A8-F71E-4428-913F-C37AE82CDB24}.Debug|x86.Build.0 = Debug|Any CPU
		{67F9D3A8-F71E-4428-913F-C37AE82CDB24}.Release|Any CPU.ActiveCfg = Release|Any CPU
		{67F9D3A8-F71E-4428-913F-C37AE82CDB24}.Release|Any CPU.Build.0 = Release|Any CPU
		{67F9D3A8-F71E-4428-913F-C37AE82CDB24}.Release|ARM.ActiveCfg = Release|Any CPU
		{67F9D3A8-F71E-4428-913F-C37AE82CDB24}.Release|ARM.Build.0 = Release|Any CPU
		{67F9D3A8-F71E-4428-913F-C37AE82CDB24}.Release|iPhone.ActiveCfg = Release|Any CPU
		{67F9D3A8-F71E-4428-913F-C37AE82CDB24}.Release|iPhone.Build.0 = Release|Any CPU
		{67F9D3A8-F71E-4428-913F-C37AE82CDB24}.Release|iPhoneSimulator.ActiveCfg = Release|Any CPU
		{67F9D3A8-F71E-4428-913F-C37AE82CDB24}.Release|iPhoneSimulator.Build.0 = Release|Any CPU
		{67F9D3A8-F71E-4428-913F-C37AE82CDB24}.Release|x64.ActiveCfg = Release|Any CPU
		{67F9D3A8-F71E-4428-913F-C37AE82CDB24}.Release|x64.Build.0 = Release|Any CPU
		{67F9D3A8-F71E-4428-913F-C37AE82CDB24}.Release|x86.ActiveCfg = Release|Any CPU
		{67F9D3A8-F71E-4428-913F-C37AE82CDB24}.Release|x86.Build.0 = Release|Any CPU
		{C909EBD0-9CA3-49FB-8B78-F4EE4426D4F6}.Ad-Hoc|Any CPU.ActiveCfg = Release|Any CPU
		{C909EBD0-9CA3-49FB-8B78-F4EE4426D4F6}.Ad-Hoc|Any CPU.Build.0 = Release|Any CPU
		{C909EBD0-9CA3-49FB-8B78-F4EE4426D4F6}.Ad-Hoc|ARM.ActiveCfg = Release|Any CPU
		{C909EBD0-9CA3-49FB-8B78-F4EE4426D4F6}.Ad-Hoc|ARM.Build.0 = Release|Any CPU
		{C909EBD0-9CA3-49FB-8B78-F4EE4426D4F6}.Ad-Hoc|iPhone.ActiveCfg = Release|Any CPU
		{C909EBD0-9CA3-49FB-8B78-F4EE4426D4F6}.Ad-Hoc|iPhone.Build.0 = Release|Any CPU
		{C909EBD0-9CA3-49FB-8B78-F4EE4426D4F6}.Ad-Hoc|iPhoneSimulator.ActiveCfg = Release|Any CPU
		{C909EBD0-9CA3-49FB-8B78-F4EE4426D4F6}.Ad-Hoc|iPhoneSimulator.Build.0 = Release|Any CPU
		{C909EBD0-9CA3-49FB-8B78-F4EE4426D4F6}.Ad-Hoc|x64.ActiveCfg = Release|Any CPU
		{C909EBD0-9CA3-49FB-8B78-F4EE4426D4F6}.Ad-Hoc|x64.Build.0 = Release|Any CPU
		{C909EBD0-9CA3-49FB-8B78-F4EE4426D4F6}.Ad-Hoc|x86.ActiveCfg = Release|Any CPU
		{C909EBD0-9CA3-49FB-8B78-F4EE4426D4F6}.Ad-Hoc|x86.Build.0 = Release|Any CPU
		{C909EBD0-9CA3-49FB-8B78-F4EE4426D4F6}.AppStore|Any CPU.ActiveCfg = Release|Any CPU
		{C909EBD0-9CA3-49FB-8B78-F4EE4426D4F6}.AppStore|Any CPU.Build.0 = Release|Any CPU
		{C909EBD0-9CA3-49FB-8B78-F4EE4426D4F6}.AppStore|ARM.ActiveCfg = Release|Any CPU
		{C909EBD0-9CA3-49FB-8B78-F4EE4426D4F6}.AppStore|ARM.Build.0 = Release|Any CPU
		{C909EBD0-9CA3-49FB-8B78-F4EE4426D4F6}.AppStore|iPhone.ActiveCfg = Release|Any CPU
		{C909EBD0-9CA3-49FB-8B78-F4EE4426D4F6}.AppStore|iPhone.Build.0 = Release|Any CPU
		{C909EBD0-9CA3-49FB-8B78-F4EE4426D4F6}.AppStore|iPhoneSimulator.ActiveCfg = Release|Any CPU
		{C909EBD0-9CA3-49FB-8B78-F4EE4426D4F6}.AppStore|iPhoneSimulator.Build.0 = Release|Any CPU
		{C909EBD0-9CA3-49FB-8B78-F4EE4426D4F6}.AppStore|x64.ActiveCfg = Release|Any CPU
		{C909EBD0-9CA3-49FB-8B78-F4EE4426D4F6}.AppStore|x64.Build.0 = Release|Any CPU
		{C909EBD0-9CA3-49FB-8B78-F4EE4426D4F6}.AppStore|x86.ActiveCfg = Release|Any CPU
		{C909EBD0-9CA3-49FB-8B78-F4EE4426D4F6}.AppStore|x86.Build.0 = Release|Any CPU
		{C909EBD0-9CA3-49FB-8B78-F4EE4426D4F6}.Debug|Any CPU.ActiveCfg = Debug|Any CPU
		{C909EBD0-9CA3-49FB-8B78-F4EE4426D4F6}.Debug|Any CPU.Build.0 = Debug|Any CPU
		{C909EBD0-9CA3-49FB-8B78-F4EE4426D4F6}.Debug|ARM.ActiveCfg = Debug|Any CPU
		{C909EBD0-9CA3-49FB-8B78-F4EE4426D4F6}.Debug|ARM.Build.0 = Debug|Any CPU
		{C909EBD0-9CA3-49FB-8B78-F4EE4426D4F6}.Debug|iPhone.ActiveCfg = Debug|Any CPU
		{C909EBD0-9CA3-49FB-8B78-F4EE4426D4F6}.Debug|iPhone.Build.0 = Debug|Any CPU
		{C909EBD0-9CA3-49FB-8B78-F4EE4426D4F6}.Debug|iPhoneSimulator.ActiveCfg = Debug|Any CPU
		{C909EBD0-9CA3-49FB-8B78-F4EE4426D4F6}.Debug|iPhoneSimulator.Build.0 = Debug|Any CPU
		{C909EBD0-9CA3-49FB-8B78-F4EE4426D4F6}.Debug|x64.ActiveCfg = Debug|Any CPU
		{C909EBD0-9CA3-49FB-8B78-F4EE4426D4F6}.Debug|x64.Build.0 = Debug|Any CPU
		{C909EBD0-9CA3-49FB-8B78-F4EE4426D4F6}.Debug|x86.ActiveCfg = Debug|Any CPU
		{C909EBD0-9CA3-49FB-8B78-F4EE4426D4F6}.Debug|x86.Build.0 = Debug|Any CPU
		{C909EBD0-9CA3-49FB-8B78-F4EE4426D4F6}.Release|Any CPU.ActiveCfg = Release|Any CPU
		{C909EBD0-9CA3-49FB-8B78-F4EE4426D4F6}.Release|Any CPU.Build.0 = Release|Any CPU
		{C909EBD0-9CA3-49FB-8B78-F4EE4426D4F6}.Release|ARM.ActiveCfg = Release|Any CPU
		{C909EBD0-9CA3-49FB-8B78-F4EE4426D4F6}.Release|ARM.Build.0 = Release|Any CPU
		{C909EBD0-9CA3-49FB-8B78-F4EE4426D4F6}.Release|iPhone.ActiveCfg = Release|Any CPU
		{C909EBD0-9CA3-49FB-8B78-F4EE4426D4F6}.Release|iPhone.Build.0 = Release|Any CPU
		{C909EBD0-9CA3-49FB-8B78-F4EE4426D4F6}.Release|iPhoneSimulator.ActiveCfg = Release|Any CPU
		{C909EBD0-9CA3-49FB-8B78-F4EE4426D4F6}.Release|iPhoneSimulator.Build.0 = Release|Any CPU
		{C909EBD0-9CA3-49FB-8B78-F4EE4426D4F6}.Release|x64.ActiveCfg = Release|Any CPU
		{C909EBD0-9CA3-49FB-8B78-F4EE4426D4F6}.Release|x64.Build.0 = Release|Any CPU
		{C909EBD0-9CA3-49FB-8B78-F4EE4426D4F6}.Release|x86.ActiveCfg = Release|Any CPU
		{C909EBD0-9CA3-49FB-8B78-F4EE4426D4F6}.Release|x86.Build.0 = Release|Any CPU
		{0CDBCFCA-4404-4F6E-976F-1165F1072604}.Ad-Hoc|Any CPU.ActiveCfg = Release|Any CPU
		{0CDBCFCA-4404-4F6E-976F-1165F1072604}.Ad-Hoc|Any CPU.Build.0 = Release|Any CPU
		{0CDBCFCA-4404-4F6E-976F-1165F1072604}.Ad-Hoc|ARM.ActiveCfg = Release|ARM
		{0CDBCFCA-4404-4F6E-976F-1165F1072604}.Ad-Hoc|ARM.Build.0 = Release|ARM
		{0CDBCFCA-4404-4F6E-976F-1165F1072604}.Ad-Hoc|iPhone.ActiveCfg = Release|Any CPU
		{0CDBCFCA-4404-4F6E-976F-1165F1072604}.Ad-Hoc|iPhone.Build.0 = Release|Any CPU
		{0CDBCFCA-4404-4F6E-976F-1165F1072604}.Ad-Hoc|iPhoneSimulator.ActiveCfg = Release|Any CPU
		{0CDBCFCA-4404-4F6E-976F-1165F1072604}.Ad-Hoc|iPhoneSimulator.Build.0 = Release|Any CPU
		{0CDBCFCA-4404-4F6E-976F-1165F1072604}.Ad-Hoc|x64.ActiveCfg = Release|x64
		{0CDBCFCA-4404-4F6E-976F-1165F1072604}.Ad-Hoc|x64.Build.0 = Release|x64
		{0CDBCFCA-4404-4F6E-976F-1165F1072604}.Ad-Hoc|x86.ActiveCfg = Release|x86
		{0CDBCFCA-4404-4F6E-976F-1165F1072604}.Ad-Hoc|x86.Build.0 = Release|x86
		{0CDBCFCA-4404-4F6E-976F-1165F1072604}.AppStore|Any CPU.ActiveCfg = Release|Any CPU
		{0CDBCFCA-4404-4F6E-976F-1165F1072604}.AppStore|Any CPU.Build.0 = Release|Any CPU
		{0CDBCFCA-4404-4F6E-976F-1165F1072604}.AppStore|ARM.ActiveCfg = Release|ARM
		{0CDBCFCA-4404-4F6E-976F-1165F1072604}.AppStore|ARM.Build.0 = Release|ARM
		{0CDBCFCA-4404-4F6E-976F-1165F1072604}.AppStore|iPhone.ActiveCfg = Release|Any CPU
		{0CDBCFCA-4404-4F6E-976F-1165F1072604}.AppStore|iPhone.Build.0 = Release|Any CPU
		{0CDBCFCA-4404-4F6E-976F-1165F1072604}.AppStore|iPhoneSimulator.ActiveCfg = Release|Any CPU
		{0CDBCFCA-4404-4F6E-976F-1165F1072604}.AppStore|iPhoneSimulator.Build.0 = Release|Any CPU
		{0CDBCFCA-4404-4F6E-976F-1165F1072604}.AppStore|x64.ActiveCfg = Release|x64
		{0CDBCFCA-4404-4F6E-976F-1165F1072604}.AppStore|x64.Build.0 = Release|x64
		{0CDBCFCA-4404-4F6E-976F-1165F1072604}.AppStore|x86.ActiveCfg = Release|x86
		{0CDBCFCA-4404-4F6E-976F-1165F1072604}.AppStore|x86.Build.0 = Release|x86
		{0CDBCFCA-4404-4F6E-976F-1165F1072604}.Debug|Any CPU.ActiveCfg = Debug|Any CPU
		{0CDBCFCA-4404-4F6E-976F-1165F1072604}.Debug|Any CPU.Build.0 = Debug|Any CPU
		{0CDBCFCA-4404-4F6E-976F-1165F1072604}.Debug|ARM.ActiveCfg = Debug|ARM
		{0CDBCFCA-4404-4F6E-976F-1165F1072604}.Debug|ARM.Build.0 = Debug|ARM
		{0CDBCFCA-4404-4F6E-976F-1165F1072604}.Debug|iPhone.ActiveCfg = Debug|Any CPU
		{0CDBCFCA-4404-4F6E-976F-1165F1072604}.Debug|iPhone.Build.0 = Debug|Any CPU
		{0CDBCFCA-4404-4F6E-976F-1165F1072604}.Debug|iPhoneSimulator.ActiveCfg = Debug|Any CPU
		{0CDBCFCA-4404-4F6E-976F-1165F1072604}.Debug|iPhoneSimulator.Build.0 = Debug|Any CPU
		{0CDBCFCA-4404-4F6E-976F-1165F1072604}.Debug|x64.ActiveCfg = Debug|x64
		{0CDBCFCA-4404-4F6E-976F-1165F1072604}.Debug|x64.Build.0 = Debug|x64
		{0CDBCFCA-4404-4F6E-976F-1165F1072604}.Debug|x86.ActiveCfg = Debug|x86
		{0CDBCFCA-4404-4F6E-976F-1165F1072604}.Debug|x86.Build.0 = Debug|x86
		{0CDBCFCA-4404-4F6E-976F-1165F1072604}.Release|Any CPU.ActiveCfg = Release|Any CPU
		{0CDBCFCA-4404-4F6E-976F-1165F1072604}.Release|Any CPU.Build.0 = Release|Any CPU
		{0CDBCFCA-4404-4F6E-976F-1165F1072604}.Release|ARM.ActiveCfg = Release|ARM
		{0CDBCFCA-4404-4F6E-976F-1165F1072604}.Release|ARM.Build.0 = Release|ARM
		{0CDBCFCA-4404-4F6E-976F-1165F1072604}.Release|iPhone.ActiveCfg = Release|Any CPU
		{0CDBCFCA-4404-4F6E-976F-1165F1072604}.Release|iPhone.Build.0 = Release|Any CPU
		{0CDBCFCA-4404-4F6E-976F-1165F1072604}.Release|iPhoneSimulator.ActiveCfg = Release|Any CPU
		{0CDBCFCA-4404-4F6E-976F-1165F1072604}.Release|iPhoneSimulator.Build.0 = Release|Any CPU
		{0CDBCFCA-4404-4F6E-976F-1165F1072604}.Release|x64.ActiveCfg = Release|x64
		{0CDBCFCA-4404-4F6E-976F-1165F1072604}.Release|x64.Build.0 = Release|x64
		{0CDBCFCA-4404-4F6E-976F-1165F1072604}.Release|x86.ActiveCfg = Release|x86
		{0CDBCFCA-4404-4F6E-976F-1165F1072604}.Release|x86.Build.0 = Release|x86
		{946A0061-58F9-467D-9907-3046CEFB4524}.Ad-Hoc|Any CPU.ActiveCfg = Release|Any CPU
		{946A0061-58F9-467D-9907-3046CEFB4524}.Ad-Hoc|Any CPU.Build.0 = Release|Any CPU
		{946A0061-58F9-467D-9907-3046CEFB4524}.Ad-Hoc|ARM.ActiveCfg = Release|Any CPU
		{946A0061-58F9-467D-9907-3046CEFB4524}.Ad-Hoc|ARM.Build.0 = Release|Any CPU
		{946A0061-58F9-467D-9907-3046CEFB4524}.Ad-Hoc|iPhone.ActiveCfg = Release|Any CPU
		{946A0061-58F9-467D-9907-3046CEFB4524}.Ad-Hoc|iPhone.Build.0 = Release|Any CPU
		{946A0061-58F9-467D-9907-3046CEFB4524}.Ad-Hoc|iPhoneSimulator.ActiveCfg = Release|Any CPU
		{946A0061-58F9-467D-9907-3046CEFB4524}.Ad-Hoc|iPhoneSimulator.Build.0 = Release|Any CPU
		{946A0061-58F9-467D-9907-3046CEFB4524}.Ad-Hoc|x64.ActiveCfg = Release|Any CPU
		{946A0061-58F9-467D-9907-3046CEFB4524}.Ad-Hoc|x64.Build.0 = Release|Any CPU
		{946A0061-58F9-467D-9907-3046CEFB4524}.Ad-Hoc|x86.ActiveCfg = Release|Any CPU
		{946A0061-58F9-467D-9907-3046CEFB4524}.Ad-Hoc|x86.Build.0 = Release|Any CPU
		{946A0061-58F9-467D-9907-3046CEFB4524}.AppStore|Any CPU.ActiveCfg = Release|Any CPU
		{946A0061-58F9-467D-9907-3046CEFB4524}.AppStore|Any CPU.Build.0 = Release|Any CPU
		{946A0061-58F9-467D-9907-3046CEFB4524}.AppStore|ARM.ActiveCfg = Release|Any CPU
		{946A0061-58F9-467D-9907-3046CEFB4524}.AppStore|ARM.Build.0 = Release|Any CPU
		{946A0061-58F9-467D-9907-3046CEFB4524}.AppStore|iPhone.ActiveCfg = Release|Any CPU
		{946A0061-58F9-467D-9907-3046CEFB4524}.AppStore|iPhone.Build.0 = Release|Any CPU
		{946A0061-58F9-467D-9907-3046CEFB4524}.AppStore|iPhoneSimulator.ActiveCfg = Release|Any CPU
		{946A0061-58F9-467D-9907-3046CEFB4524}.AppStore|iPhoneSimulator.Build.0 = Release|Any CPU
		{946A0061-58F9-467D-9907-3046CEFB4524}.AppStore|x64.ActiveCfg = Release|Any CPU
		{946A0061-58F9-467D-9907-3046CEFB4524}.AppStore|x64.Build.0 = Release|Any CPU
		{946A0061-58F9-467D-9907-3046CEFB4524}.AppStore|x86.ActiveCfg = Release|Any CPU
		{946A0061-58F9-467D-9907-3046CEFB4524}.AppStore|x86.Build.0 = Release|Any CPU
		{946A0061-58F9-467D-9907-3046CEFB4524}.Debug|Any CPU.ActiveCfg = Debug|Any CPU
		{946A0061-58F9-467D-9907-3046CEFB4524}.Debug|Any CPU.Build.0 = Debug|Any CPU
		{946A0061-58F9-467D-9907-3046CEFB4524}.Debug|ARM.ActiveCfg = Debug|Any CPU
		{946A0061-58F9-467D-9907-3046CEFB4524}.Debug|ARM.Build.0 = Debug|Any CPU
		{946A0061-58F9-467D-9907-3046CEFB4524}.Debug|iPhone.ActiveCfg = Debug|Any CPU
		{946A0061-58F9-467D-9907-3046CEFB4524}.Debug|iPhone.Build.0 = Debug|Any CPU
		{946A0061-58F9-467D-9907-3046CEFB4524}.Debug|iPhoneSimulator.ActiveCfg = Debug|Any CPU
		{946A0061-58F9-467D-9907-3046CEFB4524}.Debug|iPhoneSimulator.Build.0 = Debug|Any CPU
		{946A0061-58F9-467D-9907-3046CEFB4524}.Debug|x64.ActiveCfg = Debug|Any CPU
		{946A0061-58F9-467D-9907-3046CEFB4524}.Debug|x64.Build.0 = Debug|Any CPU
		{946A0061-58F9-467D-9907-3046CEFB4524}.Debug|x86.ActiveCfg = Debug|Any CPU
		{946A0061-58F9-467D-9907-3046CEFB4524}.Debug|x86.Build.0 = Debug|Any CPU
		{946A0061-58F9-467D-9907-3046CEFB4524}.Release|Any CPU.ActiveCfg = Release|Any CPU
		{946A0061-58F9-467D-9907-3046CEFB4524}.Release|Any CPU.Build.0 = Release|Any CPU
		{946A0061-58F9-467D-9907-3046CEFB4524}.Release|ARM.ActiveCfg = Release|Any CPU
		{946A0061-58F9-467D-9907-3046CEFB4524}.Release|ARM.Build.0 = Release|Any CPU
		{946A0061-58F9-467D-9907-3046CEFB4524}.Release|iPhone.ActiveCfg = Release|Any CPU
		{946A0061-58F9-467D-9907-3046CEFB4524}.Release|iPhone.Build.0 = Release|Any CPU
		{946A0061-58F9-467D-9907-3046CEFB4524}.Release|iPhoneSimulator.ActiveCfg = Release|Any CPU
		{946A0061-58F9-467D-9907-3046CEFB4524}.Release|iPhoneSimulator.Build.0 = Release|Any CPU
		{946A0061-58F9-467D-9907-3046CEFB4524}.Release|x64.ActiveCfg = Release|Any CPU
		{946A0061-58F9-467D-9907-3046CEFB4524}.Release|x64.Build.0 = Release|Any CPU
		{946A0061-58F9-467D-9907-3046CEFB4524}.Release|x86.ActiveCfg = Release|Any CPU
		{946A0061-58F9-467D-9907-3046CEFB4524}.Release|x86.Build.0 = Release|Any CPU
		{50A782C7-CF5D-456B-8D9C-2F124B594B45}.Ad-Hoc|Any CPU.ActiveCfg = Debug|Any CPU
		{50A782C7-CF5D-456B-8D9C-2F124B594B45}.Ad-Hoc|Any CPU.Build.0 = Debug|Any CPU
		{50A782C7-CF5D-456B-8D9C-2F124B594B45}.Ad-Hoc|ARM.ActiveCfg = Debug|Any CPU
		{50A782C7-CF5D-456B-8D9C-2F124B594B45}.Ad-Hoc|ARM.Build.0 = Debug|Any CPU
		{50A782C7-CF5D-456B-8D9C-2F124B594B45}.Ad-Hoc|iPhone.ActiveCfg = Debug|Any CPU
		{50A782C7-CF5D-456B-8D9C-2F124B594B45}.Ad-Hoc|iPhone.Build.0 = Debug|Any CPU
		{50A782C7-CF5D-456B-8D9C-2F124B594B45}.Ad-Hoc|iPhoneSimulator.ActiveCfg = Debug|Any CPU
		{50A782C7-CF5D-456B-8D9C-2F124B594B45}.Ad-Hoc|iPhoneSimulator.Build.0 = Debug|Any CPU
		{50A782C7-CF5D-456B-8D9C-2F124B594B45}.Ad-Hoc|x64.ActiveCfg = Debug|Any CPU
		{50A782C7-CF5D-456B-8D9C-2F124B594B45}.Ad-Hoc|x64.Build.0 = Debug|Any CPU
		{50A782C7-CF5D-456B-8D9C-2F124B594B45}.Ad-Hoc|x86.ActiveCfg = Debug|Any CPU
		{50A782C7-CF5D-456B-8D9C-2F124B594B45}.Ad-Hoc|x86.Build.0 = Debug|Any CPU
		{50A782C7-CF5D-456B-8D9C-2F124B594B45}.AppStore|Any CPU.ActiveCfg = Debug|Any CPU
		{50A782C7-CF5D-456B-8D9C-2F124B594B45}.AppStore|Any CPU.Build.0 = Debug|Any CPU
		{50A782C7-CF5D-456B-8D9C-2F124B594B45}.AppStore|ARM.ActiveCfg = Debug|Any CPU
		{50A782C7-CF5D-456B-8D9C-2F124B594B45}.AppStore|ARM.Build.0 = Debug|Any CPU
		{50A782C7-CF5D-456B-8D9C-2F124B594B45}.AppStore|iPhone.ActiveCfg = Debug|Any CPU
		{50A782C7-CF5D-456B-8D9C-2F124B594B45}.AppStore|iPhone.Build.0 = Debug|Any CPU
		{50A782C7-CF5D-456B-8D9C-2F124B594B45}.AppStore|iPhoneSimulator.ActiveCfg = Debug|Any CPU
		{50A782C7-CF5D-456B-8D9C-2F124B594B45}.AppStore|iPhoneSimulator.Build.0 = Debug|Any CPU
		{50A782C7-CF5D-456B-8D9C-2F124B594B45}.AppStore|x64.ActiveCfg = Debug|Any CPU
		{50A782C7-CF5D-456B-8D9C-2F124B594B45}.AppStore|x64.Build.0 = Debug|Any CPU
		{50A782C7-CF5D-456B-8D9C-2F124B594B45}.AppStore|x86.ActiveCfg = Debug|Any CPU
		{50A782C7-CF5D-456B-8D9C-2F124B594B45}.AppStore|x86.Build.0 = Debug|Any CPU
		{50A782C7-CF5D-456B-8D9C-2F124B594B45}.Debug|Any CPU.ActiveCfg = Debug|Any CPU
		{50A782C7-CF5D-456B-8D9C-2F124B594B45}.Debug|Any CPU.Build.0 = Debug|Any CPU
		{50A782C7-CF5D-456B-8D9C-2F124B594B45}.Debug|ARM.ActiveCfg = Debug|Any CPU
		{50A782C7-CF5D-456B-8D9C-2F124B594B45}.Debug|ARM.Build.0 = Debug|Any CPU
		{50A782C7-CF5D-456B-8D9C-2F124B594B45}.Debug|iPhone.ActiveCfg = Debug|Any CPU
		{50A782C7-CF5D-456B-8D9C-2F124B594B45}.Debug|iPhone.Build.0 = Debug|Any CPU
		{50A782C7-CF5D-456B-8D9C-2F124B594B45}.Debug|iPhoneSimulator.ActiveCfg = Debug|Any CPU
		{50A782C7-CF5D-456B-8D9C-2F124B594B45}.Debug|iPhoneSimulator.Build.0 = Debug|Any CPU
		{50A782C7-CF5D-456B-8D9C-2F124B594B45}.Debug|x64.ActiveCfg = Debug|Any CPU
		{50A782C7-CF5D-456B-8D9C-2F124B594B45}.Debug|x64.Build.0 = Debug|Any CPU
		{50A782C7-CF5D-456B-8D9C-2F124B594B45}.Debug|x86.ActiveCfg = Debug|Any CPU
		{50A782C7-CF5D-456B-8D9C-2F124B594B45}.Debug|x86.Build.0 = Debug|Any CPU
		{50A782C7-CF5D-456B-8D9C-2F124B594B45}.Release|Any CPU.ActiveCfg = Release|Any CPU
		{50A782C7-CF5D-456B-8D9C-2F124B594B45}.Release|Any CPU.Build.0 = Release|Any CPU
		{50A782C7-CF5D-456B-8D9C-2F124B594B45}.Release|ARM.ActiveCfg = Release|Any CPU
		{50A782C7-CF5D-456B-8D9C-2F124B594B45}.Release|ARM.Build.0 = Release|Any CPU
		{50A782C7-CF5D-456B-8D9C-2F124B594B45}.Release|iPhone.ActiveCfg = Release|Any CPU
		{50A782C7-CF5D-456B-8D9C-2F124B594B45}.Release|iPhone.Build.0 = Release|Any CPU
		{50A782C7-CF5D-456B-8D9C-2F124B594B45}.Release|iPhoneSimulator.ActiveCfg = Release|Any CPU
		{50A782C7-CF5D-456B-8D9C-2F124B594B45}.Release|iPhoneSimulator.Build.0 = Release|Any CPU
		{50A782C7-CF5D-456B-8D9C-2F124B594B45}.Release|x64.ActiveCfg = Release|Any CPU
		{50A782C7-CF5D-456B-8D9C-2F124B594B45}.Release|x64.Build.0 = Release|Any CPU
		{50A782C7-CF5D-456B-8D9C-2F124B594B45}.Release|x86.ActiveCfg = Release|Any CPU
		{50A782C7-CF5D-456B-8D9C-2F124B594B45}.Release|x86.Build.0 = Release|Any CPU
		{6DB2E62F-2A71-4CC8-AA09-9673A75757A1}.Ad-Hoc|Any CPU.ActiveCfg = Release|Any CPU
		{6DB2E62F-2A71-4CC8-AA09-9673A75757A1}.Ad-Hoc|Any CPU.Build.0 = Release|Any CPU
		{6DB2E62F-2A71-4CC8-AA09-9673A75757A1}.Ad-Hoc|ARM.ActiveCfg = Release|ARM
		{6DB2E62F-2A71-4CC8-AA09-9673A75757A1}.Ad-Hoc|ARM.Build.0 = Release|ARM
		{6DB2E62F-2A71-4CC8-AA09-9673A75757A1}.Ad-Hoc|iPhone.ActiveCfg = Release|Any CPU
		{6DB2E62F-2A71-4CC8-AA09-9673A75757A1}.Ad-Hoc|iPhone.Build.0 = Release|Any CPU
		{6DB2E62F-2A71-4CC8-AA09-9673A75757A1}.Ad-Hoc|iPhoneSimulator.ActiveCfg = Release|Any CPU
		{6DB2E62F-2A71-4CC8-AA09-9673A75757A1}.Ad-Hoc|iPhoneSimulator.Build.0 = Release|Any CPU
		{6DB2E62F-2A71-4CC8-AA09-9673A75757A1}.Ad-Hoc|x64.ActiveCfg = Release|x64
		{6DB2E62F-2A71-4CC8-AA09-9673A75757A1}.Ad-Hoc|x64.Build.0 = Release|x64
		{6DB2E62F-2A71-4CC8-AA09-9673A75757A1}.Ad-Hoc|x86.ActiveCfg = Release|x86
		{6DB2E62F-2A71-4CC8-AA09-9673A75757A1}.Ad-Hoc|x86.Build.0 = Release|x86
		{6DB2E62F-2A71-4CC8-AA09-9673A75757A1}.AppStore|Any CPU.ActiveCfg = Release|Any CPU
		{6DB2E62F-2A71-4CC8-AA09-9673A75757A1}.AppStore|Any CPU.Build.0 = Release|Any CPU
		{6DB2E62F-2A71-4CC8-AA09-9673A75757A1}.AppStore|ARM.ActiveCfg = Release|ARM
		{6DB2E62F-2A71-4CC8-AA09-9673A75757A1}.AppStore|ARM.Build.0 = Release|ARM
		{6DB2E62F-2A71-4CC8-AA09-9673A75757A1}.AppStore|iPhone.ActiveCfg = Release|Any CPU
		{6DB2E62F-2A71-4CC8-AA09-9673A75757A1}.AppStore|iPhone.Build.0 = Release|Any CPU
		{6DB2E62F-2A71-4CC8-AA09-9673A75757A1}.AppStore|iPhoneSimulator.ActiveCfg = Release|Any CPU
		{6DB2E62F-2A71-4CC8-AA09-9673A75757A1}.AppStore|iPhoneSimulator.Build.0 = Release|Any CPU
		{6DB2E62F-2A71-4CC8-AA09-9673A75757A1}.AppStore|x64.ActiveCfg = Release|x64
		{6DB2E62F-2A71-4CC8-AA09-9673A75757A1}.AppStore|x64.Build.0 = Release|x64
		{6DB2E62F-2A71-4CC8-AA09-9673A75757A1}.AppStore|x86.ActiveCfg = Release|x86
		{6DB2E62F-2A71-4CC8-AA09-9673A75757A1}.AppStore|x86.Build.0 = Release|x86
		{6DB2E62F-2A71-4CC8-AA09-9673A75757A1}.Debug|Any CPU.ActiveCfg = Debug|Any CPU
		{6DB2E62F-2A71-4CC8-AA09-9673A75757A1}.Debug|Any CPU.Build.0 = Debug|Any CPU
		{6DB2E62F-2A71-4CC8-AA09-9673A75757A1}.Debug|ARM.ActiveCfg = Debug|ARM
		{6DB2E62F-2A71-4CC8-AA09-9673A75757A1}.Debug|ARM.Build.0 = Debug|ARM
		{6DB2E62F-2A71-4CC8-AA09-9673A75757A1}.Debug|iPhone.ActiveCfg = Debug|Any CPU
		{6DB2E62F-2A71-4CC8-AA09-9673A75757A1}.Debug|iPhone.Build.0 = Debug|Any CPU
		{6DB2E62F-2A71-4CC8-AA09-9673A75757A1}.Debug|iPhoneSimulator.ActiveCfg = Debug|Any CPU
		{6DB2E62F-2A71-4CC8-AA09-9673A75757A1}.Debug|iPhoneSimulator.Build.0 = Debug|Any CPU
		{6DB2E62F-2A71-4CC8-AA09-9673A75757A1}.Debug|x64.ActiveCfg = Debug|x64
		{6DB2E62F-2A71-4CC8-AA09-9673A75757A1}.Debug|x64.Build.0 = Debug|x64
		{6DB2E62F-2A71-4CC8-AA09-9673A75757A1}.Debug|x86.ActiveCfg = Debug|x86
		{6DB2E62F-2A71-4CC8-AA09-9673A75757A1}.Debug|x86.Build.0 = Debug|x86
		{6DB2E62F-2A71-4CC8-AA09-9673A75757A1}.Release|Any CPU.ActiveCfg = Release|Any CPU
		{6DB2E62F-2A71-4CC8-AA09-9673A75757A1}.Release|Any CPU.Build.0 = Release|Any CPU
		{6DB2E62F-2A71-4CC8-AA09-9673A75757A1}.Release|ARM.ActiveCfg = Release|ARM
		{6DB2E62F-2A71-4CC8-AA09-9673A75757A1}.Release|ARM.Build.0 = Release|ARM
		{6DB2E62F-2A71-4CC8-AA09-9673A75757A1}.Release|iPhone.ActiveCfg = Release|Any CPU
		{6DB2E62F-2A71-4CC8-AA09-9673A75757A1}.Release|iPhone.Build.0 = Release|Any CPU
		{6DB2E62F-2A71-4CC8-AA09-9673A75757A1}.Release|iPhoneSimulator.ActiveCfg = Release|Any CPU
		{6DB2E62F-2A71-4CC8-AA09-9673A75757A1}.Release|iPhoneSimulator.Build.0 = Release|Any CPU
		{6DB2E62F-2A71-4CC8-AA09-9673A75757A1}.Release|x64.ActiveCfg = Release|x64
		{6DB2E62F-2A71-4CC8-AA09-9673A75757A1}.Release|x64.Build.0 = Release|x64
		{6DB2E62F-2A71-4CC8-AA09-9673A75757A1}.Release|x86.ActiveCfg = Release|x86
		{6DB2E62F-2A71-4CC8-AA09-9673A75757A1}.Release|x86.Build.0 = Release|x86
		{4F72E768-B0CA-4580-B7F3-B67073A4AF10}.Ad-Hoc|Any CPU.ActiveCfg = Debug|Any CPU
		{4F72E768-B0CA-4580-B7F3-B67073A4AF10}.Ad-Hoc|Any CPU.Build.0 = Debug|Any CPU
		{4F72E768-B0CA-4580-B7F3-B67073A4AF10}.Ad-Hoc|ARM.ActiveCfg = Debug|Any CPU
		{4F72E768-B0CA-4580-B7F3-B67073A4AF10}.Ad-Hoc|ARM.Build.0 = Debug|Any CPU
		{4F72E768-B0CA-4580-B7F3-B67073A4AF10}.Ad-Hoc|iPhone.ActiveCfg = Debug|Any CPU
		{4F72E768-B0CA-4580-B7F3-B67073A4AF10}.Ad-Hoc|iPhone.Build.0 = Debug|Any CPU
		{4F72E768-B0CA-4580-B7F3-B67073A4AF10}.Ad-Hoc|iPhoneSimulator.ActiveCfg = Debug|Any CPU
		{4F72E768-B0CA-4580-B7F3-B67073A4AF10}.Ad-Hoc|iPhoneSimulator.Build.0 = Debug|Any CPU
		{4F72E768-B0CA-4580-B7F3-B67073A4AF10}.Ad-Hoc|x64.ActiveCfg = Debug|Any CPU
		{4F72E768-B0CA-4580-B7F3-B67073A4AF10}.Ad-Hoc|x64.Build.0 = Debug|Any CPU
		{4F72E768-B0CA-4580-B7F3-B67073A4AF10}.Ad-Hoc|x86.ActiveCfg = Debug|Any CPU
		{4F72E768-B0CA-4580-B7F3-B67073A4AF10}.Ad-Hoc|x86.Build.0 = Debug|Any CPU
		{4F72E768-B0CA-4580-B7F3-B67073A4AF10}.AppStore|Any CPU.ActiveCfg = Debug|Any CPU
		{4F72E768-B0CA-4580-B7F3-B67073A4AF10}.AppStore|Any CPU.Build.0 = Debug|Any CPU
		{4F72E768-B0CA-4580-B7F3-B67073A4AF10}.AppStore|ARM.ActiveCfg = Debug|Any CPU
		{4F72E768-B0CA-4580-B7F3-B67073A4AF10}.AppStore|ARM.Build.0 = Debug|Any CPU
		{4F72E768-B0CA-4580-B7F3-B67073A4AF10}.AppStore|iPhone.ActiveCfg = Debug|Any CPU
		{4F72E768-B0CA-4580-B7F3-B67073A4AF10}.AppStore|iPhone.Build.0 = Debug|Any CPU
		{4F72E768-B0CA-4580-B7F3-B67073A4AF10}.AppStore|iPhoneSimulator.ActiveCfg = Debug|Any CPU
		{4F72E768-B0CA-4580-B7F3-B67073A4AF10}.AppStore|iPhoneSimulator.Build.0 = Debug|Any CPU
		{4F72E768-B0CA-4580-B7F3-B67073A4AF10}.AppStore|x64.ActiveCfg = Debug|Any CPU
		{4F72E768-B0CA-4580-B7F3-B67073A4AF10}.AppStore|x64.Build.0 = Debug|Any CPU
		{4F72E768-B0CA-4580-B7F3-B67073A4AF10}.AppStore|x86.ActiveCfg = Debug|Any CPU
		{4F72E768-B0CA-4580-B7F3-B67073A4AF10}.AppStore|x86.Build.0 = Debug|Any CPU
		{4F72E768-B0CA-4580-B7F3-B67073A4AF10}.Debug|Any CPU.ActiveCfg = Debug|Any CPU
		{4F72E768-B0CA-4580-B7F3-B67073A4AF10}.Debug|Any CPU.Build.0 = Debug|Any CPU
		{4F72E768-B0CA-4580-B7F3-B67073A4AF10}.Debug|ARM.ActiveCfg = Debug|Any CPU
		{4F72E768-B0CA-4580-B7F3-B67073A4AF10}.Debug|ARM.Build.0 = Debug|Any CPU
		{4F72E768-B0CA-4580-B7F3-B67073A4AF10}.Debug|iPhone.ActiveCfg = Debug|Any CPU
		{4F72E768-B0CA-4580-B7F3-B67073A4AF10}.Debug|iPhone.Build.0 = Debug|Any CPU
		{4F72E768-B0CA-4580-B7F3-B67073A4AF10}.Debug|iPhoneSimulator.ActiveCfg = Debug|Any CPU
		{4F72E768-B0CA-4580-B7F3-B67073A4AF10}.Debug|iPhoneSimulator.Build.0 = Debug|Any CPU
		{4F72E768-B0CA-4580-B7F3-B67073A4AF10}.Debug|x64.ActiveCfg = Debug|Any CPU
		{4F72E768-B0CA-4580-B7F3-B67073A4AF10}.Debug|x64.Build.0 = Debug|Any CPU
		{4F72E768-B0CA-4580-B7F3-B67073A4AF10}.Debug|x86.ActiveCfg = Debug|Any CPU
		{4F72E768-B0CA-4580-B7F3-B67073A4AF10}.Debug|x86.Build.0 = Debug|Any CPU
		{4F72E768-B0CA-4580-B7F3-B67073A4AF10}.Release|Any CPU.ActiveCfg = Release|Any CPU
		{4F72E768-B0CA-4580-B7F3-B67073A4AF10}.Release|Any CPU.Build.0 = Release|Any CPU
		{4F72E768-B0CA-4580-B7F3-B67073A4AF10}.Release|ARM.ActiveCfg = Release|Any CPU
		{4F72E768-B0CA-4580-B7F3-B67073A4AF10}.Release|ARM.Build.0 = Release|Any CPU
		{4F72E768-B0CA-4580-B7F3-B67073A4AF10}.Release|iPhone.ActiveCfg = Release|Any CPU
		{4F72E768-B0CA-4580-B7F3-B67073A4AF10}.Release|iPhone.Build.0 = Release|Any CPU
		{4F72E768-B0CA-4580-B7F3-B67073A4AF10}.Release|iPhoneSimulator.ActiveCfg = Release|Any CPU
		{4F72E768-B0CA-4580-B7F3-B67073A4AF10}.Release|iPhoneSimulator.Build.0 = Release|Any CPU
		{4F72E768-B0CA-4580-B7F3-B67073A4AF10}.Release|x64.ActiveCfg = Release|Any CPU
		{4F72E768-B0CA-4580-B7F3-B67073A4AF10}.Release|x64.Build.0 = Release|Any CPU
		{4F72E768-B0CA-4580-B7F3-B67073A4AF10}.Release|x86.ActiveCfg = Release|Any CPU
		{4F72E768-B0CA-4580-B7F3-B67073A4AF10}.Release|x86.Build.0 = Release|Any CPU
		{8BEA10CB-FF91-4D13-868D-2210EC2F8294}.Ad-Hoc|Any CPU.ActiveCfg = Release|Any CPU
		{8BEA10CB-FF91-4D13-868D-2210EC2F8294}.Ad-Hoc|Any CPU.Build.0 = Release|Any CPU
		{8BEA10CB-FF91-4D13-868D-2210EC2F8294}.Ad-Hoc|ARM.ActiveCfg = Release|Any CPU
		{8BEA10CB-FF91-4D13-868D-2210EC2F8294}.Ad-Hoc|ARM.Build.0 = Release|Any CPU
		{8BEA10CB-FF91-4D13-868D-2210EC2F8294}.Ad-Hoc|iPhone.ActiveCfg = Release|Any CPU
		{8BEA10CB-FF91-4D13-868D-2210EC2F8294}.Ad-Hoc|iPhone.Build.0 = Release|Any CPU
		{8BEA10CB-FF91-4D13-868D-2210EC2F8294}.Ad-Hoc|iPhoneSimulator.ActiveCfg = Release|Any CPU
		{8BEA10CB-FF91-4D13-868D-2210EC2F8294}.Ad-Hoc|iPhoneSimulator.Build.0 = Release|Any CPU
		{8BEA10CB-FF91-4D13-868D-2210EC2F8294}.Ad-Hoc|x64.ActiveCfg = Release|Any CPU
		{8BEA10CB-FF91-4D13-868D-2210EC2F8294}.Ad-Hoc|x64.Build.0 = Release|Any CPU
		{8BEA10CB-FF91-4D13-868D-2210EC2F8294}.Ad-Hoc|x86.ActiveCfg = Release|Any CPU
		{8BEA10CB-FF91-4D13-868D-2210EC2F8294}.Ad-Hoc|x86.Build.0 = Release|Any CPU
		{8BEA10CB-FF91-4D13-868D-2210EC2F8294}.AppStore|Any CPU.ActiveCfg = Release|Any CPU
		{8BEA10CB-FF91-4D13-868D-2210EC2F8294}.AppStore|Any CPU.Build.0 = Release|Any CPU
		{8BEA10CB-FF91-4D13-868D-2210EC2F8294}.AppStore|ARM.ActiveCfg = Release|Any CPU
		{8BEA10CB-FF91-4D13-868D-2210EC2F8294}.AppStore|ARM.Build.0 = Release|Any CPU
		{8BEA10CB-FF91-4D13-868D-2210EC2F8294}.AppStore|iPhone.ActiveCfg = Release|Any CPU
		{8BEA10CB-FF91-4D13-868D-2210EC2F8294}.AppStore|iPhone.Build.0 = Release|Any CPU
		{8BEA10CB-FF91-4D13-868D-2210EC2F8294}.AppStore|iPhoneSimulator.ActiveCfg = Release|Any CPU
		{8BEA10CB-FF91-4D13-868D-2210EC2F8294}.AppStore|iPhoneSimulator.Build.0 = Release|Any CPU
		{8BEA10CB-FF91-4D13-868D-2210EC2F8294}.AppStore|x64.ActiveCfg = Release|Any CPU
		{8BEA10CB-FF91-4D13-868D-2210EC2F8294}.AppStore|x64.Build.0 = Release|Any CPU
		{8BEA10CB-FF91-4D13-868D-2210EC2F8294}.AppStore|x86.ActiveCfg = Release|Any CPU
		{8BEA10CB-FF91-4D13-868D-2210EC2F8294}.AppStore|x86.Build.0 = Release|Any CPU
		{8BEA10CB-FF91-4D13-868D-2210EC2F8294}.Debug|Any CPU.ActiveCfg = Debug|Any CPU
		{8BEA10CB-FF91-4D13-868D-2210EC2F8294}.Debug|Any CPU.Build.0 = Debug|Any CPU
		{8BEA10CB-FF91-4D13-868D-2210EC2F8294}.Debug|ARM.ActiveCfg = Debug|Any CPU
		{8BEA10CB-FF91-4D13-868D-2210EC2F8294}.Debug|ARM.Build.0 = Debug|Any CPU
		{8BEA10CB-FF91-4D13-868D-2210EC2F8294}.Debug|iPhone.ActiveCfg = Debug|Any CPU
		{8BEA10CB-FF91-4D13-868D-2210EC2F8294}.Debug|iPhone.Build.0 = Debug|Any CPU
		{8BEA10CB-FF91-4D13-868D-2210EC2F8294}.Debug|iPhoneSimulator.ActiveCfg = Debug|Any CPU
		{8BEA10CB-FF91-4D13-868D-2210EC2F8294}.Debug|iPhoneSimulator.Build.0 = Debug|Any CPU
		{8BEA10CB-FF91-4D13-868D-2210EC2F8294}.Debug|x64.ActiveCfg = Debug|Any CPU
		{8BEA10CB-FF91-4D13-868D-2210EC2F8294}.Debug|x64.Build.0 = Debug|Any CPU
		{8BEA10CB-FF91-4D13-868D-2210EC2F8294}.Debug|x86.ActiveCfg = Debug|Any CPU
		{8BEA10CB-FF91-4D13-868D-2210EC2F8294}.Debug|x86.Build.0 = Debug|Any CPU
		{8BEA10CB-FF91-4D13-868D-2210EC2F8294}.Release|Any CPU.ActiveCfg = Release|Any CPU
		{8BEA10CB-FF91-4D13-868D-2210EC2F8294}.Release|Any CPU.Build.0 = Release|Any CPU
		{8BEA10CB-FF91-4D13-868D-2210EC2F8294}.Release|ARM.ActiveCfg = Release|Any CPU
		{8BEA10CB-FF91-4D13-868D-2210EC2F8294}.Release|ARM.Build.0 = Release|Any CPU
		{8BEA10CB-FF91-4D13-868D-2210EC2F8294}.Release|iPhone.ActiveCfg = Release|Any CPU
		{8BEA10CB-FF91-4D13-868D-2210EC2F8294}.Release|iPhone.Build.0 = Release|Any CPU
		{8BEA10CB-FF91-4D13-868D-2210EC2F8294}.Release|iPhoneSimulator.ActiveCfg = Release|Any CPU
		{8BEA10CB-FF91-4D13-868D-2210EC2F8294}.Release|iPhoneSimulator.Build.0 = Release|Any CPU
		{8BEA10CB-FF91-4D13-868D-2210EC2F8294}.Release|x64.ActiveCfg = Release|Any CPU
		{8BEA10CB-FF91-4D13-868D-2210EC2F8294}.Release|x64.Build.0 = Release|Any CPU
		{8BEA10CB-FF91-4D13-868D-2210EC2F8294}.Release|x86.ActiveCfg = Release|Any CPU
		{8BEA10CB-FF91-4D13-868D-2210EC2F8294}.Release|x86.Build.0 = Release|Any CPU
		{C3F21F82-B9E5-40C7-8B52-AE81E02ED8B7}.Ad-Hoc|Any CPU.ActiveCfg = Debug|Any CPU
		{C3F21F82-B9E5-40C7-8B52-AE81E02ED8B7}.Ad-Hoc|Any CPU.Build.0 = Debug|Any CPU
		{C3F21F82-B9E5-40C7-8B52-AE81E02ED8B7}.Ad-Hoc|ARM.ActiveCfg = Debug|Any CPU
		{C3F21F82-B9E5-40C7-8B52-AE81E02ED8B7}.Ad-Hoc|ARM.Build.0 = Debug|Any CPU
		{C3F21F82-B9E5-40C7-8B52-AE81E02ED8B7}.Ad-Hoc|iPhone.ActiveCfg = Debug|Any CPU
		{C3F21F82-B9E5-40C7-8B52-AE81E02ED8B7}.Ad-Hoc|iPhone.Build.0 = Debug|Any CPU
		{C3F21F82-B9E5-40C7-8B52-AE81E02ED8B7}.Ad-Hoc|iPhoneSimulator.ActiveCfg = Debug|Any CPU
		{C3F21F82-B9E5-40C7-8B52-AE81E02ED8B7}.Ad-Hoc|iPhoneSimulator.Build.0 = Debug|Any CPU
		{C3F21F82-B9E5-40C7-8B52-AE81E02ED8B7}.Ad-Hoc|x64.ActiveCfg = Debug|Any CPU
		{C3F21F82-B9E5-40C7-8B52-AE81E02ED8B7}.Ad-Hoc|x64.Build.0 = Debug|Any CPU
		{C3F21F82-B9E5-40C7-8B52-AE81E02ED8B7}.Ad-Hoc|x86.ActiveCfg = Debug|Any CPU
		{C3F21F82-B9E5-40C7-8B52-AE81E02ED8B7}.Ad-Hoc|x86.Build.0 = Debug|Any CPU
		{C3F21F82-B9E5-40C7-8B52-AE81E02ED8B7}.AppStore|Any CPU.ActiveCfg = Debug|Any CPU
		{C3F21F82-B9E5-40C7-8B52-AE81E02ED8B7}.AppStore|Any CPU.Build.0 = Debug|Any CPU
		{C3F21F82-B9E5-40C7-8B52-AE81E02ED8B7}.AppStore|ARM.ActiveCfg = Debug|Any CPU
		{C3F21F82-B9E5-40C7-8B52-AE81E02ED8B7}.AppStore|ARM.Build.0 = Debug|Any CPU
		{C3F21F82-B9E5-40C7-8B52-AE81E02ED8B7}.AppStore|iPhone.ActiveCfg = Debug|Any CPU
		{C3F21F82-B9E5-40C7-8B52-AE81E02ED8B7}.AppStore|iPhone.Build.0 = Debug|Any CPU
		{C3F21F82-B9E5-40C7-8B52-AE81E02ED8B7}.AppStore|iPhoneSimulator.ActiveCfg = Debug|Any CPU
		{C3F21F82-B9E5-40C7-8B52-AE81E02ED8B7}.AppStore|iPhoneSimulator.Build.0 = Debug|Any CPU
		{C3F21F82-B9E5-40C7-8B52-AE81E02ED8B7}.AppStore|x64.ActiveCfg = Debug|Any CPU
		{C3F21F82-B9E5-40C7-8B52-AE81E02ED8B7}.AppStore|x64.Build.0 = Debug|Any CPU
		{C3F21F82-B9E5-40C7-8B52-AE81E02ED8B7}.AppStore|x86.ActiveCfg = Debug|Any CPU
		{C3F21F82-B9E5-40C7-8B52-AE81E02ED8B7}.AppStore|x86.Build.0 = Debug|Any CPU
		{C3F21F82-B9E5-40C7-8B52-AE81E02ED8B7}.Debug|Any CPU.ActiveCfg = Debug|Any CPU
		{C3F21F82-B9E5-40C7-8B52-AE81E02ED8B7}.Debug|Any CPU.Build.0 = Debug|Any CPU
		{C3F21F82-B9E5-40C7-8B52-AE81E02ED8B7}.Debug|ARM.ActiveCfg = Debug|Any CPU
		{C3F21F82-B9E5-40C7-8B52-AE81E02ED8B7}.Debug|ARM.Build.0 = Debug|Any CPU
		{C3F21F82-B9E5-40C7-8B52-AE81E02ED8B7}.Debug|iPhone.ActiveCfg = Debug|Any CPU
		{C3F21F82-B9E5-40C7-8B52-AE81E02ED8B7}.Debug|iPhone.Build.0 = Debug|Any CPU
		{C3F21F82-B9E5-40C7-8B52-AE81E02ED8B7}.Debug|iPhoneSimulator.ActiveCfg = Debug|Any CPU
		{C3F21F82-B9E5-40C7-8B52-AE81E02ED8B7}.Debug|iPhoneSimulator.Build.0 = Debug|Any CPU
		{C3F21F82-B9E5-40C7-8B52-AE81E02ED8B7}.Debug|x64.ActiveCfg = Debug|Any CPU
		{C3F21F82-B9E5-40C7-8B52-AE81E02ED8B7}.Debug|x64.Build.0 = Debug|Any CPU
		{C3F21F82-B9E5-40C7-8B52-AE81E02ED8B7}.Debug|x86.ActiveCfg = Debug|Any CPU
		{C3F21F82-B9E5-40C7-8B52-AE81E02ED8B7}.Debug|x86.Build.0 = Debug|Any CPU
		{C3F21F82-B9E5-40C7-8B52-AE81E02ED8B7}.Release|Any CPU.ActiveCfg = Release|Any CPU
		{C3F21F82-B9E5-40C7-8B52-AE81E02ED8B7}.Release|Any CPU.Build.0 = Release|Any CPU
		{C3F21F82-B9E5-40C7-8B52-AE81E02ED8B7}.Release|ARM.ActiveCfg = Release|Any CPU
		{C3F21F82-B9E5-40C7-8B52-AE81E02ED8B7}.Release|ARM.Build.0 = Release|Any CPU
		{C3F21F82-B9E5-40C7-8B52-AE81E02ED8B7}.Release|iPhone.ActiveCfg = Release|Any CPU
		{C3F21F82-B9E5-40C7-8B52-AE81E02ED8B7}.Release|iPhone.Build.0 = Release|Any CPU
		{C3F21F82-B9E5-40C7-8B52-AE81E02ED8B7}.Release|iPhoneSimulator.ActiveCfg = Release|Any CPU
		{C3F21F82-B9E5-40C7-8B52-AE81E02ED8B7}.Release|iPhoneSimulator.Build.0 = Release|Any CPU
		{C3F21F82-B9E5-40C7-8B52-AE81E02ED8B7}.Release|x64.ActiveCfg = Release|Any CPU
		{C3F21F82-B9E5-40C7-8B52-AE81E02ED8B7}.Release|x64.Build.0 = Release|Any CPU
		{C3F21F82-B9E5-40C7-8B52-AE81E02ED8B7}.Release|x86.ActiveCfg = Release|Any CPU
		{C3F21F82-B9E5-40C7-8B52-AE81E02ED8B7}.Release|x86.Build.0 = Release|Any CPU
		{8F5AE379-EFFF-4898-B882-9173CD483EF4}.Ad-Hoc|Any CPU.ActiveCfg = Debug|Any CPU
		{8F5AE379-EFFF-4898-B882-9173CD483EF4}.Ad-Hoc|Any CPU.Build.0 = Debug|Any CPU
		{8F5AE379-EFFF-4898-B882-9173CD483EF4}.Ad-Hoc|ARM.ActiveCfg = Debug|Any CPU
		{8F5AE379-EFFF-4898-B882-9173CD483EF4}.Ad-Hoc|ARM.Build.0 = Debug|Any CPU
		{8F5AE379-EFFF-4898-B882-9173CD483EF4}.Ad-Hoc|iPhone.ActiveCfg = Debug|Any CPU
		{8F5AE379-EFFF-4898-B882-9173CD483EF4}.Ad-Hoc|iPhone.Build.0 = Debug|Any CPU
		{8F5AE379-EFFF-4898-B882-9173CD483EF4}.Ad-Hoc|iPhoneSimulator.ActiveCfg = Debug|Any CPU
		{8F5AE379-EFFF-4898-B882-9173CD483EF4}.Ad-Hoc|iPhoneSimulator.Build.0 = Debug|Any CPU
		{8F5AE379-EFFF-4898-B882-9173CD483EF4}.Ad-Hoc|x64.ActiveCfg = Debug|Any CPU
		{8F5AE379-EFFF-4898-B882-9173CD483EF4}.Ad-Hoc|x64.Build.0 = Debug|Any CPU
		{8F5AE379-EFFF-4898-B882-9173CD483EF4}.Ad-Hoc|x86.ActiveCfg = Debug|Any CPU
		{8F5AE379-EFFF-4898-B882-9173CD483EF4}.Ad-Hoc|x86.Build.0 = Debug|Any CPU
		{8F5AE379-EFFF-4898-B882-9173CD483EF4}.AppStore|Any CPU.ActiveCfg = Debug|Any CPU
		{8F5AE379-EFFF-4898-B882-9173CD483EF4}.AppStore|Any CPU.Build.0 = Debug|Any CPU
		{8F5AE379-EFFF-4898-B882-9173CD483EF4}.AppStore|ARM.ActiveCfg = Debug|Any CPU
		{8F5AE379-EFFF-4898-B882-9173CD483EF4}.AppStore|ARM.Build.0 = Debug|Any CPU
		{8F5AE379-EFFF-4898-B882-9173CD483EF4}.AppStore|iPhone.ActiveCfg = Debug|Any CPU
		{8F5AE379-EFFF-4898-B882-9173CD483EF4}.AppStore|iPhone.Build.0 = Debug|Any CPU
		{8F5AE379-EFFF-4898-B882-9173CD483EF4}.AppStore|iPhoneSimulator.ActiveCfg = Debug|Any CPU
		{8F5AE379-EFFF-4898-B882-9173CD483EF4}.AppStore|iPhoneSimulator.Build.0 = Debug|Any CPU
		{8F5AE379-EFFF-4898-B882-9173CD483EF4}.AppStore|x64.ActiveCfg = Debug|Any CPU
		{8F5AE379-EFFF-4898-B882-9173CD483EF4}.AppStore|x64.Build.0 = Debug|Any CPU
		{8F5AE379-EFFF-4898-B882-9173CD483EF4}.AppStore|x86.ActiveCfg = Debug|Any CPU
		{8F5AE379-EFFF-4898-B882-9173CD483EF4}.AppStore|x86.Build.0 = Debug|Any CPU
		{8F5AE379-EFFF-4898-B882-9173CD483EF4}.Debug|Any CPU.ActiveCfg = Debug|Any CPU
		{8F5AE379-EFFF-4898-B882-9173CD483EF4}.Debug|Any CPU.Build.0 = Debug|Any CPU
		{8F5AE379-EFFF-4898-B882-9173CD483EF4}.Debug|ARM.ActiveCfg = Debug|Any CPU
		{8F5AE379-EFFF-4898-B882-9173CD483EF4}.Debug|ARM.Build.0 = Debug|Any CPU
		{8F5AE379-EFFF-4898-B882-9173CD483EF4}.Debug|iPhone.ActiveCfg = Debug|Any CPU
		{8F5AE379-EFFF-4898-B882-9173CD483EF4}.Debug|iPhone.Build.0 = Debug|Any CPU
		{8F5AE379-EFFF-4898-B882-9173CD483EF4}.Debug|iPhoneSimulator.ActiveCfg = Debug|Any CPU
		{8F5AE379-EFFF-4898-B882-9173CD483EF4}.Debug|iPhoneSimulator.Build.0 = Debug|Any CPU
		{8F5AE379-EFFF-4898-B882-9173CD483EF4}.Debug|x64.ActiveCfg = Debug|Any CPU
		{8F5AE379-EFFF-4898-B882-9173CD483EF4}.Debug|x64.Build.0 = Debug|Any CPU
		{8F5AE379-EFFF-4898-B882-9173CD483EF4}.Debug|x86.ActiveCfg = Debug|Any CPU
		{8F5AE379-EFFF-4898-B882-9173CD483EF4}.Debug|x86.Build.0 = Debug|Any CPU
		{8F5AE379-EFFF-4898-B882-9173CD483EF4}.Release|Any CPU.ActiveCfg = Release|Any CPU
		{8F5AE379-EFFF-4898-B882-9173CD483EF4}.Release|Any CPU.Build.0 = Release|Any CPU
		{8F5AE379-EFFF-4898-B882-9173CD483EF4}.Release|ARM.ActiveCfg = Release|Any CPU
		{8F5AE379-EFFF-4898-B882-9173CD483EF4}.Release|ARM.Build.0 = Release|Any CPU
		{8F5AE379-EFFF-4898-B882-9173CD483EF4}.Release|iPhone.ActiveCfg = Release|Any CPU
		{8F5AE379-EFFF-4898-B882-9173CD483EF4}.Release|iPhone.Build.0 = Release|Any CPU
		{8F5AE379-EFFF-4898-B882-9173CD483EF4}.Release|iPhoneSimulator.ActiveCfg = Release|Any CPU
		{8F5AE379-EFFF-4898-B882-9173CD483EF4}.Release|iPhoneSimulator.Build.0 = Release|Any CPU
		{8F5AE379-EFFF-4898-B882-9173CD483EF4}.Release|x64.ActiveCfg = Release|Any CPU
		{8F5AE379-EFFF-4898-B882-9173CD483EF4}.Release|x64.Build.0 = Release|Any CPU
		{8F5AE379-EFFF-4898-B882-9173CD483EF4}.Release|x86.ActiveCfg = Release|Any CPU
		{8F5AE379-EFFF-4898-B882-9173CD483EF4}.Release|x86.Build.0 = Release|Any CPU
		{47F77FBB-88B2-430B-9150-4F358A2AC755}.Ad-Hoc|Any CPU.ActiveCfg = Debug|Any CPU
		{47F77FBB-88B2-430B-9150-4F358A2AC755}.Ad-Hoc|Any CPU.Build.0 = Debug|Any CPU
		{47F77FBB-88B2-430B-9150-4F358A2AC755}.Ad-Hoc|ARM.ActiveCfg = Debug|Any CPU
		{47F77FBB-88B2-430B-9150-4F358A2AC755}.Ad-Hoc|ARM.Build.0 = Debug|Any CPU
		{47F77FBB-88B2-430B-9150-4F358A2AC755}.Ad-Hoc|iPhone.ActiveCfg = Debug|Any CPU
		{47F77FBB-88B2-430B-9150-4F358A2AC755}.Ad-Hoc|iPhone.Build.0 = Debug|Any CPU
		{47F77FBB-88B2-430B-9150-4F358A2AC755}.Ad-Hoc|iPhoneSimulator.ActiveCfg = Debug|Any CPU
		{47F77FBB-88B2-430B-9150-4F358A2AC755}.Ad-Hoc|iPhoneSimulator.Build.0 = Debug|Any CPU
		{47F77FBB-88B2-430B-9150-4F358A2AC755}.Ad-Hoc|x64.ActiveCfg = Debug|Any CPU
		{47F77FBB-88B2-430B-9150-4F358A2AC755}.Ad-Hoc|x64.Build.0 = Debug|Any CPU
		{47F77FBB-88B2-430B-9150-4F358A2AC755}.Ad-Hoc|x86.ActiveCfg = Debug|Any CPU
		{47F77FBB-88B2-430B-9150-4F358A2AC755}.Ad-Hoc|x86.Build.0 = Debug|Any CPU
		{47F77FBB-88B2-430B-9150-4F358A2AC755}.AppStore|Any CPU.ActiveCfg = Debug|Any CPU
		{47F77FBB-88B2-430B-9150-4F358A2AC755}.AppStore|Any CPU.Build.0 = Debug|Any CPU
		{47F77FBB-88B2-430B-9150-4F358A2AC755}.AppStore|ARM.ActiveCfg = Debug|Any CPU
		{47F77FBB-88B2-430B-9150-4F358A2AC755}.AppStore|ARM.Build.0 = Debug|Any CPU
		{47F77FBB-88B2-430B-9150-4F358A2AC755}.AppStore|iPhone.ActiveCfg = Debug|Any CPU
		{47F77FBB-88B2-430B-9150-4F358A2AC755}.AppStore|iPhone.Build.0 = Debug|Any CPU
		{47F77FBB-88B2-430B-9150-4F358A2AC755}.AppStore|iPhoneSimulator.ActiveCfg = Debug|Any CPU
		{47F77FBB-88B2-430B-9150-4F358A2AC755}.AppStore|iPhoneSimulator.Build.0 = Debug|Any CPU
		{47F77FBB-88B2-430B-9150-4F358A2AC755}.AppStore|x64.ActiveCfg = Debug|Any CPU
		{47F77FBB-88B2-430B-9150-4F358A2AC755}.AppStore|x64.Build.0 = Debug|Any CPU
		{47F77FBB-88B2-430B-9150-4F358A2AC755}.AppStore|x86.ActiveCfg = Debug|Any CPU
		{47F77FBB-88B2-430B-9150-4F358A2AC755}.AppStore|x86.Build.0 = Debug|Any CPU
		{47F77FBB-88B2-430B-9150-4F358A2AC755}.Debug|Any CPU.ActiveCfg = Debug|Any CPU
		{47F77FBB-88B2-430B-9150-4F358A2AC755}.Debug|Any CPU.Build.0 = Debug|Any CPU
		{47F77FBB-88B2-430B-9150-4F358A2AC755}.Debug|ARM.ActiveCfg = Debug|Any CPU
		{47F77FBB-88B2-430B-9150-4F358A2AC755}.Debug|ARM.Build.0 = Debug|Any CPU
		{47F77FBB-88B2-430B-9150-4F358A2AC755}.Debug|iPhone.ActiveCfg = Debug|Any CPU
		{47F77FBB-88B2-430B-9150-4F358A2AC755}.Debug|iPhone.Build.0 = Debug|Any CPU
		{47F77FBB-88B2-430B-9150-4F358A2AC755}.Debug|iPhoneSimulator.ActiveCfg = Debug|Any CPU
		{47F77FBB-88B2-430B-9150-4F358A2AC755}.Debug|iPhoneSimulator.Build.0 = Debug|Any CPU
		{47F77FBB-88B2-430B-9150-4F358A2AC755}.Debug|x64.ActiveCfg = Debug|Any CPU
		{47F77FBB-88B2-430B-9150-4F358A2AC755}.Debug|x64.Build.0 = Debug|Any CPU
		{47F77FBB-88B2-430B-9150-4F358A2AC755}.Debug|x86.ActiveCfg = Debug|Any CPU
		{47F77FBB-88B2-430B-9150-4F358A2AC755}.Debug|x86.Build.0 = Debug|Any CPU
		{47F77FBB-88B2-430B-9150-4F358A2AC755}.Release|Any CPU.ActiveCfg = Release|Any CPU
		{47F77FBB-88B2-430B-9150-4F358A2AC755}.Release|Any CPU.Build.0 = Release|Any CPU
		{47F77FBB-88B2-430B-9150-4F358A2AC755}.Release|ARM.ActiveCfg = Release|Any CPU
		{47F77FBB-88B2-430B-9150-4F358A2AC755}.Release|ARM.Build.0 = Release|Any CPU
		{47F77FBB-88B2-430B-9150-4F358A2AC755}.Release|iPhone.ActiveCfg = Release|Any CPU
		{47F77FBB-88B2-430B-9150-4F358A2AC755}.Release|iPhone.Build.0 = Release|Any CPU
		{47F77FBB-88B2-430B-9150-4F358A2AC755}.Release|iPhoneSimulator.ActiveCfg = Release|Any CPU
		{47F77FBB-88B2-430B-9150-4F358A2AC755}.Release|iPhoneSimulator.Build.0 = Release|Any CPU
		{47F77FBB-88B2-430B-9150-4F358A2AC755}.Release|x64.ActiveCfg = Release|Any CPU
		{47F77FBB-88B2-430B-9150-4F358A2AC755}.Release|x64.Build.0 = Release|Any CPU
		{47F77FBB-88B2-430B-9150-4F358A2AC755}.Release|x86.ActiveCfg = Release|Any CPU
		{47F77FBB-88B2-430B-9150-4F358A2AC755}.Release|x86.Build.0 = Release|Any CPU
	EndGlobalSection
	GlobalSection(SolutionProperties) = preSolution
		HideSolutionNode = FALSE
	EndGlobalSection
	GlobalSection(ExtensibilityGlobals) = postSolution
		SolutionGuid = {474B538D-66A4-4813-AA9D-AD534C8A270F}
	EndGlobalSection
EndGlobal
